// !$*UTF8*$!
{
	archiveVersion = 1;
	classes = {
	};
	objectVersion = 46;
	objects = {

/* Begin PBXBuildFile section */
		632957461DBA99F000E11A10 /* AppDelegate.swift in Sources */ = {isa = PBXBuildFile; fileRef = 632957451DBA99F000E11A10 /* AppDelegate.swift */; };
		6329574A1DBA99F000E11A10 /* Assets.xcassets in Resources */ = {isa = PBXBuildFile; fileRef = 632957491DBA99F000E11A10 /* Assets.xcassets */; };
		6329574D1DBA99F000E11A10 /* Main.storyboard in Resources */ = {isa = PBXBuildFile; fileRef = 6329574B1DBA99F000E11A10 /* Main.storyboard */; };
		632957631DBA99F000E11A10 /* TogglGoalsUITests.swift in Sources */ = {isa = PBXBuildFile; fileRef = 632957621DBA99F000E11A10 /* TogglGoalsUITests.swift */; };
		632957711DBA9C8800E11A10 /* ProjectsMasterDetailController.swift in Sources */ = {isa = PBXBuildFile; fileRef = 632957701DBA9C8800E11A10 /* ProjectsMasterDetailController.swift */; };
		632957731DBA9D8500E11A10 /* ProjectsListViewController.swift in Sources */ = {isa = PBXBuildFile; fileRef = 632957721DBA9D8500E11A10 /* ProjectsListViewController.swift */; };
		632957741DBA9D8500E11A10 /* ProjectsListViewController.swift in Sources */ = {isa = PBXBuildFile; fileRef = 632957721DBA9D8500E11A10 /* ProjectsListViewController.swift */; };
		632957771DBA9D9600E11A10 /* ProjectDetailsViewController.swift in Sources */ = {isa = PBXBuildFile; fileRef = 632957751DBA9D9600E11A10 /* ProjectDetailsViewController.swift */; };
		632957781DBA9D9600E11A10 /* ProjectDetailsViewController.swift in Sources */ = {isa = PBXBuildFile; fileRef = 632957751DBA9D9600E11A10 /* ProjectDetailsViewController.swift */; };
		632EEBED1E42789100608D01 /* SQLite.framework in Frameworks */ = {isa = PBXBuildFile; fileRef = 632EEBE81E42786100608D01 /* SQLite.framework */; };
		632EEBEE1E42789100608D01 /* SQLite.framework in Embed Frameworks */ = {isa = PBXBuildFile; fileRef = 632EEBE81E42786100608D01 /* SQLite.framework */; settings = {ATTRIBUTES = (CodeSignOnCopy, RemoveHeadersOnCopy, ); }; };
		632EEBF21E4278F300608D01 /* SQLite.framework.dSYM in CopyFiles */ = {isa = PBXBuildFile; fileRef = 632EEBF11E4278F300608D01 /* SQLite.framework.dSYM */; };
		632EEBF41E427A3700608D01 /* GoalsStore.swift in Sources */ = {isa = PBXBuildFile; fileRef = 632EEBF31E427A3700608D01 /* GoalsStore.swift */; };
		632EEBF51E427AE100608D01 /* GoalsStore.swift in Sources */ = {isa = PBXBuildFile; fileRef = 632EEBF31E427A3700608D01 /* GoalsStore.swift */; };
		6332F51B1EADF29900CDE608 /* ProjectsByGoalsTests.swift in Sources */ = {isa = PBXBuildFile; fileRef = 6332F51A1EADF29900CDE608 /* ProjectsByGoalsTests.swift */; };
		633392171E5F5CFB00427F50 /* StrategyComputer.swift in Sources */ = {isa = PBXBuildFile; fileRef = 633392161E5F5CFB00427F50 /* StrategyComputer.swift */; };
		633392181E5F5CFB00427F50 /* StrategyComputer.swift in Sources */ = {isa = PBXBuildFile; fileRef = 633392161E5F5CFB00427F50 /* StrategyComputer.swift */; };
		633CEADB1E6C2A8500831611 /* StrategyComputerTests.swift in Sources */ = {isa = PBXBuildFile; fileRef = 633CEADA1E6C2A8500831611 /* StrategyComputerTests.swift */; };
		633CEADC1E6C2DB800831611 /* SQLite.framework in Frameworks */ = {isa = PBXBuildFile; fileRef = 632EEBE81E42786100608D01 /* SQLite.framework */; };
		6351B82E1DC0DCA500E0AB1E /* ModelCoordinator.swift in Sources */ = {isa = PBXBuildFile; fileRef = 6351B82D1DC0DCA500E0AB1E /* ModelCoordinator.swift */; };
		6351B82F1DC0DCA500E0AB1E /* ModelCoordinator.swift in Sources */ = {isa = PBXBuildFile; fileRef = 6351B82D1DC0DCA500E0AB1E /* ModelCoordinator.swift */; };
		63593AE61E511AD0000473CC /* CollectionOperation.swift in Sources */ = {isa = PBXBuildFile; fileRef = 63593AE51E511AD0000473CC /* CollectionOperation.swift */; };
		63593AEA1E511B93000473CC /* CollectionOperation.swift in Sources */ = {isa = PBXBuildFile; fileRef = 63593AE51E511AD0000473CC /* CollectionOperation.swift */; };
		63593AEC1E511BD6000473CC /* SpawningOperation.swift in Sources */ = {isa = PBXBuildFile; fileRef = 63593AEB1E511BD6000473CC /* SpawningOperation.swift */; };
		63593AED1E511BD6000473CC /* SpawningOperation.swift in Sources */ = {isa = PBXBuildFile; fileRef = 63593AEB1E511BD6000473CC /* SpawningOperation.swift */; };
		636687171E6DD7DC0066849C /* CountWeekdaysTests.swift in Sources */ = {isa = PBXBuildFile; fileRef = 636687161E6DD7DC0066849C /* CountWeekdaysTests.swift */; };
		636A784B1DBBECAA00751A51 /* ColoredView.swift in Sources */ = {isa = PBXBuildFile; fileRef = 636A784A1DBBECAA00751A51 /* ColoredView.swift */; };
		636ABD4D1DBE3162002C42BE /* Model.swift in Sources */ = {isa = PBXBuildFile; fileRef = 636ABD4C1DBE3162002C42BE /* Model.swift */; };
		636ABD4E1DBE3162002C42BE /* Model.swift in Sources */ = {isa = PBXBuildFile; fileRef = 636ABD4C1DBE3162002C42BE /* Model.swift */; };
		636AD81A1EA4B26C00F463C5 /* ProjectCollectionViewHeader.swift in Sources */ = {isa = PBXBuildFile; fileRef = 636AD8181EA4B26C00F463C5 /* ProjectCollectionViewHeader.swift */; };
		636AD81B1EA4B26C00F463C5 /* ProjectCollectionViewHeader.xib in Resources */ = {isa = PBXBuildFile; fileRef = 636AD8191EA4B26C00F463C5 /* ProjectCollectionViewHeader.xib */; };
		636AD81D1EA6A4BB00F463C5 /* ListLayout.swift in Sources */ = {isa = PBXBuildFile; fileRef = 636AD81C1EA6A4BB00F463C5 /* ListLayout.swift */; };
		636AD81E1EA6A4BB00F463C5 /* ListLayout.swift in Sources */ = {isa = PBXBuildFile; fileRef = 636AD81C1EA6A4BB00F463C5 /* ListLayout.swift */; };
		637995A11EAA826400C0CF24 /* ProjectListUpdateDiffTests.swift in Sources */ = {isa = PBXBuildFile; fileRef = 637995A01EAA826400C0CF24 /* ProjectListUpdateDiffTests.swift */; };
		637995A21EAA9BC600C0CF24 /* ProjectsListViewController.swift in Sources */ = {isa = PBXBuildFile; fileRef = 632957721DBA9D8500E11A10 /* ProjectsListViewController.swift */; };
		637995A31EAA9BF700C0CF24 /* ProjectCollectionViewItem.swift in Sources */ = {isa = PBXBuildFile; fileRef = 63FA1F961DBB796D00612A09 /* ProjectCollectionViewItem.swift */; };
		637995A41EAA9C0C00C0CF24 /* ProjectCollectionViewHeader.swift in Sources */ = {isa = PBXBuildFile; fileRef = 636AD8181EA4B26C00F463C5 /* ProjectCollectionViewHeader.swift */; };
		637F96DC1E817585000E9FC5 /* EmptySelectionViewController.swift in Sources */ = {isa = PBXBuildFile; fileRef = 637F96DB1E817585000E9FC5 /* EmptySelectionViewController.swift */; };
		63817A011DFD7CB6003F6295 /* ProjectsMasterDetailWindowController.swift in Sources */ = {isa = PBXBuildFile; fileRef = 63817A001DFD7CB6003F6295 /* ProjectsMasterDetailWindowController.swift */; };
		639434E31E3D2EFE0055A5B7 /* ModelCache.swift in Sources */ = {isa = PBXBuildFile; fileRef = 63CE9A211E3B4B7300176AB4 /* ModelCache.swift */; };
		639434E41E3D2F0C0055A5B7 /* TogglAPICredential.swift in Sources */ = {isa = PBXBuildFile; fileRef = 63CE9A1F1E3AA2F800176AB4 /* TogglAPICredential.swift */; };
		639434E71E3D2F410055A5B7 /* Property.swift in Sources */ = {isa = PBXBuildFile; fileRef = 639434E61E3D2F410055A5B7 /* Property.swift */; };
		639434E81E3D2F430055A5B7 /* Property.swift in Sources */ = {isa = PBXBuildFile; fileRef = 639434E61E3D2F410055A5B7 /* Property.swift */; };
		639FD05C1E490599001D1905 /* NetworkRetrieveWorkspacesOperation.swift in Sources */ = {isa = PBXBuildFile; fileRef = 639FD05B1E490599001D1905 /* NetworkRetrieveWorkspacesOperation.swift */; };
		639FD05D1E490599001D1905 /* NetworkRetrieveWorkspacesOperation.swift in Sources */ = {isa = PBXBuildFile; fileRef = 639FD05B1E490599001D1905 /* NetworkRetrieveWorkspacesOperation.swift */; };
		639FD05F1E49098D001D1905 /* NetworkRetrieveProjectsOperation.swift in Sources */ = {isa = PBXBuildFile; fileRef = 639FD05E1E49098D001D1905 /* NetworkRetrieveProjectsOperation.swift */; };
		639FD0601E49098D001D1905 /* NetworkRetrieveProjectsOperation.swift in Sources */ = {isa = PBXBuildFile; fileRef = 639FD05E1E49098D001D1905 /* NetworkRetrieveProjectsOperation.swift */; };
		63B5D8AB1E49011F00042897 /* NetworkRetrieveProfileOperation.swift in Sources */ = {isa = PBXBuildFile; fileRef = 63B5D8AA1E49011F00042897 /* NetworkRetrieveProfileOperation.swift */; };
		63B5D8AC1E49011F00042897 /* NetworkRetrieveProfileOperation.swift in Sources */ = {isa = PBXBuildFile; fileRef = 63B5D8AA1E49011F00042897 /* NetworkRetrieveProfileOperation.swift */; };
		63B5D8AE1E49014000042897 /* NetworkRetrieveReportsOperation.swift in Sources */ = {isa = PBXBuildFile; fileRef = 63B5D8AD1E49014000042897 /* NetworkRetrieveReportsOperation.swift */; };
		63B5D8AF1E49014000042897 /* NetworkRetrieveReportsOperation.swift in Sources */ = {isa = PBXBuildFile; fileRef = 63B5D8AD1E49014000042897 /* NetworkRetrieveReportsOperation.swift */; };
		63B5D8B71E4901D000042897 /* TogglAPIAccessOperation.swift in Sources */ = {isa = PBXBuildFile; fileRef = 63B5D8B61E4901D000042897 /* TogglAPIAccessOperation.swift */; };
		63B5D8B81E4901D000042897 /* TogglAPIAccessOperation.swift in Sources */ = {isa = PBXBuildFile; fileRef = 63B5D8B61E4901D000042897 /* TogglAPIAccessOperation.swift */; };
		63B7719F1ED365A1005739CF /* ProjectsByGoals.swift in Sources */ = {isa = PBXBuildFile; fileRef = 63B7719E1ED365A1005739CF /* ProjectsByGoals.swift */; };
		63B771A01ED365A1005739CF /* ProjectsByGoals.swift in Sources */ = {isa = PBXBuildFile; fileRef = 63B7719E1ED365A1005739CF /* ProjectsByGoals.swift */; };
		63B771A11ED365A1005739CF /* ProjectsByGoals.swift in Sources */ = {isa = PBXBuildFile; fileRef = 63B7719E1ED365A1005739CF /* ProjectsByGoals.swift */; };
		63B7720E1ED8C02D005739CF /* ContainmentSegue.swift in Sources */ = {isa = PBXBuildFile; fileRef = 63B7720D1ED8C02D005739CF /* ContainmentSegue.swift */; };
		63B7720F1ED8C02D005739CF /* ContainmentSegue.swift in Sources */ = {isa = PBXBuildFile; fileRef = 63B7720D1ED8C02D005739CF /* ContainmentSegue.swift */; };
		63B772111ED8C2BB005739CF /* GoalViewController.swift in Sources */ = {isa = PBXBuildFile; fileRef = 63B772101ED8C2BB005739CF /* GoalViewController.swift */; };
		63B772121ED8C2BB005739CF /* GoalViewController.swift in Sources */ = {isa = PBXBuildFile; fileRef = 63B772101ED8C2BB005739CF /* GoalViewController.swift */; };
		63B772151ED9DFFD005739CF /* PureLayout.framework in Frameworks */ = {isa = PBXBuildFile; fileRef = 63B772131ED9DFF5005739CF /* PureLayout.framework */; };
		63B772161ED9DFFD005739CF /* PureLayout.framework in Embed Frameworks */ = {isa = PBXBuildFile; fileRef = 63B772131ED9DFF5005739CF /* PureLayout.framework */; settings = {ATTRIBUTES = (CodeSignOnCopy, RemoveHeadersOnCopy, ); }; };
		63B772181ED9E3A4005739CF /* GoalProgressViewController.swift in Sources */ = {isa = PBXBuildFile; fileRef = 63B772171ED9E3A4005739CF /* GoalProgressViewController.swift */; };
		63B772191ED9E3A4005739CF /* GoalProgressViewController.swift in Sources */ = {isa = PBXBuildFile; fileRef = 63B772171ED9E3A4005739CF /* GoalProgressViewController.swift */; };
		63CE9A1E1E3AA12200176AB4 /* APIAccessError.swift in Sources */ = {isa = PBXBuildFile; fileRef = 63CE9A1D1E3AA12200176AB4 /* APIAccessError.swift */; };
		63CE9A201E3AA2F800176AB4 /* TogglAPICredential.swift in Sources */ = {isa = PBXBuildFile; fileRef = 63CE9A1F1E3AA2F800176AB4 /* TogglAPICredential.swift */; };
		63CE9A221E3B4B7300176AB4 /* ModelCache.swift in Sources */ = {isa = PBXBuildFile; fileRef = 63CE9A211E3B4B7300176AB4 /* ModelCache.swift */; };
		63D2E8A71E928AF4001DA2E1 /* SelectionDetailViewController.swift in Sources */ = {isa = PBXBuildFile; fileRef = 63D2E8A61E928AF4001DA2E1 /* SelectionDetailViewController.swift */; };
		63D4EB961E79D15B00D55033 /* DateTimeExtensions.swift in Sources */ = {isa = PBXBuildFile; fileRef = 63D4EB951E79D15B00D55033 /* DateTimeExtensions.swift */; };
		63D4EB971E79D15B00D55033 /* DateTimeExtensions.swift in Sources */ = {isa = PBXBuildFile; fileRef = 63D4EB951E79D15B00D55033 /* DateTimeExtensions.swift */; };
		63EAD8E31E7D445E0061158C /* NetworkRetrieveRunningEntryOperation.swift in Sources */ = {isa = PBXBuildFile; fileRef = 63EAD8E21E7D445E0061158C /* NetworkRetrieveRunningEntryOperation.swift */; };
		63EAD8E41E7D445E0061158C /* NetworkRetrieveRunningEntryOperation.swift in Sources */ = {isa = PBXBuildFile; fileRef = 63EAD8E21E7D445E0061158C /* NetworkRetrieveRunningEntryOperation.swift */; };
		63EAD8E61E7ECDB10061158C /* DateTimeExtensionsTests.swift in Sources */ = {isa = PBXBuildFile; fileRef = 63EAD8E51E7ECDB10061158C /* DateTimeExtensionsTests.swift */; };
		63FA1F981DBB796D00612A09 /* ProjectCollectionViewItem.swift in Sources */ = {isa = PBXBuildFile; fileRef = 63FA1F961DBB796D00612A09 /* ProjectCollectionViewItem.swift */; };
		63FA1F991DBB796D00612A09 /* ProjectCollectionViewItem.xib in Resources */ = {isa = PBXBuildFile; fileRef = 63FA1F971DBB796D00612A09 /* ProjectCollectionViewItem.xib */; };
/* End PBXBuildFile section */

/* Begin PBXContainerItemProxy section */
		632957541DBA99F000E11A10 /* PBXContainerItemProxy */ = {
			isa = PBXContainerItemProxy;
			containerPortal = 6329573A1DBA99F000E11A10 /* Project object */;
			proxyType = 1;
			remoteGlobalIDString = 632957411DBA99F000E11A10;
			remoteInfo = TogglGoals;
		};
		6329575F1DBA99F000E11A10 /* PBXContainerItemProxy */ = {
			isa = PBXContainerItemProxy;
			containerPortal = 6329573A1DBA99F000E11A10 /* Project object */;
			proxyType = 1;
			remoteGlobalIDString = 632957411DBA99F000E11A10;
			remoteInfo = TogglGoals;
		};
/* End PBXContainerItemProxy section */

/* Begin PBXCopyFilesBuildPhase section */
		632EEBEF1E42789100608D01 /* Embed Frameworks */ = {
			isa = PBXCopyFilesBuildPhase;
			buildActionMask = 2147483647;
			dstPath = "";
			dstSubfolderSpec = 10;
			files = (
				63B772161ED9DFFD005739CF /* PureLayout.framework in Embed Frameworks */,
				632EEBEE1E42789100608D01 /* SQLite.framework in Embed Frameworks */,
			);
			name = "Embed Frameworks";
			runOnlyForDeploymentPostprocessing = 0;
		};
		632EEBF01E4278CD00608D01 /* CopyFiles */ = {
			isa = PBXCopyFilesBuildPhase;
			buildActionMask = 2147483647;
			dstPath = "";
			dstSubfolderSpec = 16;
			files = (
				632EEBF21E4278F300608D01 /* SQLite.framework.dSYM in CopyFiles */,
			);
			runOnlyForDeploymentPostprocessing = 0;
		};
/* End PBXCopyFilesBuildPhase section */

/* Begin PBXFileReference section */
		632957421DBA99F000E11A10 /* TogglGoals.app */ = {isa = PBXFileReference; explicitFileType = wrapper.application; includeInIndex = 0; path = TogglGoals.app; sourceTree = BUILT_PRODUCTS_DIR; };
		632957451DBA99F000E11A10 /* AppDelegate.swift */ = {isa = PBXFileReference; lastKnownFileType = sourcecode.swift; path = AppDelegate.swift; sourceTree = "<group>"; };
		632957491DBA99F000E11A10 /* Assets.xcassets */ = {isa = PBXFileReference; lastKnownFileType = folder.assetcatalog; path = Assets.xcassets; sourceTree = "<group>"; };
		6329574C1DBA99F000E11A10 /* Base */ = {isa = PBXFileReference; lastKnownFileType = file.storyboard; name = Base; path = Base.lproj/Main.storyboard; sourceTree = "<group>"; };
		6329574E1DBA99F000E11A10 /* Info.plist */ = {isa = PBXFileReference; lastKnownFileType = text.plist.xml; path = Info.plist; sourceTree = "<group>"; };
		632957531DBA99F000E11A10 /* TogglGoalsTests.xctest */ = {isa = PBXFileReference; explicitFileType = wrapper.cfbundle; includeInIndex = 0; path = TogglGoalsTests.xctest; sourceTree = BUILT_PRODUCTS_DIR; };
		632957591DBA99F000E11A10 /* Info.plist */ = {isa = PBXFileReference; lastKnownFileType = text.plist.xml; path = Info.plist; sourceTree = "<group>"; };
		6329575E1DBA99F000E11A10 /* TogglGoalsUITests.xctest */ = {isa = PBXFileReference; explicitFileType = wrapper.cfbundle; includeInIndex = 0; path = TogglGoalsUITests.xctest; sourceTree = BUILT_PRODUCTS_DIR; };
		632957621DBA99F000E11A10 /* TogglGoalsUITests.swift */ = {isa = PBXFileReference; lastKnownFileType = sourcecode.swift; path = TogglGoalsUITests.swift; sourceTree = "<group>"; };
		632957641DBA99F000E11A10 /* Info.plist */ = {isa = PBXFileReference; lastKnownFileType = text.plist.xml; path = Info.plist; sourceTree = "<group>"; };
		632957701DBA9C8800E11A10 /* ProjectsMasterDetailController.swift */ = {isa = PBXFileReference; fileEncoding = 4; lastKnownFileType = sourcecode.swift; path = ProjectsMasterDetailController.swift; sourceTree = "<group>"; };
		632957721DBA9D8500E11A10 /* ProjectsListViewController.swift */ = {isa = PBXFileReference; fileEncoding = 4; lastKnownFileType = sourcecode.swift; path = ProjectsListViewController.swift; sourceTree = "<group>"; };
		632957751DBA9D9600E11A10 /* ProjectDetailsViewController.swift */ = {isa = PBXFileReference; fileEncoding = 4; lastKnownFileType = sourcecode.swift; path = ProjectDetailsViewController.swift; sourceTree = "<group>"; };
		632EEBE81E42786100608D01 /* SQLite.framework */ = {isa = PBXFileReference; lastKnownFileType = wrapper.framework; name = SQLite.framework; path = Carthage/Build/Mac/SQLite.framework; sourceTree = "<group>"; };
		632EEBF11E4278F300608D01 /* SQLite.framework.dSYM */ = {isa = PBXFileReference; lastKnownFileType = wrapper.dsym; name = SQLite.framework.dSYM; path = Carthage/Build/Mac/SQLite.framework.dSYM; sourceTree = "<group>"; };
		632EEBF31E427A3700608D01 /* GoalsStore.swift */ = {isa = PBXFileReference; fileEncoding = 4; lastKnownFileType = sourcecode.swift; path = GoalsStore.swift; sourceTree = "<group>"; };
		6332F51A1EADF29900CDE608 /* ProjectsByGoalsTests.swift */ = {isa = PBXFileReference; fileEncoding = 4; lastKnownFileType = sourcecode.swift; path = ProjectsByGoalsTests.swift; sourceTree = "<group>"; };
		633392161E5F5CFB00427F50 /* StrategyComputer.swift */ = {isa = PBXFileReference; fileEncoding = 4; lastKnownFileType = sourcecode.swift; path = StrategyComputer.swift; sourceTree = "<group>"; };
		633CEADA1E6C2A8500831611 /* StrategyComputerTests.swift */ = {isa = PBXFileReference; fileEncoding = 4; lastKnownFileType = sourcecode.swift; path = StrategyComputerTests.swift; sourceTree = "<group>"; };
		6351B82D1DC0DCA500E0AB1E /* ModelCoordinator.swift */ = {isa = PBXFileReference; fileEncoding = 4; lastKnownFileType = sourcecode.swift; path = ModelCoordinator.swift; sourceTree = "<group>"; };
		63593AE51E511AD0000473CC /* CollectionOperation.swift */ = {isa = PBXFileReference; fileEncoding = 4; lastKnownFileType = sourcecode.swift; path = CollectionOperation.swift; sourceTree = "<group>"; };
		63593AEB1E511BD6000473CC /* SpawningOperation.swift */ = {isa = PBXFileReference; fileEncoding = 4; lastKnownFileType = sourcecode.swift; path = SpawningOperation.swift; sourceTree = "<group>"; };
		636687161E6DD7DC0066849C /* CountWeekdaysTests.swift */ = {isa = PBXFileReference; fileEncoding = 4; lastKnownFileType = sourcecode.swift; path = CountWeekdaysTests.swift; sourceTree = "<group>"; };
		636A784A1DBBECAA00751A51 /* ColoredView.swift */ = {isa = PBXFileReference; fileEncoding = 4; lastKnownFileType = sourcecode.swift; path = ColoredView.swift; sourceTree = "<group>"; };
		636ABD4C1DBE3162002C42BE /* Model.swift */ = {isa = PBXFileReference; fileEncoding = 4; lastKnownFileType = sourcecode.swift; path = Model.swift; sourceTree = "<group>"; };
		636AD8181EA4B26C00F463C5 /* ProjectCollectionViewHeader.swift */ = {isa = PBXFileReference; fileEncoding = 4; lastKnownFileType = sourcecode.swift; path = ProjectCollectionViewHeader.swift; sourceTree = "<group>"; };
		636AD8191EA4B26C00F463C5 /* ProjectCollectionViewHeader.xib */ = {isa = PBXFileReference; fileEncoding = 4; lastKnownFileType = file.xib; path = ProjectCollectionViewHeader.xib; sourceTree = "<group>"; };
		636AD81C1EA6A4BB00F463C5 /* ListLayout.swift */ = {isa = PBXFileReference; fileEncoding = 4; lastKnownFileType = sourcecode.swift; path = ListLayout.swift; sourceTree = "<group>"; };
		637995A01EAA826400C0CF24 /* ProjectListUpdateDiffTests.swift */ = {isa = PBXFileReference; fileEncoding = 4; lastKnownFileType = sourcecode.swift; path = ProjectListUpdateDiffTests.swift; sourceTree = "<group>"; };
		637F96DB1E817585000E9FC5 /* EmptySelectionViewController.swift */ = {isa = PBXFileReference; fileEncoding = 4; lastKnownFileType = sourcecode.swift; path = EmptySelectionViewController.swift; sourceTree = "<group>"; };
		63817A001DFD7CB6003F6295 /* ProjectsMasterDetailWindowController.swift */ = {isa = PBXFileReference; fileEncoding = 4; lastKnownFileType = sourcecode.swift; path = ProjectsMasterDetailWindowController.swift; sourceTree = "<group>"; };
		639434E61E3D2F410055A5B7 /* Property.swift */ = {isa = PBXFileReference; fileEncoding = 4; lastKnownFileType = sourcecode.swift; path = Property.swift; sourceTree = "<group>"; };
		639FD05B1E490599001D1905 /* NetworkRetrieveWorkspacesOperation.swift */ = {isa = PBXFileReference; fileEncoding = 4; lastKnownFileType = sourcecode.swift; path = NetworkRetrieveWorkspacesOperation.swift; sourceTree = "<group>"; };
		639FD05E1E49098D001D1905 /* NetworkRetrieveProjectsOperation.swift */ = {isa = PBXFileReference; fileEncoding = 4; lastKnownFileType = sourcecode.swift; path = NetworkRetrieveProjectsOperation.swift; sourceTree = "<group>"; };
		63B5D8AA1E49011F00042897 /* NetworkRetrieveProfileOperation.swift */ = {isa = PBXFileReference; fileEncoding = 4; lastKnownFileType = sourcecode.swift; path = NetworkRetrieveProfileOperation.swift; sourceTree = "<group>"; };
		63B5D8AD1E49014000042897 /* NetworkRetrieveReportsOperation.swift */ = {isa = PBXFileReference; fileEncoding = 4; lastKnownFileType = sourcecode.swift; path = NetworkRetrieveReportsOperation.swift; sourceTree = "<group>"; };
		63B5D8B61E4901D000042897 /* TogglAPIAccessOperation.swift */ = {isa = PBXFileReference; fileEncoding = 4; lastKnownFileType = sourcecode.swift; path = TogglAPIAccessOperation.swift; sourceTree = "<group>"; };
		63B7719E1ED365A1005739CF /* ProjectsByGoals.swift */ = {isa = PBXFileReference; fileEncoding = 4; lastKnownFileType = sourcecode.swift; path = ProjectsByGoals.swift; sourceTree = "<group>"; };
		63B7720D1ED8C02D005739CF /* ContainmentSegue.swift */ = {isa = PBXFileReference; fileEncoding = 4; lastKnownFileType = sourcecode.swift; path = ContainmentSegue.swift; sourceTree = "<group>"; };
		63B772101ED8C2BB005739CF /* GoalViewController.swift */ = {isa = PBXFileReference; fileEncoding = 4; lastKnownFileType = sourcecode.swift; path = GoalViewController.swift; sourceTree = "<group>"; };
		63B772131ED9DFF5005739CF /* PureLayout.framework */ = {isa = PBXFileReference; lastKnownFileType = wrapper.framework; name = PureLayout.framework; path = Carthage/Build/Mac/PureLayout.framework; sourceTree = "<group>"; };
		63B772171ED9E3A4005739CF /* GoalProgressViewController.swift */ = {isa = PBXFileReference; fileEncoding = 4; lastKnownFileType = sourcecode.swift; path = GoalProgressViewController.swift; sourceTree = "<group>"; };
		63CE9A1D1E3AA12200176AB4 /* APIAccessError.swift */ = {isa = PBXFileReference; fileEncoding = 4; lastKnownFileType = sourcecode.swift; path = APIAccessError.swift; sourceTree = "<group>"; };
		63CE9A1F1E3AA2F800176AB4 /* TogglAPICredential.swift */ = {isa = PBXFileReference; fileEncoding = 4; lastKnownFileType = sourcecode.swift; path = TogglAPICredential.swift; sourceTree = "<group>"; };
		63CE9A211E3B4B7300176AB4 /* ModelCache.swift */ = {isa = PBXFileReference; fileEncoding = 4; lastKnownFileType = sourcecode.swift; path = ModelCache.swift; sourceTree = "<group>"; };
		63D2E8A61E928AF4001DA2E1 /* SelectionDetailViewController.swift */ = {isa = PBXFileReference; fileEncoding = 4; lastKnownFileType = sourcecode.swift; path = SelectionDetailViewController.swift; sourceTree = "<group>"; };
		63D4EB951E79D15B00D55033 /* DateTimeExtensions.swift */ = {isa = PBXFileReference; fileEncoding = 4; lastKnownFileType = sourcecode.swift; path = DateTimeExtensions.swift; sourceTree = "<group>"; };
		63EAD8E21E7D445E0061158C /* NetworkRetrieveRunningEntryOperation.swift */ = {isa = PBXFileReference; fileEncoding = 4; lastKnownFileType = sourcecode.swift; path = NetworkRetrieveRunningEntryOperation.swift; sourceTree = "<group>"; };
		63EAD8E51E7ECDB10061158C /* DateTimeExtensionsTests.swift */ = {isa = PBXFileReference; fileEncoding = 4; lastKnownFileType = sourcecode.swift; path = DateTimeExtensionsTests.swift; sourceTree = "<group>"; };
		63FA1F961DBB796D00612A09 /* ProjectCollectionViewItem.swift */ = {isa = PBXFileReference; fileEncoding = 4; lastKnownFileType = sourcecode.swift; path = ProjectCollectionViewItem.swift; sourceTree = "<group>"; };
		63FA1F971DBB796D00612A09 /* ProjectCollectionViewItem.xib */ = {isa = PBXFileReference; fileEncoding = 4; lastKnownFileType = file.xib; path = ProjectCollectionViewItem.xib; sourceTree = "<group>"; };
/* End PBXFileReference section */

/* Begin PBXFrameworksBuildPhase section */
		6329573F1DBA99F000E11A10 /* Frameworks */ = {
			isa = PBXFrameworksBuildPhase;
			buildActionMask = 2147483647;
			files = (
				63B772151ED9DFFD005739CF /* PureLayout.framework in Frameworks */,
				632EEBED1E42789100608D01 /* SQLite.framework in Frameworks */,
			);
			runOnlyForDeploymentPostprocessing = 0;
		};
		632957501DBA99F000E11A10 /* Frameworks */ = {
			isa = PBXFrameworksBuildPhase;
			buildActionMask = 2147483647;
			files = (
				633CEADC1E6C2DB800831611 /* SQLite.framework in Frameworks */,
			);
			runOnlyForDeploymentPostprocessing = 0;
		};
		6329575B1DBA99F000E11A10 /* Frameworks */ = {
			isa = PBXFrameworksBuildPhase;
			buildActionMask = 2147483647;
			files = (
			);
			runOnlyForDeploymentPostprocessing = 0;
		};
/* End PBXFrameworksBuildPhase section */

/* Begin PBXGroup section */
		632957391DBA99F000E11A10 = {
			isa = PBXGroup;
			children = (
				632957441DBA99F000E11A10 /* TogglGoals */,
				632957561DBA99F000E11A10 /* TogglGoalsTests */,
				632957611DBA99F000E11A10 /* TogglGoalsUITests */,
				632957431DBA99F000E11A10 /* Products */,
				63EAD8DA1DC6A97C001E7889 /* Frameworks */,
			);
			sourceTree = "<group>";
		};
		632957431DBA99F000E11A10 /* Products */ = {
			isa = PBXGroup;
			children = (
				632957421DBA99F000E11A10 /* TogglGoals.app */,
				632957531DBA99F000E11A10 /* TogglGoalsTests.xctest */,
				6329575E1DBA99F000E11A10 /* TogglGoalsUITests.xctest */,
			);
			name = Products;
			sourceTree = "<group>";
		};
		632957441DBA99F000E11A10 /* TogglGoals */ = {
			isa = PBXGroup;
			children = (
				632957451DBA99F000E11A10 /* AppDelegate.swift */,
				632957491DBA99F000E11A10 /* Assets.xcassets */,
				6329574B1DBA99F000E11A10 /* Main.storyboard */,
				63B7720D1ED8C02D005739CF /* ContainmentSegue.swift */,
				6329574E1DBA99F000E11A10 /* Info.plist */,
				632957701DBA9C8800E11A10 /* ProjectsMasterDetailController.swift */,
				632957721DBA9D8500E11A10 /* ProjectsListViewController.swift */,
				632957751DBA9D9600E11A10 /* ProjectDetailsViewController.swift */,
				637F96DB1E817585000E9FC5 /* EmptySelectionViewController.swift */,
				63FA1F961DBB796D00612A09 /* ProjectCollectionViewItem.swift */,
				63FA1F971DBB796D00612A09 /* ProjectCollectionViewItem.xib */,
				636A784A1DBBECAA00751A51 /* ColoredView.swift */,
				636ABD4C1DBE3162002C42BE /* Model.swift */,
				6351B82D1DC0DCA500E0AB1E /* ModelCoordinator.swift */,
				63817A001DFD7CB6003F6295 /* ProjectsMasterDetailWindowController.swift */,
				63CE9A1F1E3AA2F800176AB4 /* TogglAPICredential.swift */,
				63CE9A1D1E3AA12200176AB4 /* APIAccessError.swift */,
				63CE9A211E3B4B7300176AB4 /* ModelCache.swift */,
				639434E61E3D2F410055A5B7 /* Property.swift */,
				632EEBF31E427A3700608D01 /* GoalsStore.swift */,
				63B5D8A41E48FF7000042897 /* Operations */,
				633392161E5F5CFB00427F50 /* StrategyComputer.swift */,
				63D4EB951E79D15B00D55033 /* DateTimeExtensions.swift */,
				63D2E8A61E928AF4001DA2E1 /* SelectionDetailViewController.swift */,
				636AD8181EA4B26C00F463C5 /* ProjectCollectionViewHeader.swift */,
				636AD8191EA4B26C00F463C5 /* ProjectCollectionViewHeader.xib */,
				636AD81C1EA6A4BB00F463C5 /* ListLayout.swift */,
				63B7719E1ED365A1005739CF /* ProjectsByGoals.swift */,
				63B772101ED8C2BB005739CF /* GoalViewController.swift */,
				63B772171ED9E3A4005739CF /* GoalProgressViewController.swift */,
			);
			path = TogglGoals;
			sourceTree = "<group>";
		};
		632957561DBA99F000E11A10 /* TogglGoalsTests */ = {
			isa = PBXGroup;
			children = (
				632957591DBA99F000E11A10 /* Info.plist */,
				633CEADA1E6C2A8500831611 /* StrategyComputerTests.swift */,
				636687161E6DD7DC0066849C /* CountWeekdaysTests.swift */,
				63EAD8E51E7ECDB10061158C /* DateTimeExtensionsTests.swift */,
				637995A01EAA826400C0CF24 /* ProjectListUpdateDiffTests.swift */,
				6332F51A1EADF29900CDE608 /* ProjectsByGoalsTests.swift */,
			);
			path = TogglGoalsTests;
			sourceTree = "<group>";
		};
		632957611DBA99F000E11A10 /* TogglGoalsUITests */ = {
			isa = PBXGroup;
			children = (
				632957621DBA99F000E11A10 /* TogglGoalsUITests.swift */,
				632957641DBA99F000E11A10 /* Info.plist */,
			);
			path = TogglGoalsUITests;
			sourceTree = "<group>";
		};
		63B5D8A41E48FF7000042897 /* Operations */ = {
			isa = PBXGroup;
			children = (
				63B5D8B61E4901D000042897 /* TogglAPIAccessOperation.swift */,
				63B5D8AA1E49011F00042897 /* NetworkRetrieveProfileOperation.swift */,
				639FD05B1E490599001D1905 /* NetworkRetrieveWorkspacesOperation.swift */,
				639FD05E1E49098D001D1905 /* NetworkRetrieveProjectsOperation.swift */,
				63B5D8AD1E49014000042897 /* NetworkRetrieveReportsOperation.swift */,
				63593AE51E511AD0000473CC /* CollectionOperation.swift */,
				63593AEB1E511BD6000473CC /* SpawningOperation.swift */,
				63EAD8E21E7D445E0061158C /* NetworkRetrieveRunningEntryOperation.swift */,
			);
			path = Operations;
			sourceTree = "<group>";
		};
		63EAD8DA1DC6A97C001E7889 /* Frameworks */ = {
			isa = PBXGroup;
			children = (
				63B772131ED9DFF5005739CF /* PureLayout.framework */,
				632EEBE81E42786100608D01 /* SQLite.framework */,
				632EEBF11E4278F300608D01 /* SQLite.framework.dSYM */,
			);
			name = Frameworks;
			sourceTree = "<group>";
		};
/* End PBXGroup section */

/* Begin PBXNativeTarget section */
		632957411DBA99F000E11A10 /* TogglGoals */ = {
			isa = PBXNativeTarget;
			buildConfigurationList = 632957671DBA99F000E11A10 /* Build configuration list for PBXNativeTarget "TogglGoals" */;
			buildPhases = (
				6329573E1DBA99F000E11A10 /* Sources */,
				6329573F1DBA99F000E11A10 /* Frameworks */,
				632957401DBA99F000E11A10 /* Resources */,
				632EEBEF1E42789100608D01 /* Embed Frameworks */,
				632EEBF01E4278CD00608D01 /* CopyFiles */,
			);
			buildRules = (
			);
			dependencies = (
			);
			name = TogglGoals;
			productName = TogglGoals;
			productReference = 632957421DBA99F000E11A10 /* TogglGoals.app */;
			productType = "com.apple.product-type.application";
		};
		632957521DBA99F000E11A10 /* TogglGoalsTests */ = {
			isa = PBXNativeTarget;
			buildConfigurationList = 6329576A1DBA99F000E11A10 /* Build configuration list for PBXNativeTarget "TogglGoalsTests" */;
			buildPhases = (
				6329574F1DBA99F000E11A10 /* Sources */,
				632957501DBA99F000E11A10 /* Frameworks */,
				632957511DBA99F000E11A10 /* Resources */,
			);
			buildRules = (
			);
			dependencies = (
				632957551DBA99F000E11A10 /* PBXTargetDependency */,
			);
			name = TogglGoalsTests;
			productName = TogglGoalsTests;
			productReference = 632957531DBA99F000E11A10 /* TogglGoalsTests.xctest */;
			productType = "com.apple.product-type.bundle.unit-test";
		};
		6329575D1DBA99F000E11A10 /* TogglGoalsUITests */ = {
			isa = PBXNativeTarget;
			buildConfigurationList = 6329576D1DBA99F000E11A10 /* Build configuration list for PBXNativeTarget "TogglGoalsUITests" */;
			buildPhases = (
				6329575A1DBA99F000E11A10 /* Sources */,
				6329575B1DBA99F000E11A10 /* Frameworks */,
				6329575C1DBA99F000E11A10 /* Resources */,
			);
			buildRules = (
			);
			dependencies = (
				632957601DBA99F000E11A10 /* PBXTargetDependency */,
			);
			name = TogglGoalsUITests;
			productName = TogglGoalsUITests;
			productReference = 6329575E1DBA99F000E11A10 /* TogglGoalsUITests.xctest */;
			productType = "com.apple.product-type.bundle.ui-testing";
		};
/* End PBXNativeTarget section */

/* Begin PBXProject section */
		6329573A1DBA99F000E11A10 /* Project object */ = {
			isa = PBXProject;
			attributes = {
				LastSwiftUpdateCheck = 0800;
				LastUpgradeCheck = 0810;
				ORGANIZATIONNAME = davi;
				TargetAttributes = {
					632957411DBA99F000E11A10 = {
						CreatedOnToolsVersion = 8.0;
						DevelopmentTeam = 7ZT9GY93K7;
						ProvisioningStyle = Automatic;
					};
					632957521DBA99F000E11A10 = {
						CreatedOnToolsVersion = 8.0;
						DevelopmentTeam = 7ZT9GY93K7;
						ProvisioningStyle = Automatic;
						TestTargetID = 632957411DBA99F000E11A10;
					};
					6329575D1DBA99F000E11A10 = {
						CreatedOnToolsVersion = 8.0;
						DevelopmentTeam = 7ZT9GY93K7;
						ProvisioningStyle = Automatic;
						TestTargetID = 632957411DBA99F000E11A10;
					};
				};
			};
			buildConfigurationList = 6329573D1DBA99F000E11A10 /* Build configuration list for PBXProject "TogglGoals" */;
			compatibilityVersion = "Xcode 3.2";
			developmentRegion = English;
			hasScannedForEncodings = 0;
			knownRegions = (
				en,
				Base,
			);
			mainGroup = 632957391DBA99F000E11A10;
			productRefGroup = 632957431DBA99F000E11A10 /* Products */;
			projectDirPath = "";
			projectRoot = "";
			targets = (
				632957411DBA99F000E11A10 /* TogglGoals */,
				632957521DBA99F000E11A10 /* TogglGoalsTests */,
				6329575D1DBA99F000E11A10 /* TogglGoalsUITests */,
			);
		};
/* End PBXProject section */

/* Begin PBXResourcesBuildPhase section */
		632957401DBA99F000E11A10 /* Resources */ = {
			isa = PBXResourcesBuildPhase;
			buildActionMask = 2147483647;
			files = (
				63FA1F991DBB796D00612A09 /* ProjectCollectionViewItem.xib in Resources */,
				6329574A1DBA99F000E11A10 /* Assets.xcassets in Resources */,
				6329574D1DBA99F000E11A10 /* Main.storyboard in Resources */,
				636AD81B1EA4B26C00F463C5 /* ProjectCollectionViewHeader.xib in Resources */,
			);
			runOnlyForDeploymentPostprocessing = 0;
		};
		632957511DBA99F000E11A10 /* Resources */ = {
			isa = PBXResourcesBuildPhase;
			buildActionMask = 2147483647;
			files = (
			);
			runOnlyForDeploymentPostprocessing = 0;
		};
		6329575C1DBA99F000E11A10 /* Resources */ = {
			isa = PBXResourcesBuildPhase;
			buildActionMask = 2147483647;
			files = (
			);
			runOnlyForDeploymentPostprocessing = 0;
		};
/* End PBXResourcesBuildPhase section */

/* Begin PBXSourcesBuildPhase section */
		6329573E1DBA99F000E11A10 /* Sources */ = {
			isa = PBXSourcesBuildPhase;
			buildActionMask = 2147483647;
			files = (
				632957711DBA9C8800E11A10 /* ProjectsMasterDetailController.swift in Sources */,
				636AD81D1EA6A4BB00F463C5 /* ListLayout.swift in Sources */,
				63EAD8E31E7D445E0061158C /* NetworkRetrieveRunningEntryOperation.swift in Sources */,
				63CE9A201E3AA2F800176AB4 /* TogglAPICredential.swift in Sources */,
				63B772181ED9E3A4005739CF /* GoalProgressViewController.swift in Sources */,
				632957771DBA9D9600E11A10 /* ProjectDetailsViewController.swift in Sources */,
				6351B82E1DC0DCA500E0AB1E /* ModelCoordinator.swift in Sources */,
				632957731DBA9D8500E11A10 /* ProjectsListViewController.swift in Sources */,
				639FD05C1E490599001D1905 /* NetworkRetrieveWorkspacesOperation.swift in Sources */,
				632957461DBA99F000E11A10 /* AppDelegate.swift in Sources */,
				637F96DC1E817585000E9FC5 /* EmptySelectionViewController.swift in Sources */,
				639434E71E3D2F410055A5B7 /* Property.swift in Sources */,
				63B5D8AE1E49014000042897 /* NetworkRetrieveReportsOperation.swift in Sources */,
				63593AE61E511AD0000473CC /* CollectionOperation.swift in Sources */,
				636A784B1DBBECAA00751A51 /* ColoredView.swift in Sources */,
				63B7720E1ED8C02D005739CF /* ContainmentSegue.swift in Sources */,
				63B5D8AB1E49011F00042897 /* NetworkRetrieveProfileOperation.swift in Sources */,
				636AD81A1EA4B26C00F463C5 /* ProjectCollectionViewHeader.swift in Sources */,
				636ABD4D1DBE3162002C42BE /* Model.swift in Sources */,
				63817A011DFD7CB6003F6295 /* ProjectsMasterDetailWindowController.swift in Sources */,
				63B772111ED8C2BB005739CF /* GoalViewController.swift in Sources */,
				639FD05F1E49098D001D1905 /* NetworkRetrieveProjectsOperation.swift in Sources */,
				633392171E5F5CFB00427F50 /* StrategyComputer.swift in Sources */,
				63D2E8A71E928AF4001DA2E1 /* SelectionDetailViewController.swift in Sources */,
				63B7719F1ED365A1005739CF /* ProjectsByGoals.swift in Sources */,
				63CE9A1E1E3AA12200176AB4 /* APIAccessError.swift in Sources */,
				63B5D8B71E4901D000042897 /* TogglAPIAccessOperation.swift in Sources */,
				63CE9A221E3B4B7300176AB4 /* ModelCache.swift in Sources */,
				63593AEC1E511BD6000473CC /* SpawningOperation.swift in Sources */,
				63FA1F981DBB796D00612A09 /* ProjectCollectionViewItem.swift in Sources */,
				63D4EB961E79D15B00D55033 /* DateTimeExtensions.swift in Sources */,
				632EEBF41E427A3700608D01 /* GoalsStore.swift in Sources */,
			);
			runOnlyForDeploymentPostprocessing = 0;
		};
		6329574F1DBA99F000E11A10 /* Sources */ = {
			isa = PBXSourcesBuildPhase;
			buildActionMask = 2147483647;
			files = (
				639FD0601E49098D001D1905 /* NetworkRetrieveProjectsOperation.swift in Sources */,
				639434E81E3D2F430055A5B7 /* Property.swift in Sources */,
				63593AED1E511BD6000473CC /* SpawningOperation.swift in Sources */,
				636687171E6DD7DC0066849C /* CountWeekdaysTests.swift in Sources */,
				63B5D8AC1E49011F00042897 /* NetworkRetrieveProfileOperation.swift in Sources */,
				637995A11EAA826400C0CF24 /* ProjectListUpdateDiffTests.swift in Sources */,
				63B5D8AF1E49014000042897 /* NetworkRetrieveReportsOperation.swift in Sources */,
				637995A31EAA9BF700C0CF24 /* ProjectCollectionViewItem.swift in Sources */,
				63D4EB971E79D15B00D55033 /* DateTimeExtensions.swift in Sources */,
				637995A21EAA9BC600C0CF24 /* ProjectsListViewController.swift in Sources */,
				639434E41E3D2F0C0055A5B7 /* TogglAPICredential.swift in Sources */,
				63593AEA1E511B93000473CC /* CollectionOperation.swift in Sources */,
				63EAD8E41E7D445E0061158C /* NetworkRetrieveRunningEntryOperation.swift in Sources */,
				639434E31E3D2EFE0055A5B7 /* ModelCache.swift in Sources */,
				637995A41EAA9C0C00C0CF24 /* ProjectCollectionViewHeader.swift in Sources */,
				633392181E5F5CFB00427F50 /* StrategyComputer.swift in Sources */,
				6332F51B1EADF29900CDE608 /* ProjectsByGoalsTests.swift in Sources */,
				63EAD8E61E7ECDB10061158C /* DateTimeExtensionsTests.swift in Sources */,
				6351B82F1DC0DCA500E0AB1E /* ModelCoordinator.swift in Sources */,
				636AD81E1EA6A4BB00F463C5 /* ListLayout.swift in Sources */,
				633CEADB1E6C2A8500831611 /* StrategyComputerTests.swift in Sources */,
				63B771A01ED365A1005739CF /* ProjectsByGoals.swift in Sources */,
				632EEBF51E427AE100608D01 /* GoalsStore.swift in Sources */,
				63B5D8B81E4901D000042897 /* TogglAPIAccessOperation.swift in Sources */,
				639FD05D1E490599001D1905 /* NetworkRetrieveWorkspacesOperation.swift in Sources */,
				636ABD4E1DBE3162002C42BE /* Model.swift in Sources */,
			);
			runOnlyForDeploymentPostprocessing = 0;
		};
		6329575A1DBA99F000E11A10 /* Sources */ = {
			isa = PBXSourcesBuildPhase;
			buildActionMask = 2147483647;
			files = (
				632957781DBA9D9600E11A10 /* ProjectDetailsViewController.swift in Sources */,
				632957741DBA9D8500E11A10 /* ProjectsListViewController.swift in Sources */,
				63B772191ED9E3A4005739CF /* GoalProgressViewController.swift in Sources */,
				632957631DBA99F000E11A10 /* TogglGoalsUITests.swift in Sources */,
				63B772121ED8C2BB005739CF /* GoalViewController.swift in Sources */,
				63B771A11ED365A1005739CF /* ProjectsByGoals.swift in Sources */,
				63B7720F1ED8C02D005739CF /* ContainmentSegue.swift in Sources */,
			);
			runOnlyForDeploymentPostprocessing = 0;
		};
/* End PBXSourcesBuildPhase section */

/* Begin PBXTargetDependency section */
		632957551DBA99F000E11A10 /* PBXTargetDependency */ = {
			isa = PBXTargetDependency;
			target = 632957411DBA99F000E11A10 /* TogglGoals */;
			targetProxy = 632957541DBA99F000E11A10 /* PBXContainerItemProxy */;
		};
		632957601DBA99F000E11A10 /* PBXTargetDependency */ = {
			isa = PBXTargetDependency;
			target = 632957411DBA99F000E11A10 /* TogglGoals */;
			targetProxy = 6329575F1DBA99F000E11A10 /* PBXContainerItemProxy */;
		};
/* End PBXTargetDependency section */

/* Begin PBXVariantGroup section */
		6329574B1DBA99F000E11A10 /* Main.storyboard */ = {
			isa = PBXVariantGroup;
			children = (
				6329574C1DBA99F000E11A10 /* Base */,
			);
			name = Main.storyboard;
			sourceTree = "<group>";
		};
/* End PBXVariantGroup section */

/* Begin XCBuildConfiguration section */
		632957651DBA99F000E11A10 /* Debug */ = {
			isa = XCBuildConfiguration;
			buildSettings = {
				ALWAYS_SEARCH_USER_PATHS = NO;
				CLANG_ANALYZER_NONNULL = YES;
				CLANG_CXX_LANGUAGE_STANDARD = "gnu++0x";
				CLANG_CXX_LIBRARY = "libc++";
				CLANG_ENABLE_MODULES = YES;
				CLANG_ENABLE_OBJC_ARC = YES;
				CLANG_WARN_BOOL_CONVERSION = YES;
				CLANG_WARN_CONSTANT_CONVERSION = YES;
				CLANG_WARN_DIRECT_OBJC_ISA_USAGE = YES_ERROR;
				CLANG_WARN_DOCUMENTATION_COMMENTS = YES;
				CLANG_WARN_EMPTY_BODY = YES;
				CLANG_WARN_ENUM_CONVERSION = YES;
				CLANG_WARN_INFINITE_RECURSION = YES;
				CLANG_WARN_INT_CONVERSION = YES;
				CLANG_WARN_OBJC_ROOT_CLASS = YES_ERROR;
				CLANG_WARN_SUSPICIOUS_MOVE = YES;
				CLANG_WARN_SUSPICIOUS_MOVES = YES;
				CLANG_WARN_UNREACHABLE_CODE = YES;
				CLANG_WARN__DUPLICATE_METHOD_MATCH = YES;
				CODE_SIGN_IDENTITY = "-";
				COPY_PHASE_STRIP = NO;
				DEBUG_INFORMATION_FORMAT = dwarf;
				ENABLE_STRICT_OBJC_MSGSEND = YES;
				ENABLE_TESTABILITY = YES;
				GCC_C_LANGUAGE_STANDARD = gnu99;
				GCC_DYNAMIC_NO_PIC = NO;
				GCC_NO_COMMON_BLOCKS = YES;
				GCC_OPTIMIZATION_LEVEL = 0;
				GCC_PREPROCESSOR_DEFINITIONS = (
					"DEBUG=1",
					"$(inherited)",
				);
				GCC_WARN_64_TO_32_BIT_CONVERSION = YES;
				GCC_WARN_ABOUT_RETURN_TYPE = YES_ERROR;
				GCC_WARN_UNDECLARED_SELECTOR = YES;
				GCC_WARN_UNINITIALIZED_AUTOS = YES_AGGRESSIVE;
				GCC_WARN_UNUSED_FUNCTION = YES;
				GCC_WARN_UNUSED_VARIABLE = YES;
				MACOSX_DEPLOYMENT_TARGET = 10.12;
				MTL_ENABLE_DEBUG_INFO = YES;
				ONLY_ACTIVE_ARCH = YES;
				SDKROOT = macosx;
				SWIFT_ACTIVE_COMPILATION_CONDITIONS = DEBUG;
				SWIFT_OPTIMIZATION_LEVEL = "-Onone";
			};
			name = Debug;
		};
		632957661DBA99F000E11A10 /* Release */ = {
			isa = XCBuildConfiguration;
			buildSettings = {
				ALWAYS_SEARCH_USER_PATHS = NO;
				CLANG_ANALYZER_NONNULL = YES;
				CLANG_CXX_LANGUAGE_STANDARD = "gnu++0x";
				CLANG_CXX_LIBRARY = "libc++";
				CLANG_ENABLE_MODULES = YES;
				CLANG_ENABLE_OBJC_ARC = YES;
				CLANG_WARN_BOOL_CONVERSION = YES;
				CLANG_WARN_CONSTANT_CONVERSION = YES;
				CLANG_WARN_DIRECT_OBJC_ISA_USAGE = YES_ERROR;
				CLANG_WARN_DOCUMENTATION_COMMENTS = YES;
				CLANG_WARN_EMPTY_BODY = YES;
				CLANG_WARN_ENUM_CONVERSION = YES;
				CLANG_WARN_INFINITE_RECURSION = YES;
				CLANG_WARN_INT_CONVERSION = YES;
				CLANG_WARN_OBJC_ROOT_CLASS = YES_ERROR;
				CLANG_WARN_SUSPICIOUS_MOVE = YES;
				CLANG_WARN_SUSPICIOUS_MOVES = YES;
				CLANG_WARN_UNREACHABLE_CODE = YES;
				CLANG_WARN__DUPLICATE_METHOD_MATCH = YES;
				CODE_SIGN_IDENTITY = "-";
				COPY_PHASE_STRIP = NO;
				DEBUG_INFORMATION_FORMAT = "dwarf-with-dsym";
				ENABLE_NS_ASSERTIONS = NO;
				ENABLE_STRICT_OBJC_MSGSEND = YES;
				GCC_C_LANGUAGE_STANDARD = gnu99;
				GCC_NO_COMMON_BLOCKS = YES;
				GCC_WARN_64_TO_32_BIT_CONVERSION = YES;
				GCC_WARN_ABOUT_RETURN_TYPE = YES_ERROR;
				GCC_WARN_UNDECLARED_SELECTOR = YES;
				GCC_WARN_UNINITIALIZED_AUTOS = YES_AGGRESSIVE;
				GCC_WARN_UNUSED_FUNCTION = YES;
				GCC_WARN_UNUSED_VARIABLE = YES;
				MACOSX_DEPLOYMENT_TARGET = 10.12;
				MTL_ENABLE_DEBUG_INFO = NO;
				SDKROOT = macosx;
				SWIFT_OPTIMIZATION_LEVEL = "-Owholemodule";
			};
			name = Release;
		};
		632957681DBA99F000E11A10 /* Debug */ = {
			isa = XCBuildConfiguration;
			buildSettings = {
				ASSETCATALOG_COMPILER_APPICON_NAME = AppIcon;
				COMBINE_HIDPI_IMAGES = YES;
				DEVELOPMENT_TEAM = 7ZT9GY93K7;
				FRAMEWORK_SEARCH_PATHS = (
					"$(inherited)",
					"$(PROJECT_DIR)/Carthage/Build/Mac",
				);
				INFOPLIST_FILE = TogglGoals/Info.plist;
				LD_RUNPATH_SEARCH_PATHS = "$(inherited) @executable_path/../Frameworks";
				PRODUCT_BUNDLE_IDENTIFIER = la.davi.TogglGoals;
				PRODUCT_NAME = "$(TARGET_NAME)";
				SWIFT_VERSION = 3.0;
			};
			name = Debug;
		};
		632957691DBA99F000E11A10 /* Release */ = {
			isa = XCBuildConfiguration;
			buildSettings = {
				ASSETCATALOG_COMPILER_APPICON_NAME = AppIcon;
				COMBINE_HIDPI_IMAGES = YES;
				DEVELOPMENT_TEAM = 7ZT9GY93K7;
				FRAMEWORK_SEARCH_PATHS = (
					"$(inherited)",
					"$(PROJECT_DIR)/Carthage/Build/Mac",
				);
				INFOPLIST_FILE = TogglGoals/Info.plist;
				LD_RUNPATH_SEARCH_PATHS = "$(inherited) @executable_path/../Frameworks";
				PRODUCT_BUNDLE_IDENTIFIER = la.davi.TogglGoals;
				PRODUCT_NAME = "$(TARGET_NAME)";
				SWIFT_VERSION = 3.0;
			};
			name = Release;
		};
		6329576B1DBA99F000E11A10 /* Debug */ = {
			isa = XCBuildConfiguration;
			buildSettings = {
				ALWAYS_EMBED_SWIFT_STANDARD_LIBRARIES = YES;
				BUNDLE_LOADER = "$(TEST_HOST)";
				COMBINE_HIDPI_IMAGES = YES;
				DEVELOPMENT_TEAM = 7ZT9GY93K7;
				FRAMEWORK_SEARCH_PATHS = (
					"$(inherited)",
					"$(PROJECT_DIR)/Carthage/Build/Mac",
				);
				INFOPLIST_FILE = TogglGoalsTests/Info.plist;
				LD_RUNPATH_SEARCH_PATHS = "$(inherited) @executable_path/../Frameworks @loader_path/../Frameworks";
				PRODUCT_BUNDLE_IDENTIFIER = la.davi.TogglGoalsTests;
				PRODUCT_NAME = "$(TARGET_NAME)";
				SWIFT_VERSION = 3.0;
				TEST_HOST = "$(BUILT_PRODUCTS_DIR)/TogglGoals.app/Contents/MacOS/TogglGoals";
			};
			name = Debug;
		};
		6329576C1DBA99F000E11A10 /* Release */ = {
			isa = XCBuildConfiguration;
			buildSettings = {
				ALWAYS_EMBED_SWIFT_STANDARD_LIBRARIES = YES;
				BUNDLE_LOADER = "$(TEST_HOST)";
				COMBINE_HIDPI_IMAGES = YES;
				DEVELOPMENT_TEAM = 7ZT9GY93K7;
				FRAMEWORK_SEARCH_PATHS = (
					"$(inherited)",
					"$(PROJECT_DIR)/Carthage/Build/Mac",
				);
				INFOPLIST_FILE = TogglGoalsTests/Info.plist;
				LD_RUNPATH_SEARCH_PATHS = "$(inherited) @executable_path/../Frameworks @loader_path/../Frameworks";
				PRODUCT_BUNDLE_IDENTIFIER = la.davi.TogglGoalsTests;
				PRODUCT_NAME = "$(TARGET_NAME)";
				SWIFT_VERSION = 3.0;
				TEST_HOST = "$(BUILT_PRODUCTS_DIR)/TogglGoals.app/Contents/MacOS/TogglGoals";
			};
			name = Release;
		};
		6329576E1DBA99F000E11A10 /* Debug */ = {
			isa = XCBuildConfiguration;
			buildSettings = {
				ALWAYS_EMBED_SWIFT_STANDARD_LIBRARIES = YES;
				COMBINE_HIDPI_IMAGES = YES;
				DEVELOPMENT_TEAM = 7ZT9GY93K7;
				INFOPLIST_FILE = TogglGoalsUITests/Info.plist;
				LD_RUNPATH_SEARCH_PATHS = "$(inherited) @executable_path/../Frameworks @loader_path/../Frameworks";
				PRODUCT_BUNDLE_IDENTIFIER = la.davi.TogglGoalsUITests;
				PRODUCT_NAME = "$(TARGET_NAME)";
				SWIFT_VERSION = 3.0;
				TEST_TARGET_NAME = TogglGoals;
			};
			name = Debug;
		};
		6329576F1DBA99F000E11A10 /* Release */ = {
			isa = XCBuildConfiguration;
			buildSettings = {
				ALWAYS_EMBED_SWIFT_STANDARD_LIBRARIES = YES;
				COMBINE_HIDPI_IMAGES = YES;
				DEVELOPMENT_TEAM = 7ZT9GY93K7;
				INFOPLIST_FILE = TogglGoalsUITests/Info.plist;
				LD_RUNPATH_SEARCH_PATHS = "$(inherited) @executable_path/../Frameworks @loader_path/../Frameworks";
				PRODUCT_BUNDLE_IDENTIFIER = la.davi.TogglGoalsUITests;
				PRODUCT_NAME = "$(TARGET_NAME)";
				SWIFT_VERSION = 3.0;
				TEST_TARGET_NAME = TogglGoals;
			};
			name = Release;
		};
/* End XCBuildConfiguration section */

/* Begin XCConfigurationList section */
		6329573D1DBA99F000E11A10 /* Build configuration list for PBXProject "TogglGoals" */ = {
			isa = XCConfigurationList;
			buildConfigurations = (
				632957651DBA99F000E11A10 /* Debug */,
				632957661DBA99F000E11A10 /* Release */,
			);
			defaultConfigurationIsVisible = 0;
			defaultConfigurationName = Release;
		};
		632957671DBA99F000E11A10 /* Build configuration list for PBXNativeTarget "TogglGoals" */ = {
			isa = XCConfigurationList;
			buildConfigurations = (
				632957681DBA99F000E11A10 /* Debug */,
				632957691DBA99F000E11A10 /* Release */,
			);
			defaultConfigurationIsVisible = 0;
			defaultConfigurationName = Release;
		};
		6329576A1DBA99F000E11A10 /* Build configuration list for PBXNativeTarget "TogglGoalsTests" */ = {
			isa = XCConfigurationList;
			buildConfigurations = (
				6329576B1DBA99F000E11A10 /* Debug */,
				6329576C1DBA99F000E11A10 /* Release */,
			);
			defaultConfigurationIsVisible = 0;
			defaultConfigurationName = Release;
		};
		6329576D1DBA99F000E11A10 /* Build configuration list for PBXNativeTarget "TogglGoalsUITests" */ = {
			isa = XCConfigurationList;
			buildConfigurations = (
				6329576E1DBA99F000E11A10 /* Debug */,
				6329576F1DBA99F000E11A10 /* Release */,
			);
			defaultConfigurationIsVisible = 0;
			defaultConfigurationName = Release;
		};
/* End XCConfigurationList section */
	};
	rootObject = 6329573A1DBA99F000E11A10 /* Project object */;
}
