// !$*UTF8*$!
{
	archiveVersion = 1;
	classes = {
	};
	objectVersion = 46;
	objects = {

/* Begin PBXBuildFile section */
		6310EFCB1FAC6D3700B42C44 /* Period.swift in Sources */ = {isa = PBXBuildFile; fileRef = 6310EFCA1FAC6D3700B42C44 /* Period.swift */; };
		6310EFCC1FAC6D3700B42C44 /* Period.swift in Sources */ = {isa = PBXBuildFile; fileRef = 6310EFCA1FAC6D3700B42C44 /* Period.swift */; };
		6310EFCD1FAC6D3700B42C44 /* Period.swift in Sources */ = {isa = PBXBuildFile; fileRef = 6310EFCA1FAC6D3700B42C44 /* Period.swift */; };
		6310EFCF1FAC6E8700B42C44 /* PeriodPreference.swift in Sources */ = {isa = PBXBuildFile; fileRef = 6310EFCE1FAC6E8700B42C44 /* PeriodPreference.swift */; };
		6310EFD01FAC6E8700B42C44 /* PeriodPreference.swift in Sources */ = {isa = PBXBuildFile; fileRef = 6310EFCE1FAC6E8700B42C44 /* PeriodPreference.swift */; };
		6310EFD11FAC6E8700B42C44 /* PeriodPreference.swift in Sources */ = {isa = PBXBuildFile; fileRef = 6310EFCE1FAC6E8700B42C44 /* PeriodPreference.swift */; };
		631E46301F9799190012E491 /* Preferences.storyboard in Resources */ = {isa = PBXBuildFile; fileRef = 631E462F1F9799190012E491 /* Preferences.storyboard */; };
		631E46311F9799190012E491 /* Preferences.storyboard in Resources */ = {isa = PBXBuildFile; fileRef = 631E462F1F9799190012E491 /* Preferences.storyboard */; };
		631E463F1F97CB730012E491 /* LoginViewController.swift in Sources */ = {isa = PBXBuildFile; fileRef = 631E463E1F97CB730012E491 /* LoginViewController.swift */; };
		631E46401F97CB730012E491 /* LoginViewController.swift in Sources */ = {isa = PBXBuildFile; fileRef = 631E463E1F97CB730012E491 /* LoginViewController.swift */; };
		631E46421F97CB980012E491 /* PreferencesViewController.swift in Sources */ = {isa = PBXBuildFile; fileRef = 631E46411F97CB980012E491 /* PreferencesViewController.swift */; };
		631E46431F97CB980012E491 /* PreferencesViewController.swift in Sources */ = {isa = PBXBuildFile; fileRef = 631E46411F97CB980012E491 /* PreferencesViewController.swift */; };
		6323099A1FEEE07E002F90E1 /* MakeRetrieveProjectsNetworkActionTest.swift in Sources */ = {isa = PBXBuildFile; fileRef = 632309991FEEE07E002F90E1 /* MakeRetrieveProjectsNetworkActionTest.swift */; };
		632957461DBA99F000E11A10 /* AppDelegate.swift in Sources */ = {isa = PBXBuildFile; fileRef = 632957451DBA99F000E11A10 /* AppDelegate.swift */; };
		6329574A1DBA99F000E11A10 /* Assets.xcassets in Resources */ = {isa = PBXBuildFile; fileRef = 632957491DBA99F000E11A10 /* Assets.xcassets */; };
		6329574D1DBA99F000E11A10 /* Main.storyboard in Resources */ = {isa = PBXBuildFile; fileRef = 6329574B1DBA99F000E11A10 /* Main.storyboard */; };
		632957631DBA99F000E11A10 /* TogglGoalsUITests.swift in Sources */ = {isa = PBXBuildFile; fileRef = 632957621DBA99F000E11A10 /* TogglGoalsUITests.swift */; };
		6333B6CA1F974348002CF189 /* ListLayout.swift in Sources */ = {isa = PBXBuildFile; fileRef = 6333B6C91F974348002CF189 /* ListLayout.swift */; };
		6333B6CB1F974348002CF189 /* ListLayout.swift in Sources */ = {isa = PBXBuildFile; fileRef = 6333B6C91F974348002CF189 /* ListLayout.swift */; };
		6333B6CC1F974348002CF189 /* ListLayout.swift in Sources */ = {isa = PBXBuildFile; fileRef = 6333B6C91F974348002CF189 /* ListLayout.swift */; };
		6333B6CE1F974690002CF189 /* Profile.swift in Sources */ = {isa = PBXBuildFile; fileRef = 6333B6CD1F974690002CF189 /* Profile.swift */; };
		6333B6CF1F974690002CF189 /* Profile.swift in Sources */ = {isa = PBXBuildFile; fileRef = 6333B6CD1F974690002CF189 /* Profile.swift */; };
		6333B6D01F974690002CF189 /* Profile.swift in Sources */ = {isa = PBXBuildFile; fileRef = 6333B6CD1F974690002CF189 /* Profile.swift */; };
		6333B6D21F9746E6002CF189 /* Project.swift in Sources */ = {isa = PBXBuildFile; fileRef = 6333B6D11F9746E6002CF189 /* Project.swift */; };
		6333B6D31F9746E6002CF189 /* Project.swift in Sources */ = {isa = PBXBuildFile; fileRef = 6333B6D11F9746E6002CF189 /* Project.swift */; };
		6333B6D41F9746E6002CF189 /* Project.swift in Sources */ = {isa = PBXBuildFile; fileRef = 6333B6D11F9746E6002CF189 /* Project.swift */; };
		6333B6D61F9746FD002CF189 /* WeekdaySelection.swift in Sources */ = {isa = PBXBuildFile; fileRef = 6333B6D51F9746FD002CF189 /* WeekdaySelection.swift */; };
		6333B6D71F9746FD002CF189 /* WeekdaySelection.swift in Sources */ = {isa = PBXBuildFile; fileRef = 6333B6D51F9746FD002CF189 /* WeekdaySelection.swift */; };
		6333B6D81F9746FD002CF189 /* WeekdaySelection.swift in Sources */ = {isa = PBXBuildFile; fileRef = 6333B6D51F9746FD002CF189 /* WeekdaySelection.swift */; };
		6333B6DE1F974741002CF189 /* TimeReport.swift in Sources */ = {isa = PBXBuildFile; fileRef = 6333B6DD1F974741002CF189 /* TimeReport.swift */; };
		6333B6DF1F974741002CF189 /* TimeReport.swift in Sources */ = {isa = PBXBuildFile; fileRef = 6333B6DD1F974741002CF189 /* TimeReport.swift */; };
		6333B6E01F974741002CF189 /* TimeReport.swift in Sources */ = {isa = PBXBuildFile; fileRef = 6333B6DD1F974741002CF189 /* TimeReport.swift */; };
		6333B6E21F974763002CF189 /* Goal.swift in Sources */ = {isa = PBXBuildFile; fileRef = 6333B6E11F974763002CF189 /* Goal.swift */; };
		6333B6E31F974763002CF189 /* Goal.swift in Sources */ = {isa = PBXBuildFile; fileRef = 6333B6E11F974763002CF189 /* Goal.swift */; };
		6333B6E41F974763002CF189 /* Goal.swift in Sources */ = {isa = PBXBuildFile; fileRef = 6333B6E11F974763002CF189 /* Goal.swift */; };
		6333B6E61F974791002CF189 /* RunningEntry.swift in Sources */ = {isa = PBXBuildFile; fileRef = 6333B6E51F974791002CF189 /* RunningEntry.swift */; };
		6333B6E71F974791002CF189 /* RunningEntry.swift in Sources */ = {isa = PBXBuildFile; fileRef = 6333B6E51F974791002CF189 /* RunningEntry.swift */; };
		6333B6E81F974791002CF189 /* RunningEntry.swift in Sources */ = {isa = PBXBuildFile; fileRef = 6333B6E51F974791002CF189 /* RunningEntry.swift */; };
		6343968A1F80456200FDADE3 /* GoalProgressTests.swift in Sources */ = {isa = PBXBuildFile; fileRef = 634396891F80456200FDADE3 /* GoalProgressTests.swift */; };
		6355C5B71FDF3A26003F4DDC /* CurrentDateGenerator.swift in Sources */ = {isa = PBXBuildFile; fileRef = 6355C5B61FDF3A26003F4DDC /* CurrentDateGenerator.swift */; };
		6355C5B81FDF3A26003F4DDC /* CurrentDateGenerator.swift in Sources */ = {isa = PBXBuildFile; fileRef = 6355C5B61FDF3A26003F4DDC /* CurrentDateGenerator.swift */; };
		6355C5B91FDF3A26003F4DDC /* CurrentDateGenerator.swift in Sources */ = {isa = PBXBuildFile; fileRef = 6355C5B61FDF3A26003F4DDC /* CurrentDateGenerator.swift */; };
		6355C5BA1FDF3A26003F4DDC /* CurrentDateGenerator.swift in Sources */ = {isa = PBXBuildFile; fileRef = 6355C5B61FDF3A26003F4DDC /* CurrentDateGenerator.swift */; };
		6355C5BC1FE13233003F4DDC /* TogglAPIDataRetriever.swift in Sources */ = {isa = PBXBuildFile; fileRef = 6355C5BB1FE13232003F4DDC /* TogglAPIDataRetriever.swift */; };
		6355C5BD1FE13233003F4DDC /* TogglAPIDataRetriever.swift in Sources */ = {isa = PBXBuildFile; fileRef = 6355C5BB1FE13232003F4DDC /* TogglAPIDataRetriever.swift */; };
		6355C5BE1FE13233003F4DDC /* TogglAPIDataRetriever.swift in Sources */ = {isa = PBXBuildFile; fileRef = 6355C5BB1FE13232003F4DDC /* TogglAPIDataRetriever.swift */; };
		6355C5BF1FE13233003F4DDC /* TogglAPIDataRetriever.swift in Sources */ = {isa = PBXBuildFile; fileRef = 6355C5BB1FE13232003F4DDC /* TogglAPIDataRetriever.swift */; };
		635DCE151FD326ED006FED93 /* ActionExtensions.swift in Sources */ = {isa = PBXBuildFile; fileRef = 635DCE141FD326ED006FED93 /* ActionExtensions.swift */; };
		635DCE161FD326ED006FED93 /* ActionExtensions.swift in Sources */ = {isa = PBXBuildFile; fileRef = 635DCE141FD326ED006FED93 /* ActionExtensions.swift */; };
		635DCE171FD326ED006FED93 /* ActionExtensions.swift in Sources */ = {isa = PBXBuildFile; fileRef = 635DCE141FD326ED006FED93 /* ActionExtensions.swift */; };
		635DCE181FD326ED006FED93 /* ActionExtensions.swift in Sources */ = {isa = PBXBuildFile; fileRef = 635DCE141FD326ED006FED93 /* ActionExtensions.swift */; };
		635DCE1A1FD68F7D006FED93 /* ProjectIDsByGoals.swift in Sources */ = {isa = PBXBuildFile; fileRef = 635DCE191FD68F7D006FED93 /* ProjectIDsByGoals.swift */; };
		635DCE1B1FD68F7D006FED93 /* ProjectIDsByGoals.swift in Sources */ = {isa = PBXBuildFile; fileRef = 635DCE191FD68F7D006FED93 /* ProjectIDsByGoals.swift */; };
		635DCE1C1FD68F7D006FED93 /* ProjectIDsByGoals.swift in Sources */ = {isa = PBXBuildFile; fileRef = 635DCE191FD68F7D006FED93 /* ProjectIDsByGoals.swift */; };
		635DCE1D1FD68F7D006FED93 /* ProjectIDsByGoals.swift in Sources */ = {isa = PBXBuildFile; fileRef = 635DCE191FD68F7D006FED93 /* ProjectIDsByGoals.swift */; };
		636687171E6DD7DC0066849C /* CountWeekdaysTests.swift in Sources */ = {isa = PBXBuildFile; fileRef = 636687161E6DD7DC0066849C /* CountWeekdaysTests.swift */; };
		637485611FD9E0F600EC7E87 /* ProjectIDsByGoalsTests.swift in Sources */ = {isa = PBXBuildFile; fileRef = 637485601FD9E0F600EC7E87 /* ProjectIDsByGoalsTests.swift */; };
		637A323E1EE16FD600667FC3 /* DayProgressViewController.swift in Sources */ = {isa = PBXBuildFile; fileRef = 637A32341EE16FD600667FC3 /* DayProgressViewController.swift */; };
		637A323F1EE16FD600667FC3 /* DayProgressViewController.swift in Sources */ = {isa = PBXBuildFile; fileRef = 637A32341EE16FD600667FC3 /* DayProgressViewController.swift */; };
		637A32401EE16FD600667FC3 /* EmptySelectionViewController.swift in Sources */ = {isa = PBXBuildFile; fileRef = 637A32351EE16FD600667FC3 /* EmptySelectionViewController.swift */; };
		637A32411EE16FD600667FC3 /* EmptySelectionViewController.swift in Sources */ = {isa = PBXBuildFile; fileRef = 637A32351EE16FD600667FC3 /* EmptySelectionViewController.swift */; };
		637A32421EE16FD600667FC3 /* TimeProgressViewController.swift in Sources */ = {isa = PBXBuildFile; fileRef = 637A32361EE16FD600667FC3 /* TimeProgressViewController.swift */; };
		637A32431EE16FD600667FC3 /* TimeProgressViewController.swift in Sources */ = {isa = PBXBuildFile; fileRef = 637A32361EE16FD600667FC3 /* TimeProgressViewController.swift */; };
		637A32441EE16FD600667FC3 /* GoalReportViewController.swift in Sources */ = {isa = PBXBuildFile; fileRef = 637A32371EE16FD600667FC3 /* GoalReportViewController.swift */; };
		637A32451EE16FD600667FC3 /* GoalReportViewController.swift in Sources */ = {isa = PBXBuildFile; fileRef = 637A32371EE16FD600667FC3 /* GoalReportViewController.swift */; };
		637A32461EE16FD600667FC3 /* GoalStrategyViewController.swift in Sources */ = {isa = PBXBuildFile; fileRef = 637A32381EE16FD600667FC3 /* GoalStrategyViewController.swift */; };
		637A32471EE16FD600667FC3 /* GoalStrategyViewController.swift in Sources */ = {isa = PBXBuildFile; fileRef = 637A32381EE16FD600667FC3 /* GoalStrategyViewController.swift */; };
		637A32481EE16FD600667FC3 /* GoalViewController.swift in Sources */ = {isa = PBXBuildFile; fileRef = 637A32391EE16FD600667FC3 /* GoalViewController.swift */; };
		637A32491EE16FD600667FC3 /* GoalViewController.swift in Sources */ = {isa = PBXBuildFile; fileRef = 637A32391EE16FD600667FC3 /* GoalViewController.swift */; };
		637A324A1EE16FD600667FC3 /* ProjectDetailsViewController.swift in Sources */ = {isa = PBXBuildFile; fileRef = 637A323A1EE16FD600667FC3 /* ProjectDetailsViewController.swift */; };
		637A324B1EE16FD600667FC3 /* ProjectDetailsViewController.swift in Sources */ = {isa = PBXBuildFile; fileRef = 637A323A1EE16FD600667FC3 /* ProjectDetailsViewController.swift */; };
		637A324C1EE16FD600667FC3 /* ProjectsListViewController.swift in Sources */ = {isa = PBXBuildFile; fileRef = 637A323B1EE16FD600667FC3 /* ProjectsListViewController.swift */; };
		637A324D1EE16FD600667FC3 /* ProjectsListViewController.swift in Sources */ = {isa = PBXBuildFile; fileRef = 637A323B1EE16FD600667FC3 /* ProjectsListViewController.swift */; };
		637A324E1EE16FD600667FC3 /* ProjectsMasterDetailController.swift in Sources */ = {isa = PBXBuildFile; fileRef = 637A323C1EE16FD600667FC3 /* ProjectsMasterDetailController.swift */; };
		637A324F1EE16FD600667FC3 /* ProjectsMasterDetailController.swift in Sources */ = {isa = PBXBuildFile; fileRef = 637A323C1EE16FD600667FC3 /* ProjectsMasterDetailController.swift */; };
		637A32501EE16FD600667FC3 /* SelectionDetailViewController.swift in Sources */ = {isa = PBXBuildFile; fileRef = 637A323D1EE16FD600667FC3 /* SelectionDetailViewController.swift */; };
		637A32511EE16FD600667FC3 /* SelectionDetailViewController.swift in Sources */ = {isa = PBXBuildFile; fileRef = 637A323D1EE16FD600667FC3 /* SelectionDetailViewController.swift */; };
		637A32561EE1727600667FC3 /* ProjectCollectionViewHeader.swift in Sources */ = {isa = PBXBuildFile; fileRef = 637A32521EE1727600667FC3 /* ProjectCollectionViewHeader.swift */; };
		637A32571EE1727600667FC3 /* ProjectCollectionViewHeader.swift in Sources */ = {isa = PBXBuildFile; fileRef = 637A32521EE1727600667FC3 /* ProjectCollectionViewHeader.swift */; };
		637A32581EE1727600667FC3 /* ProjectCollectionViewHeader.xib in Resources */ = {isa = PBXBuildFile; fileRef = 637A32531EE1727600667FC3 /* ProjectCollectionViewHeader.xib */; };
		637A32591EE1727600667FC3 /* ProjectCollectionViewHeader.xib in Resources */ = {isa = PBXBuildFile; fileRef = 637A32531EE1727600667FC3 /* ProjectCollectionViewHeader.xib */; };
		637A325A1EE1727600667FC3 /* ProjectCollectionViewItem.swift in Sources */ = {isa = PBXBuildFile; fileRef = 637A32541EE1727600667FC3 /* ProjectCollectionViewItem.swift */; };
		637A325B1EE1727600667FC3 /* ProjectCollectionViewItem.swift in Sources */ = {isa = PBXBuildFile; fileRef = 637A32541EE1727600667FC3 /* ProjectCollectionViewItem.swift */; };
		637A325C1EE1727600667FC3 /* ProjectCollectionViewItem.xib in Resources */ = {isa = PBXBuildFile; fileRef = 637A32551EE1727600667FC3 /* ProjectCollectionViewItem.xib */; };
		637A325D1EE1727600667FC3 /* ProjectCollectionViewItem.xib in Resources */ = {isa = PBXBuildFile; fileRef = 637A32551EE1727600667FC3 /* ProjectCollectionViewItem.xib */; };
		637A325F1EE1761C00667FC3 /* ContainmentSegue.swift in Sources */ = {isa = PBXBuildFile; fileRef = 637A325E1EE1761C00667FC3 /* ContainmentSegue.swift */; };
		637A32601EE1761C00667FC3 /* ContainmentSegue.swift in Sources */ = {isa = PBXBuildFile; fileRef = 637A325E1EE1761C00667FC3 /* ContainmentSegue.swift */; };
		637DA1FE202766C7000D7EB8 /* EnforceOnce.swift in Sources */ = {isa = PBXBuildFile; fileRef = 637DA1FD202766C7000D7EB8 /* EnforceOnce.swift */; };
		637DA1FF202766C7000D7EB8 /* EnforceOnce.swift in Sources */ = {isa = PBXBuildFile; fileRef = 637DA1FD202766C7000D7EB8 /* EnforceOnce.swift */; };
		637DA20020277F86000D7EB8 /* EnforceOnce.swift in Sources */ = {isa = PBXBuildFile; fileRef = 637DA1FD202766C7000D7EB8 /* EnforceOnce.swift */; };
		637DA203202797E0000D7EB8 /* ContainmentSegue.swift in Sources */ = {isa = PBXBuildFile; fileRef = 637A325E1EE1761C00667FC3 /* ContainmentSegue.swift */; };
		637DA204202A302A000D7EB8 /* Result.framework in Embed Frameworks */ = {isa = PBXBuildFile; fileRef = 63D7EAA12008C2BB00635AD1 /* Result.framework */; settings = {ATTRIBUTES = (CodeSignOnCopy, RemoveHeadersOnCopy, ); }; };
		637DA205202A3030000D7EB8 /* ReactiveSwift.framework in Embed Frameworks */ = {isa = PBXBuildFile; fileRef = 63D7EAA02008C2BB00635AD1 /* ReactiveSwift.framework */; settings = {ATTRIBUTES = (CodeSignOnCopy, RemoveHeadersOnCopy, ); }; };
		637DA206202A3037000D7EB8 /* ReactiveCocoa.framework in Embed Frameworks */ = {isa = PBXBuildFile; fileRef = 63D7EA9F2008C2BB00635AD1 /* ReactiveCocoa.framework */; settings = {ATTRIBUTES = (CodeSignOnCopy, RemoveHeadersOnCopy, ); }; };
		637DA207202A303F000D7EB8 /* SQLite.framework in Embed Frameworks */ = {isa = PBXBuildFile; fileRef = 63D7EAA22008C2BB00635AD1 /* SQLite.framework */; settings = {ATTRIBUTES = (CodeSignOnCopy, RemoveHeadersOnCopy, ); }; };
		639E94A81F812223009B27CB /* TimeIntervalExtensions.swift in Sources */ = {isa = PBXBuildFile; fileRef = 639E94A71F812223009B27CB /* TimeIntervalExtensions.swift */; };
		639E94A91F812223009B27CB /* TimeIntervalExtensions.swift in Sources */ = {isa = PBXBuildFile; fileRef = 639E94A71F812223009B27CB /* TimeIntervalExtensions.swift */; };
		639E94AA1F812223009B27CB /* TimeIntervalExtensions.swift in Sources */ = {isa = PBXBuildFile; fileRef = 639E94A71F812223009B27CB /* TimeIntervalExtensions.swift */; };
		63A67F311FCD9A97004BEFC6 /* RetrieveProfileNetworkAction.swift in Sources */ = {isa = PBXBuildFile; fileRef = 63A67F301FCD9A97004BEFC6 /* RetrieveProfileNetworkAction.swift */; };
		63A67F321FCD9A97004BEFC6 /* RetrieveProfileNetworkAction.swift in Sources */ = {isa = PBXBuildFile; fileRef = 63A67F301FCD9A97004BEFC6 /* RetrieveProfileNetworkAction.swift */; };
		63A67F331FCD9A97004BEFC6 /* RetrieveProfileNetworkAction.swift in Sources */ = {isa = PBXBuildFile; fileRef = 63A67F301FCD9A97004BEFC6 /* RetrieveProfileNetworkAction.swift */; };
		63A67F341FCD9A97004BEFC6 /* RetrieveProfileNetworkAction.swift in Sources */ = {isa = PBXBuildFile; fileRef = 63A67F301FCD9A97004BEFC6 /* RetrieveProfileNetworkAction.swift */; };
		63A67F361FCD9B16004BEFC6 /* RetrieveProjectsNetworkAction.swift in Sources */ = {isa = PBXBuildFile; fileRef = 63A67F351FCD9B16004BEFC6 /* RetrieveProjectsNetworkAction.swift */; };
		63A67F371FCD9B16004BEFC6 /* RetrieveProjectsNetworkAction.swift in Sources */ = {isa = PBXBuildFile; fileRef = 63A67F351FCD9B16004BEFC6 /* RetrieveProjectsNetworkAction.swift */; };
		63A67F381FCD9B16004BEFC6 /* RetrieveProjectsNetworkAction.swift in Sources */ = {isa = PBXBuildFile; fileRef = 63A67F351FCD9B16004BEFC6 /* RetrieveProjectsNetworkAction.swift */; };
		63A67F391FCD9B16004BEFC6 /* RetrieveProjectsNetworkAction.swift in Sources */ = {isa = PBXBuildFile; fileRef = 63A67F351FCD9B16004BEFC6 /* RetrieveProjectsNetworkAction.swift */; };
		63A67F3B1FCD9B60004BEFC6 /* RetrieveReportsNetworkAction.swift in Sources */ = {isa = PBXBuildFile; fileRef = 63A67F3A1FCD9B60004BEFC6 /* RetrieveReportsNetworkAction.swift */; };
		63A67F3C1FCD9B60004BEFC6 /* RetrieveReportsNetworkAction.swift in Sources */ = {isa = PBXBuildFile; fileRef = 63A67F3A1FCD9B60004BEFC6 /* RetrieveReportsNetworkAction.swift */; };
		63A67F3D1FCD9B60004BEFC6 /* RetrieveReportsNetworkAction.swift in Sources */ = {isa = PBXBuildFile; fileRef = 63A67F3A1FCD9B60004BEFC6 /* RetrieveReportsNetworkAction.swift */; };
		63A67F3E1FCD9B60004BEFC6 /* RetrieveReportsNetworkAction.swift in Sources */ = {isa = PBXBuildFile; fileRef = 63A67F3A1FCD9B60004BEFC6 /* RetrieveReportsNetworkAction.swift */; };
		63A67F401FCD9BE4004BEFC6 /* RetrieveRunningEntryNetworkAction.swift in Sources */ = {isa = PBXBuildFile; fileRef = 63A67F3F1FCD9BE4004BEFC6 /* RetrieveRunningEntryNetworkAction.swift */; };
		63A67F411FCD9BE4004BEFC6 /* RetrieveRunningEntryNetworkAction.swift in Sources */ = {isa = PBXBuildFile; fileRef = 63A67F3F1FCD9BE4004BEFC6 /* RetrieveRunningEntryNetworkAction.swift */; };
		63A67F421FCD9BE4004BEFC6 /* RetrieveRunningEntryNetworkAction.swift in Sources */ = {isa = PBXBuildFile; fileRef = 63A67F3F1FCD9BE4004BEFC6 /* RetrieveRunningEntryNetworkAction.swift */; };
		63A67F431FCD9BE4004BEFC6 /* RetrieveRunningEntryNetworkAction.swift in Sources */ = {isa = PBXBuildFile; fileRef = 63A67F3F1FCD9BE4004BEFC6 /* RetrieveRunningEntryNetworkAction.swift */; };
		63A67F451FCD9C77004BEFC6 /* URLSessionExtensions.swift in Sources */ = {isa = PBXBuildFile; fileRef = 63A67F441FCD9C77004BEFC6 /* URLSessionExtensions.swift */; };
		63A67F461FCD9C77004BEFC6 /* URLSessionExtensions.swift in Sources */ = {isa = PBXBuildFile; fileRef = 63A67F441FCD9C77004BEFC6 /* URLSessionExtensions.swift */; };
		63A67F471FCD9C77004BEFC6 /* URLSessionExtensions.swift in Sources */ = {isa = PBXBuildFile; fileRef = 63A67F441FCD9C77004BEFC6 /* URLSessionExtensions.swift */; };
		63A67F481FCD9C77004BEFC6 /* URLSessionExtensions.swift in Sources */ = {isa = PBXBuildFile; fileRef = 63A67F441FCD9C77004BEFC6 /* URLSessionExtensions.swift */; };
		63A67F4A1FCD9D42004BEFC6 /* APIAccessError.swift in Sources */ = {isa = PBXBuildFile; fileRef = 63A67F491FCD9D42004BEFC6 /* APIAccessError.swift */; };
		63A67F4B1FCD9D42004BEFC6 /* APIAccessError.swift in Sources */ = {isa = PBXBuildFile; fileRef = 63A67F491FCD9D42004BEFC6 /* APIAccessError.swift */; };
		63A67F4C1FCD9D42004BEFC6 /* APIAccessError.swift in Sources */ = {isa = PBXBuildFile; fileRef = 63A67F491FCD9D42004BEFC6 /* APIAccessError.swift */; };
		63A67F4D1FCD9D42004BEFC6 /* APIAccessError.swift in Sources */ = {isa = PBXBuildFile; fileRef = 63A67F491FCD9D42004BEFC6 /* APIAccessError.swift */; };
		63A67F511FCDA1CF004BEFC6 /* RetrieveProfileCacheAction.swift in Sources */ = {isa = PBXBuildFile; fileRef = 63A67F501FCDA1CF004BEFC6 /* RetrieveProfileCacheAction.swift */; };
		63A67F521FCDA1CF004BEFC6 /* RetrieveProfileCacheAction.swift in Sources */ = {isa = PBXBuildFile; fileRef = 63A67F501FCDA1CF004BEFC6 /* RetrieveProfileCacheAction.swift */; };
		63A67F531FCDA1CF004BEFC6 /* RetrieveProfileCacheAction.swift in Sources */ = {isa = PBXBuildFile; fileRef = 63A67F501FCDA1CF004BEFC6 /* RetrieveProfileCacheAction.swift */; };
		63A67F541FCDA1CF004BEFC6 /* RetrieveProfileCacheAction.swift in Sources */ = {isa = PBXBuildFile; fileRef = 63A67F501FCDA1CF004BEFC6 /* RetrieveProfileCacheAction.swift */; };
		63A67F561FCDA1E1004BEFC6 /* StoreProfileCacheAction.swift in Sources */ = {isa = PBXBuildFile; fileRef = 63A67F551FCDA1E1004BEFC6 /* StoreProfileCacheAction.swift */; };
		63A67F571FCDA1E1004BEFC6 /* StoreProfileCacheAction.swift in Sources */ = {isa = PBXBuildFile; fileRef = 63A67F551FCDA1E1004BEFC6 /* StoreProfileCacheAction.swift */; };
		63A67F581FCDA1E1004BEFC6 /* StoreProfileCacheAction.swift in Sources */ = {isa = PBXBuildFile; fileRef = 63A67F551FCDA1E1004BEFC6 /* StoreProfileCacheAction.swift */; };
		63A67F591FCDA1E1004BEFC6 /* StoreProfileCacheAction.swift in Sources */ = {isa = PBXBuildFile; fileRef = 63A67F551FCDA1E1004BEFC6 /* StoreProfileCacheAction.swift */; };
		63AB08131FB6305200565D87 /* PreferenceStore.swift in Sources */ = {isa = PBXBuildFile; fileRef = 63AB08121FB6305200565D87 /* PreferenceStore.swift */; };
		63AB08141FB6305200565D87 /* PreferenceStore.swift in Sources */ = {isa = PBXBuildFile; fileRef = 63AB08121FB6305200565D87 /* PreferenceStore.swift */; };
		63AB08151FB6305200565D87 /* PreferenceStore.swift in Sources */ = {isa = PBXBuildFile; fileRef = 63AB08121FB6305200565D87 /* PreferenceStore.swift */; };
		63AB08171FB630DE00565D87 /* GoalPeriodsPreferencesViewController.swift in Sources */ = {isa = PBXBuildFile; fileRef = 63AB08161FB630DE00565D87 /* GoalPeriodsPreferencesViewController.swift */; };
		63AB08191FB630DE00565D87 /* GoalPeriodsPreferencesViewController.swift in Sources */ = {isa = PBXBuildFile; fileRef = 63AB08161FB630DE00565D87 /* GoalPeriodsPreferencesViewController.swift */; };
		63AB08241FB77C5100565D87 /* TogglGoals_MacOS.h in Headers */ = {isa = PBXBuildFile; fileRef = 63AB08221FB77C5100565D87 /* TogglGoals_MacOS.h */; settings = {ATTRIBUTES = (Public, ); }; };
		63AB082C1FB77CB500565D87 /* Profile.swift in Sources */ = {isa = PBXBuildFile; fileRef = 6333B6CD1F974690002CF189 /* Profile.swift */; };
		63AB082D1FB77CB500565D87 /* Project.swift in Sources */ = {isa = PBXBuildFile; fileRef = 6333B6D11F9746E6002CF189 /* Project.swift */; };
		63AB082E1FB77CB500565D87 /* WeekdaySelection.swift in Sources */ = {isa = PBXBuildFile; fileRef = 6333B6D51F9746FD002CF189 /* WeekdaySelection.swift */; };
		63AB082F1FB77CB500565D87 /* TimeReport.swift in Sources */ = {isa = PBXBuildFile; fileRef = 6333B6DD1F974741002CF189 /* TimeReport.swift */; };
		63AB08301FB77CB500565D87 /* Goal.swift in Sources */ = {isa = PBXBuildFile; fileRef = 6333B6E11F974763002CF189 /* Goal.swift */; };
		63AB08311FB77CB500565D87 /* RunningEntry.swift in Sources */ = {isa = PBXBuildFile; fileRef = 6333B6E51F974791002CF189 /* RunningEntry.swift */; };
		63AB08321FB77CB500565D87 /* ModelCoordinator.swift in Sources */ = {isa = PBXBuildFile; fileRef = 63D4BBA01F7D80FC00B87298 /* ModelCoordinator.swift */; };
		63AB08331FB77CB500565D87 /* GoalsStore.swift in Sources */ = {isa = PBXBuildFile; fileRef = 63D4BB9D1F7D80FC00B87298 /* GoalsStore.swift */; };
		63AB08351FB77CB500565D87 /* GoalProgress.swift in Sources */ = {isa = PBXBuildFile; fileRef = 63D4BB9C1F7D80FC00B87298 /* GoalProgress.swift */; };
		63AB08361FB77CB500565D87 /* TogglAPICredential.swift in Sources */ = {isa = PBXBuildFile; fileRef = 63D4BBA41F7D80FC00B87298 /* TogglAPICredential.swift */; };
		63AB08381FB77CB500565D87 /* DateTimeExtensions.swift in Sources */ = {isa = PBXBuildFile; fileRef = 63D4BB9B1F7D80FC00B87298 /* DateTimeExtensions.swift */; };
		63AB08391FB77CB500565D87 /* PropertyExtensions.swift in Sources */ = {isa = PBXBuildFile; fileRef = 63D4BBA21F7D80FC00B87298 /* PropertyExtensions.swift */; };
		63AB083A1FB77CB500565D87 /* SignalProducerExtensions.swift in Sources */ = {isa = PBXBuildFile; fileRef = 63D4BBA31F7D80FC00B87298 /* SignalProducerExtensions.swift */; };
		63AB083B1FB77CB500565D87 /* TimeIntervalExtensions.swift in Sources */ = {isa = PBXBuildFile; fileRef = 639E94A71F812223009B27CB /* TimeIntervalExtensions.swift */; };
		63AB083C1FB77CB500565D87 /* Period.swift in Sources */ = {isa = PBXBuildFile; fileRef = 6310EFCA1FAC6D3700B42C44 /* Period.swift */; };
		63AB083D1FB77CB500565D87 /* PeriodPreference.swift in Sources */ = {isa = PBXBuildFile; fileRef = 6310EFCE1FAC6E8700B42C44 /* PeriodPreference.swift */; };
		63AB083E1FB77CB500565D87 /* PreferenceStore.swift in Sources */ = {isa = PBXBuildFile; fileRef = 63AB08121FB6305200565D87 /* PreferenceStore.swift */; };
		63B1BBE71FBE2570001E9FBE /* ReportPeriodsProducer.swift in Sources */ = {isa = PBXBuildFile; fileRef = 63B1BBE61FBE2570001E9FBE /* ReportPeriodsProducer.swift */; };
		63B1BBE81FBE2570001E9FBE /* ReportPeriodsProducer.swift in Sources */ = {isa = PBXBuildFile; fileRef = 63B1BBE61FBE2570001E9FBE /* ReportPeriodsProducer.swift */; };
		63B1BBE91FBE2570001E9FBE /* ReportPeriodsProducer.swift in Sources */ = {isa = PBXBuildFile; fileRef = 63B1BBE61FBE2570001E9FBE /* ReportPeriodsProducer.swift */; };
		63B1BBEA1FBE2570001E9FBE /* ReportPeriodsProducer.swift in Sources */ = {isa = PBXBuildFile; fileRef = 63B1BBE61FBE2570001E9FBE /* ReportPeriodsProducer.swift */; };
		63B42E211FF54E1500BEA529 /* ProjectsListActivitySplitViewController.swift in Sources */ = {isa = PBXBuildFile; fileRef = 63B42E201FF54E1500BEA529 /* ProjectsListActivitySplitViewController.swift */; };
		63B42E231FF54E1500BEA529 /* ProjectsListActivitySplitViewController.swift in Sources */ = {isa = PBXBuildFile; fileRef = 63B42E201FF54E1500BEA529 /* ProjectsListActivitySplitViewController.swift */; };
		63C329331FEFBA63008AB9F2 /* MakeRetrieveReportsNetworkActionTest.swift in Sources */ = {isa = PBXBuildFile; fileRef = 63C329321FEFBA63008AB9F2 /* MakeRetrieveReportsNetworkActionTest.swift */; };
		63D4BBA71F7D821800B87298 /* DateTimeExtensions.swift in Sources */ = {isa = PBXBuildFile; fileRef = 63D4BB9B1F7D80FC00B87298 /* DateTimeExtensions.swift */; };
		63D4BBA81F7D821800B87298 /* GoalProgress.swift in Sources */ = {isa = PBXBuildFile; fileRef = 63D4BB9C1F7D80FC00B87298 /* GoalProgress.swift */; };
		63D4BBA91F7D821800B87298 /* GoalsStore.swift in Sources */ = {isa = PBXBuildFile; fileRef = 63D4BB9D1F7D80FC00B87298 /* GoalsStore.swift */; };
		63D4BBAC1F7D821800B87298 /* ModelCoordinator.swift in Sources */ = {isa = PBXBuildFile; fileRef = 63D4BBA01F7D80FC00B87298 /* ModelCoordinator.swift */; };
		63D4BBAE1F7D821800B87298 /* PropertyExtensions.swift in Sources */ = {isa = PBXBuildFile; fileRef = 63D4BBA21F7D80FC00B87298 /* PropertyExtensions.swift */; };
		63D4BBAF1F7D821800B87298 /* SignalProducerExtensions.swift in Sources */ = {isa = PBXBuildFile; fileRef = 63D4BBA31F7D80FC00B87298 /* SignalProducerExtensions.swift */; };
		63D4BBB01F7D821800B87298 /* TogglAPICredential.swift in Sources */ = {isa = PBXBuildFile; fileRef = 63D4BBA41F7D80FC00B87298 /* TogglAPICredential.swift */; };
		63D4BBB31F7D821800B87298 /* DateTimeExtensions.swift in Sources */ = {isa = PBXBuildFile; fileRef = 63D4BB9B1F7D80FC00B87298 /* DateTimeExtensions.swift */; };
		63D4BBB41F7D821800B87298 /* GoalProgress.swift in Sources */ = {isa = PBXBuildFile; fileRef = 63D4BB9C1F7D80FC00B87298 /* GoalProgress.swift */; };
		63D4BBB51F7D821800B87298 /* GoalsStore.swift in Sources */ = {isa = PBXBuildFile; fileRef = 63D4BB9D1F7D80FC00B87298 /* GoalsStore.swift */; };
		63D4BBB81F7D821800B87298 /* ModelCoordinator.swift in Sources */ = {isa = PBXBuildFile; fileRef = 63D4BBA01F7D80FC00B87298 /* ModelCoordinator.swift */; };
		63D4BBBA1F7D821800B87298 /* PropertyExtensions.swift in Sources */ = {isa = PBXBuildFile; fileRef = 63D4BBA21F7D80FC00B87298 /* PropertyExtensions.swift */; };
		63D4BBBB1F7D821800B87298 /* SignalProducerExtensions.swift in Sources */ = {isa = PBXBuildFile; fileRef = 63D4BBA31F7D80FC00B87298 /* SignalProducerExtensions.swift */; };
		63D4BBBC1F7D821800B87298 /* TogglAPICredential.swift in Sources */ = {isa = PBXBuildFile; fileRef = 63D4BBA41F7D80FC00B87298 /* TogglAPICredential.swift */; };
		63D4BBBF1F7D821900B87298 /* DateTimeExtensions.swift in Sources */ = {isa = PBXBuildFile; fileRef = 63D4BB9B1F7D80FC00B87298 /* DateTimeExtensions.swift */; };
		63D4BBC01F7D821900B87298 /* GoalProgress.swift in Sources */ = {isa = PBXBuildFile; fileRef = 63D4BB9C1F7D80FC00B87298 /* GoalProgress.swift */; };
		63D4BBC11F7D821900B87298 /* GoalsStore.swift in Sources */ = {isa = PBXBuildFile; fileRef = 63D4BB9D1F7D80FC00B87298 /* GoalsStore.swift */; };
		63D4BBC41F7D821900B87298 /* ModelCoordinator.swift in Sources */ = {isa = PBXBuildFile; fileRef = 63D4BBA01F7D80FC00B87298 /* ModelCoordinator.swift */; };
		63D4BBC61F7D821900B87298 /* PropertyExtensions.swift in Sources */ = {isa = PBXBuildFile; fileRef = 63D4BBA21F7D80FC00B87298 /* PropertyExtensions.swift */; };
		63D4BBC71F7D821900B87298 /* SignalProducerExtensions.swift in Sources */ = {isa = PBXBuildFile; fileRef = 63D4BBA31F7D80FC00B87298 /* SignalProducerExtensions.swift */; };
		63D4BBC81F7D821900B87298 /* TogglAPICredential.swift in Sources */ = {isa = PBXBuildFile; fileRef = 63D4BBA41F7D80FC00B87298 /* TogglAPICredential.swift */; };
		63D4BBD71F7D84A500B87298 /* ProjectsMasterDetailWindowController.swift in Sources */ = {isa = PBXBuildFile; fileRef = 63D4BB961F7D7FF800B87298 /* ProjectsMasterDetailWindowController.swift */; };
		63D4BBD81F7D84A600B87298 /* ProjectsMasterDetailWindowController.swift in Sources */ = {isa = PBXBuildFile; fileRef = 63D4BB961F7D7FF800B87298 /* ProjectsMasterDetailWindowController.swift */; };
		63D4FF2F1F5AD839006368A3 /* MainMenu.xib in Resources */ = {isa = PBXBuildFile; fileRef = 63D4FF2E1F5AD839006368A3 /* MainMenu.xib */; };
		63D4FF301F5AD839006368A3 /* MainMenu.xib in Resources */ = {isa = PBXBuildFile; fileRef = 63D4FF2E1F5AD839006368A3 /* MainMenu.xib */; };
		63D4FF311F5AD839006368A3 /* MainMenu.xib in Resources */ = {isa = PBXBuildFile; fileRef = 63D4FF2E1F5AD839006368A3 /* MainMenu.xib */; };
		63D7EA9B2008C2BB00635AD1 /* ReactiveCocoa.framework in Frameworks */ = {isa = PBXBuildFile; fileRef = 63D7EA9F2008C2BB00635AD1 /* ReactiveCocoa.framework */; };
		63D7EA9C2008C2BB00635AD1 /* ReactiveSwift.framework in Frameworks */ = {isa = PBXBuildFile; fileRef = 63D7EAA02008C2BB00635AD1 /* ReactiveSwift.framework */; };
		63D7EA9D2008C2BB00635AD1 /* Result.framework in Frameworks */ = {isa = PBXBuildFile; fileRef = 63D7EAA12008C2BB00635AD1 /* Result.framework */; };
		63D7EA9E2008C2BB00635AD1 /* SQLite.framework in Frameworks */ = {isa = PBXBuildFile; fileRef = 63D7EAA22008C2BB00635AD1 /* SQLite.framework */; };
		63DC61981FEA4FCA00ABB2DA /* TogglAPIDataRetrieverTest.swift in Sources */ = {isa = PBXBuildFile; fileRef = 63DC61971FEA4FCA00ABB2DA /* TogglAPIDataRetrieverTest.swift */; };
		63DC619A1FED068B00ABB2DA /* TogglAPINetworkRetriever.swift in Sources */ = {isa = PBXBuildFile; fileRef = 63DC61991FED068B00ABB2DA /* TogglAPINetworkRetriever.swift */; };
		63DC619B1FED068B00ABB2DA /* TogglAPINetworkRetriever.swift in Sources */ = {isa = PBXBuildFile; fileRef = 63DC61991FED068B00ABB2DA /* TogglAPINetworkRetriever.swift */; };
		63DC619C1FED068B00ABB2DA /* TogglAPINetworkRetriever.swift in Sources */ = {isa = PBXBuildFile; fileRef = 63DC61991FED068B00ABB2DA /* TogglAPINetworkRetriever.swift */; };
		63DC619D1FED068B00ABB2DA /* TogglAPINetworkRetriever.swift in Sources */ = {isa = PBXBuildFile; fileRef = 63DC61991FED068B00ABB2DA /* TogglAPINetworkRetriever.swift */; };
		63EAD8E61E7ECDB10061158C /* DateTimeExtensionsTests.swift in Sources */ = {isa = PBXBuildFile; fileRef = 63EAD8E51E7ECDB10061158C /* DateTimeExtensionsTests.swift */; };
		63ED27591FAA45B50041BCA4 /* FindClosestMatchingWeekdayTests.swift in Sources */ = {isa = PBXBuildFile; fileRef = 63ED27581FAA45B50041BCA4 /* FindClosestMatchingWeekdayTests.swift */; };
		63FEAF491FFB835F00CA23F5 /* ActivityCollectionViewProgressItem.swift in Sources */ = {isa = PBXBuildFile; fileRef = 63FEAF471FFB835F00CA23F5 /* ActivityCollectionViewProgressItem.swift */; };
		63FEAF4A1FFB835F00CA23F5 /* ActivityCollectionViewProgressItem.swift in Sources */ = {isa = PBXBuildFile; fileRef = 63FEAF471FFB835F00CA23F5 /* ActivityCollectionViewProgressItem.swift */; };
		63FEAF4B1FFB835F00CA23F5 /* ActivityCollectionViewProgressItem.xib in Resources */ = {isa = PBXBuildFile; fileRef = 63FEAF481FFB835F00CA23F5 /* ActivityCollectionViewProgressItem.xib */; };
		63FEAF4C1FFB835F00CA23F5 /* ActivityCollectionViewProgressItem.xib in Resources */ = {isa = PBXBuildFile; fileRef = 63FEAF481FFB835F00CA23F5 /* ActivityCollectionViewProgressItem.xib */; };
		63FEAF4F1FFB838100CA23F5 /* ActivityCollectionViewErrorItem.swift in Sources */ = {isa = PBXBuildFile; fileRef = 63FEAF4D1FFB838100CA23F5 /* ActivityCollectionViewErrorItem.swift */; };
		63FEAF501FFB838100CA23F5 /* ActivityCollectionViewErrorItem.swift in Sources */ = {isa = PBXBuildFile; fileRef = 63FEAF4D1FFB838100CA23F5 /* ActivityCollectionViewErrorItem.swift */; };
		63FEAF511FFB838100CA23F5 /* ActivityCollectionViewErrorItem.xib in Resources */ = {isa = PBXBuildFile; fileRef = 63FEAF4E1FFB838100CA23F5 /* ActivityCollectionViewErrorItem.xib */; };
		63FEAF521FFB838100CA23F5 /* ActivityCollectionViewErrorItem.xib in Resources */ = {isa = PBXBuildFile; fileRef = 63FEAF4E1FFB838100CA23F5 /* ActivityCollectionViewErrorItem.xib */; };
		63FEAF551FFB83A200CA23F5 /* ActivityCollectionViewSuccessItem.swift in Sources */ = {isa = PBXBuildFile; fileRef = 63FEAF531FFB83A200CA23F5 /* ActivityCollectionViewSuccessItem.swift */; };
		63FEAF561FFB83A200CA23F5 /* ActivityCollectionViewSuccessItem.swift in Sources */ = {isa = PBXBuildFile; fileRef = 63FEAF531FFB83A200CA23F5 /* ActivityCollectionViewSuccessItem.swift */; };
		63FEAF571FFB83A200CA23F5 /* ActivityCollectionViewSuccessItem.xib in Resources */ = {isa = PBXBuildFile; fileRef = 63FEAF541FFB83A200CA23F5 /* ActivityCollectionViewSuccessItem.xib */; };
		63FEAF581FFB83A200CA23F5 /* ActivityCollectionViewSuccessItem.xib in Resources */ = {isa = PBXBuildFile; fileRef = 63FEAF541FFB83A200CA23F5 /* ActivityCollectionViewSuccessItem.xib */; };
		63FEAF5A200009E300CA23F5 /* ActivityViewController.swift in Sources */ = {isa = PBXBuildFile; fileRef = 63FEAF59200009E300CA23F5 /* ActivityViewController.swift */; };
		63FEAF5B200009E300CA23F5 /* ActivityViewController.swift in Sources */ = {isa = PBXBuildFile; fileRef = 63FEAF59200009E300CA23F5 /* ActivityViewController.swift */; };
/* End PBXBuildFile section */

/* Begin PBXContainerItemProxy section */
		632957541DBA99F000E11A10 /* PBXContainerItemProxy */ = {
			isa = PBXContainerItemProxy;
			containerPortal = 6329573A1DBA99F000E11A10 /* Project object */;
			proxyType = 1;
			remoteGlobalIDString = 632957411DBA99F000E11A10;
			remoteInfo = TogglGoals;
		};
		6329575F1DBA99F000E11A10 /* PBXContainerItemProxy */ = {
			isa = PBXContainerItemProxy;
			containerPortal = 6329573A1DBA99F000E11A10 /* Project object */;
			proxyType = 1;
			remoteGlobalIDString = 632957411DBA99F000E11A10;
			remoteInfo = TogglGoals;
		};
		63AB08251FB77C5100565D87 /* PBXContainerItemProxy */ = {
			isa = PBXContainerItemProxy;
			containerPortal = 6329573A1DBA99F000E11A10 /* Project object */;
			proxyType = 1;
			remoteGlobalIDString = 63AB081F1FB77C5100565D87;
			remoteInfo = "TogglGoals-MacOS";
		};
/* End PBXContainerItemProxy section */

/* Begin PBXCopyFilesBuildPhase section */
		632EEBEF1E42789100608D01 /* Embed Frameworks */ = {
			isa = PBXCopyFilesBuildPhase;
			buildActionMask = 2147483647;
			dstPath = "";
			dstSubfolderSpec = 10;
			files = (
				637DA207202A303F000D7EB8 /* SQLite.framework in Embed Frameworks */,
				637DA206202A3037000D7EB8 /* ReactiveCocoa.framework in Embed Frameworks */,
				637DA205202A3030000D7EB8 /* ReactiveSwift.framework in Embed Frameworks */,
				637DA204202A302A000D7EB8 /* Result.framework in Embed Frameworks */,
			);
			name = "Embed Frameworks";
			runOnlyForDeploymentPostprocessing = 0;
		};
		632EEBF01E4278CD00608D01 /* CopyFiles */ = {
			isa = PBXCopyFilesBuildPhase;
			buildActionMask = 2147483647;
			dstPath = "";
			dstSubfolderSpec = 16;
			files = (
			);
			runOnlyForDeploymentPostprocessing = 0;
		};
/* End PBXCopyFilesBuildPhase section */

/* Begin PBXFileReference section */
		6310EFCA1FAC6D3700B42C44 /* Period.swift */ = {isa = PBXFileReference; lastKnownFileType = sourcecode.swift; path = Period.swift; sourceTree = "<group>"; };
		6310EFCE1FAC6E8700B42C44 /* PeriodPreference.swift */ = {isa = PBXFileReference; lastKnownFileType = sourcecode.swift; path = PeriodPreference.swift; sourceTree = "<group>"; };
		631E462F1F9799190012E491 /* Preferences.storyboard */ = {isa = PBXFileReference; lastKnownFileType = file.storyboard; path = Preferences.storyboard; sourceTree = "<group>"; };
		631E463E1F97CB730012E491 /* LoginViewController.swift */ = {isa = PBXFileReference; lastKnownFileType = sourcecode.swift; name = LoginViewController.swift; path = ViewControllers/LoginViewController.swift; sourceTree = "<group>"; };
		631E46411F97CB980012E491 /* PreferencesViewController.swift */ = {isa = PBXFileReference; lastKnownFileType = sourcecode.swift; name = PreferencesViewController.swift; path = ViewControllers/PreferencesViewController.swift; sourceTree = "<group>"; };
		632309991FEEE07E002F90E1 /* MakeRetrieveProjectsNetworkActionTest.swift */ = {isa = PBXFileReference; lastKnownFileType = sourcecode.swift; path = MakeRetrieveProjectsNetworkActionTest.swift; sourceTree = "<group>"; };
		632957421DBA99F000E11A10 /* TogglGoals.app */ = {isa = PBXFileReference; explicitFileType = wrapper.application; includeInIndex = 0; path = TogglGoals.app; sourceTree = BUILT_PRODUCTS_DIR; };
		632957451DBA99F000E11A10 /* AppDelegate.swift */ = {isa = PBXFileReference; lastKnownFileType = sourcecode.swift; path = AppDelegate.swift; sourceTree = "<group>"; };
		632957491DBA99F000E11A10 /* Assets.xcassets */ = {isa = PBXFileReference; lastKnownFileType = folder.assetcatalog; path = Assets.xcassets; sourceTree = "<group>"; };
		6329574C1DBA99F000E11A10 /* Base */ = {isa = PBXFileReference; lastKnownFileType = file.storyboard; name = Base; path = Base.lproj/Main.storyboard; sourceTree = "<group>"; };
		6329574E1DBA99F000E11A10 /* Info.plist */ = {isa = PBXFileReference; lastKnownFileType = text.plist.xml; path = Info.plist; sourceTree = "<group>"; };
		632957531DBA99F000E11A10 /* TogglGoalsTests.xctest */ = {isa = PBXFileReference; explicitFileType = wrapper.cfbundle; includeInIndex = 0; path = TogglGoalsTests.xctest; sourceTree = BUILT_PRODUCTS_DIR; };
		632957591DBA99F000E11A10 /* Info.plist */ = {isa = PBXFileReference; lastKnownFileType = text.plist.xml; path = Info.plist; sourceTree = "<group>"; };
		6329575E1DBA99F000E11A10 /* TogglGoalsUITests.xctest */ = {isa = PBXFileReference; explicitFileType = wrapper.cfbundle; includeInIndex = 0; path = TogglGoalsUITests.xctest; sourceTree = BUILT_PRODUCTS_DIR; };
		632957621DBA99F000E11A10 /* TogglGoalsUITests.swift */ = {isa = PBXFileReference; lastKnownFileType = sourcecode.swift; path = TogglGoalsUITests.swift; sourceTree = "<group>"; };
		632957641DBA99F000E11A10 /* Info.plist */ = {isa = PBXFileReference; lastKnownFileType = text.plist.xml; path = Info.plist; sourceTree = "<group>"; };
		6333B6C91F974348002CF189 /* ListLayout.swift */ = {isa = PBXFileReference; lastKnownFileType = sourcecode.swift; path = ListLayout.swift; sourceTree = "<group>"; };
		6333B6CD1F974690002CF189 /* Profile.swift */ = {isa = PBXFileReference; lastKnownFileType = sourcecode.swift; path = Profile.swift; sourceTree = "<group>"; };
		6333B6D11F9746E6002CF189 /* Project.swift */ = {isa = PBXFileReference; lastKnownFileType = sourcecode.swift; path = Project.swift; sourceTree = "<group>"; };
		6333B6D51F9746FD002CF189 /* WeekdaySelection.swift */ = {isa = PBXFileReference; lastKnownFileType = sourcecode.swift; path = WeekdaySelection.swift; sourceTree = "<group>"; };
		6333B6DD1F974741002CF189 /* TimeReport.swift */ = {isa = PBXFileReference; lastKnownFileType = sourcecode.swift; path = TimeReport.swift; sourceTree = "<group>"; };
		6333B6E11F974763002CF189 /* Goal.swift */ = {isa = PBXFileReference; lastKnownFileType = sourcecode.swift; path = Goal.swift; sourceTree = "<group>"; };
		6333B6E51F974791002CF189 /* RunningEntry.swift */ = {isa = PBXFileReference; lastKnownFileType = sourcecode.swift; path = RunningEntry.swift; sourceTree = "<group>"; };
		634396891F80456200FDADE3 /* GoalProgressTests.swift */ = {isa = PBXFileReference; lastKnownFileType = sourcecode.swift; path = GoalProgressTests.swift; sourceTree = "<group>"; };
		6355C5B61FDF3A26003F4DDC /* CurrentDateGenerator.swift */ = {isa = PBXFileReference; lastKnownFileType = sourcecode.swift; path = CurrentDateGenerator.swift; sourceTree = "<group>"; };
		6355C5BB1FE13232003F4DDC /* TogglAPIDataRetriever.swift */ = {isa = PBXFileReference; lastKnownFileType = sourcecode.swift; path = TogglAPIDataRetriever.swift; sourceTree = "<group>"; };
		635DCE141FD326ED006FED93 /* ActionExtensions.swift */ = {isa = PBXFileReference; lastKnownFileType = sourcecode.swift; path = ActionExtensions.swift; sourceTree = "<group>"; };
		635DCE191FD68F7D006FED93 /* ProjectIDsByGoals.swift */ = {isa = PBXFileReference; lastKnownFileType = sourcecode.swift; path = ProjectIDsByGoals.swift; sourceTree = "<group>"; };
		636687161E6DD7DC0066849C /* CountWeekdaysTests.swift */ = {isa = PBXFileReference; fileEncoding = 4; lastKnownFileType = sourcecode.swift; path = CountWeekdaysTests.swift; sourceTree = "<group>"; };
		637485601FD9E0F600EC7E87 /* ProjectIDsByGoalsTests.swift */ = {isa = PBXFileReference; lastKnownFileType = sourcecode.swift; path = ProjectIDsByGoalsTests.swift; sourceTree = "<group>"; };
		637A32341EE16FD600667FC3 /* DayProgressViewController.swift */ = {isa = PBXFileReference; fileEncoding = 4; lastKnownFileType = sourcecode.swift; name = DayProgressViewController.swift; path = ViewControllers/DayProgressViewController.swift; sourceTree = "<group>"; };
		637A32351EE16FD600667FC3 /* EmptySelectionViewController.swift */ = {isa = PBXFileReference; fileEncoding = 4; lastKnownFileType = sourcecode.swift; name = EmptySelectionViewController.swift; path = ViewControllers/EmptySelectionViewController.swift; sourceTree = "<group>"; };
		637A32361EE16FD600667FC3 /* TimeProgressViewController.swift */ = {isa = PBXFileReference; fileEncoding = 4; lastKnownFileType = sourcecode.swift; name = TimeProgressViewController.swift; path = ViewControllers/TimeProgressViewController.swift; sourceTree = "<group>"; };
		637A32371EE16FD600667FC3 /* GoalReportViewController.swift */ = {isa = PBXFileReference; fileEncoding = 4; lastKnownFileType = sourcecode.swift; name = GoalReportViewController.swift; path = ViewControllers/GoalReportViewController.swift; sourceTree = "<group>"; };
		637A32381EE16FD600667FC3 /* GoalStrategyViewController.swift */ = {isa = PBXFileReference; fileEncoding = 4; lastKnownFileType = sourcecode.swift; name = GoalStrategyViewController.swift; path = ViewControllers/GoalStrategyViewController.swift; sourceTree = "<group>"; };
		637A32391EE16FD600667FC3 /* GoalViewController.swift */ = {isa = PBXFileReference; fileEncoding = 4; lastKnownFileType = sourcecode.swift; name = GoalViewController.swift; path = ViewControllers/GoalViewController.swift; sourceTree = "<group>"; };
		637A323A1EE16FD600667FC3 /* ProjectDetailsViewController.swift */ = {isa = PBXFileReference; fileEncoding = 4; lastKnownFileType = sourcecode.swift; name = ProjectDetailsViewController.swift; path = ViewControllers/ProjectDetailsViewController.swift; sourceTree = "<group>"; };
		637A323B1EE16FD600667FC3 /* ProjectsListViewController.swift */ = {isa = PBXFileReference; fileEncoding = 4; lastKnownFileType = sourcecode.swift; name = ProjectsListViewController.swift; path = ViewControllers/ProjectsListViewController.swift; sourceTree = "<group>"; };
		637A323C1EE16FD600667FC3 /* ProjectsMasterDetailController.swift */ = {isa = PBXFileReference; fileEncoding = 4; lastKnownFileType = sourcecode.swift; name = ProjectsMasterDetailController.swift; path = ViewControllers/ProjectsMasterDetailController.swift; sourceTree = "<group>"; };
		637A323D1EE16FD600667FC3 /* SelectionDetailViewController.swift */ = {isa = PBXFileReference; fileEncoding = 4; lastKnownFileType = sourcecode.swift; name = SelectionDetailViewController.swift; path = ViewControllers/SelectionDetailViewController.swift; sourceTree = "<group>"; };
		637A32521EE1727600667FC3 /* ProjectCollectionViewHeader.swift */ = {isa = PBXFileReference; fileEncoding = 4; lastKnownFileType = sourcecode.swift; path = ProjectCollectionViewHeader.swift; sourceTree = "<group>"; };
		637A32531EE1727600667FC3 /* ProjectCollectionViewHeader.xib */ = {isa = PBXFileReference; fileEncoding = 4; lastKnownFileType = file.xib; path = ProjectCollectionViewHeader.xib; sourceTree = "<group>"; };
		637A32541EE1727600667FC3 /* ProjectCollectionViewItem.swift */ = {isa = PBXFileReference; fileEncoding = 4; lastKnownFileType = sourcecode.swift; path = ProjectCollectionViewItem.swift; sourceTree = "<group>"; };
		637A32551EE1727600667FC3 /* ProjectCollectionViewItem.xib */ = {isa = PBXFileReference; fileEncoding = 4; lastKnownFileType = file.xib; path = ProjectCollectionViewItem.xib; sourceTree = "<group>"; };
		637A325E1EE1761C00667FC3 /* ContainmentSegue.swift */ = {isa = PBXFileReference; fileEncoding = 4; lastKnownFileType = sourcecode.swift; path = ContainmentSegue.swift; sourceTree = "<group>"; };
		637DA1FD202766C7000D7EB8 /* EnforceOnce.swift */ = {isa = PBXFileReference; lastKnownFileType = sourcecode.swift; path = EnforceOnce.swift; sourceTree = "<group>"; };
		639E94A71F812223009B27CB /* TimeIntervalExtensions.swift */ = {isa = PBXFileReference; lastKnownFileType = sourcecode.swift; path = TimeIntervalExtensions.swift; sourceTree = "<group>"; };
		63A67F301FCD9A97004BEFC6 /* RetrieveProfileNetworkAction.swift */ = {isa = PBXFileReference; lastKnownFileType = sourcecode.swift; path = RetrieveProfileNetworkAction.swift; sourceTree = "<group>"; };
		63A67F351FCD9B16004BEFC6 /* RetrieveProjectsNetworkAction.swift */ = {isa = PBXFileReference; lastKnownFileType = sourcecode.swift; path = RetrieveProjectsNetworkAction.swift; sourceTree = "<group>"; };
		63A67F3A1FCD9B60004BEFC6 /* RetrieveReportsNetworkAction.swift */ = {isa = PBXFileReference; lastKnownFileType = sourcecode.swift; path = RetrieveReportsNetworkAction.swift; sourceTree = "<group>"; };
		63A67F3F1FCD9BE4004BEFC6 /* RetrieveRunningEntryNetworkAction.swift */ = {isa = PBXFileReference; lastKnownFileType = sourcecode.swift; path = RetrieveRunningEntryNetworkAction.swift; sourceTree = "<group>"; };
		63A67F441FCD9C77004BEFC6 /* URLSessionExtensions.swift */ = {isa = PBXFileReference; lastKnownFileType = sourcecode.swift; path = URLSessionExtensions.swift; sourceTree = "<group>"; };
		63A67F491FCD9D42004BEFC6 /* APIAccessError.swift */ = {isa = PBXFileReference; lastKnownFileType = sourcecode.swift; path = APIAccessError.swift; sourceTree = "<group>"; };
		63A67F501FCDA1CF004BEFC6 /* RetrieveProfileCacheAction.swift */ = {isa = PBXFileReference; lastKnownFileType = sourcecode.swift; path = RetrieveProfileCacheAction.swift; sourceTree = "<group>"; };
		63A67F551FCDA1E1004BEFC6 /* StoreProfileCacheAction.swift */ = {isa = PBXFileReference; lastKnownFileType = sourcecode.swift; path = StoreProfileCacheAction.swift; sourceTree = "<group>"; };
		63AB08121FB6305200565D87 /* PreferenceStore.swift */ = {isa = PBXFileReference; fileEncoding = 4; lastKnownFileType = sourcecode.swift; path = PreferenceStore.swift; sourceTree = "<group>"; };
		63AB08161FB630DE00565D87 /* GoalPeriodsPreferencesViewController.swift */ = {isa = PBXFileReference; fileEncoding = 4; lastKnownFileType = sourcecode.swift; name = GoalPeriodsPreferencesViewController.swift; path = ViewControllers/GoalPeriodsPreferencesViewController.swift; sourceTree = "<group>"; };
		63AB08201FB77C5100565D87 /* TogglGoals_MacOS.framework */ = {isa = PBXFileReference; explicitFileType = wrapper.framework; includeInIndex = 0; path = TogglGoals_MacOS.framework; sourceTree = BUILT_PRODUCTS_DIR; };
		63AB08221FB77C5100565D87 /* TogglGoals_MacOS.h */ = {isa = PBXFileReference; lastKnownFileType = sourcecode.c.h; path = TogglGoals_MacOS.h; sourceTree = "<group>"; };
		63AB08231FB77C5100565D87 /* Info.plist */ = {isa = PBXFileReference; lastKnownFileType = text.plist.xml; path = Info.plist; sourceTree = "<group>"; };
		63B1BBE61FBE2570001E9FBE /* ReportPeriodsProducer.swift */ = {isa = PBXFileReference; lastKnownFileType = sourcecode.swift; path = ReportPeriodsProducer.swift; sourceTree = "<group>"; };
		63B42E201FF54E1500BEA529 /* ProjectsListActivitySplitViewController.swift */ = {isa = PBXFileReference; lastKnownFileType = sourcecode.swift; path = ProjectsListActivitySplitViewController.swift; sourceTree = "<group>"; };
		63C329321FEFBA63008AB9F2 /* MakeRetrieveReportsNetworkActionTest.swift */ = {isa = PBXFileReference; lastKnownFileType = sourcecode.swift; path = MakeRetrieveReportsNetworkActionTest.swift; sourceTree = "<group>"; };
		63D4BB961F7D7FF800B87298 /* ProjectsMasterDetailWindowController.swift */ = {isa = PBXFileReference; lastKnownFileType = sourcecode.swift; path = ProjectsMasterDetailWindowController.swift; sourceTree = "<group>"; };
		63D4BB9B1F7D80FC00B87298 /* DateTimeExtensions.swift */ = {isa = PBXFileReference; lastKnownFileType = sourcecode.swift; path = DateTimeExtensions.swift; sourceTree = "<group>"; };
		63D4BB9C1F7D80FC00B87298 /* GoalProgress.swift */ = {isa = PBXFileReference; lastKnownFileType = sourcecode.swift; path = GoalProgress.swift; sourceTree = "<group>"; };
		63D4BB9D1F7D80FC00B87298 /* GoalsStore.swift */ = {isa = PBXFileReference; lastKnownFileType = sourcecode.swift; path = GoalsStore.swift; sourceTree = "<group>"; };
		63D4BBA01F7D80FC00B87298 /* ModelCoordinator.swift */ = {isa = PBXFileReference; lastKnownFileType = sourcecode.swift; path = ModelCoordinator.swift; sourceTree = "<group>"; };
		63D4BBA21F7D80FC00B87298 /* PropertyExtensions.swift */ = {isa = PBXFileReference; lastKnownFileType = sourcecode.swift; path = PropertyExtensions.swift; sourceTree = "<group>"; };
		63D4BBA31F7D80FC00B87298 /* SignalProducerExtensions.swift */ = {isa = PBXFileReference; lastKnownFileType = sourcecode.swift; path = SignalProducerExtensions.swift; sourceTree = "<group>"; };
		63D4BBA41F7D80FC00B87298 /* TogglAPICredential.swift */ = {isa = PBXFileReference; lastKnownFileType = sourcecode.swift; path = TogglAPICredential.swift; sourceTree = "<group>"; };
		63D4FF2E1F5AD839006368A3 /* MainMenu.xib */ = {isa = PBXFileReference; lastKnownFileType = file.xib; path = MainMenu.xib; sourceTree = "<group>"; };
		63D7EA9F2008C2BB00635AD1 /* ReactiveCocoa.framework */ = {isa = PBXFileReference; explicitFileType = wrapper.framework; path = ReactiveCocoa.framework; sourceTree = BUILT_PRODUCTS_DIR; };
		63D7EAA02008C2BB00635AD1 /* ReactiveSwift.framework */ = {isa = PBXFileReference; explicitFileType = wrapper.framework; path = ReactiveSwift.framework; sourceTree = BUILT_PRODUCTS_DIR; };
		63D7EAA12008C2BB00635AD1 /* Result.framework */ = {isa = PBXFileReference; explicitFileType = wrapper.framework; path = Result.framework; sourceTree = BUILT_PRODUCTS_DIR; };
		63D7EAA22008C2BB00635AD1 /* SQLite.framework */ = {isa = PBXFileReference; explicitFileType = wrapper.framework; path = SQLite.framework; sourceTree = BUILT_PRODUCTS_DIR; };
		63DC61971FEA4FCA00ABB2DA /* TogglAPIDataRetrieverTest.swift */ = {isa = PBXFileReference; lastKnownFileType = sourcecode.swift; path = TogglAPIDataRetrieverTest.swift; sourceTree = "<group>"; };
		63DC61991FED068B00ABB2DA /* TogglAPINetworkRetriever.swift */ = {isa = PBXFileReference; lastKnownFileType = sourcecode.swift; path = TogglAPINetworkRetriever.swift; sourceTree = "<group>"; };
		63EAD8E51E7ECDB10061158C /* DateTimeExtensionsTests.swift */ = {isa = PBXFileReference; fileEncoding = 4; lastKnownFileType = sourcecode.swift; path = DateTimeExtensionsTests.swift; sourceTree = "<group>"; };
		63ED27581FAA45B50041BCA4 /* FindClosestMatchingWeekdayTests.swift */ = {isa = PBXFileReference; lastKnownFileType = sourcecode.swift; path = FindClosestMatchingWeekdayTests.swift; sourceTree = "<group>"; };
		63FEAF471FFB835F00CA23F5 /* ActivityCollectionViewProgressItem.swift */ = {isa = PBXFileReference; lastKnownFileType = sourcecode.swift; path = ActivityCollectionViewProgressItem.swift; sourceTree = "<group>"; };
		63FEAF481FFB835F00CA23F5 /* ActivityCollectionViewProgressItem.xib */ = {isa = PBXFileReference; lastKnownFileType = file.xib; path = ActivityCollectionViewProgressItem.xib; sourceTree = "<group>"; };
		63FEAF4D1FFB838100CA23F5 /* ActivityCollectionViewErrorItem.swift */ = {isa = PBXFileReference; lastKnownFileType = sourcecode.swift; path = ActivityCollectionViewErrorItem.swift; sourceTree = "<group>"; };
		63FEAF4E1FFB838100CA23F5 /* ActivityCollectionViewErrorItem.xib */ = {isa = PBXFileReference; lastKnownFileType = file.xib; path = ActivityCollectionViewErrorItem.xib; sourceTree = "<group>"; };
		63FEAF531FFB83A200CA23F5 /* ActivityCollectionViewSuccessItem.swift */ = {isa = PBXFileReference; lastKnownFileType = sourcecode.swift; path = ActivityCollectionViewSuccessItem.swift; sourceTree = "<group>"; };
		63FEAF541FFB83A200CA23F5 /* ActivityCollectionViewSuccessItem.xib */ = {isa = PBXFileReference; lastKnownFileType = file.xib; path = ActivityCollectionViewSuccessItem.xib; sourceTree = "<group>"; };
		63FEAF59200009E300CA23F5 /* ActivityViewController.swift */ = {isa = PBXFileReference; fileEncoding = 4; lastKnownFileType = sourcecode.swift; name = ActivityViewController.swift; path = ViewControllers/ActivityViewController.swift; sourceTree = "<group>"; };
/* End PBXFileReference section */

/* Begin PBXFrameworksBuildPhase section */
		6329573F1DBA99F000E11A10 /* Frameworks */ = {
			isa = PBXFrameworksBuildPhase;
			buildActionMask = 2147483647;
			files = (
				63D7EA9D2008C2BB00635AD1 /* Result.framework in Frameworks */,
				63D7EA9C2008C2BB00635AD1 /* ReactiveSwift.framework in Frameworks */,
				63D7EA9B2008C2BB00635AD1 /* ReactiveCocoa.framework in Frameworks */,
				63D7EA9E2008C2BB00635AD1 /* SQLite.framework in Frameworks */,
			);
			runOnlyForDeploymentPostprocessing = 0;
		};
		632957501DBA99F000E11A10 /* Frameworks */ = {
			isa = PBXFrameworksBuildPhase;
			buildActionMask = 2147483647;
			files = (
			);
			runOnlyForDeploymentPostprocessing = 0;
		};
		6329575B1DBA99F000E11A10 /* Frameworks */ = {
			isa = PBXFrameworksBuildPhase;
			buildActionMask = 2147483647;
			files = (
			);
			runOnlyForDeploymentPostprocessing = 0;
		};
		63AB081C1FB77C5100565D87 /* Frameworks */ = {
			isa = PBXFrameworksBuildPhase;
			buildActionMask = 2147483647;
			files = (
			);
			runOnlyForDeploymentPostprocessing = 0;
		};
/* End PBXFrameworksBuildPhase section */

/* Begin PBXGroup section */
		632957391DBA99F000E11A10 = {
			isa = PBXGroup;
			children = (
				632957441DBA99F000E11A10 /* TogglGoals */,
				632957561DBA99F000E11A10 /* TogglGoalsTests */,
				632957611DBA99F000E11A10 /* TogglGoalsUITests */,
				63AB08211FB77C5100565D87 /* TogglGoals-MacOS */,
				632957431DBA99F000E11A10 /* Products */,
				63EAD8DA1DC6A97C001E7889 /* Frameworks */,
			);
			sourceTree = "<group>";
		};
		632957431DBA99F000E11A10 /* Products */ = {
			isa = PBXGroup;
			children = (
				632957421DBA99F000E11A10 /* TogglGoals.app */,
				632957531DBA99F000E11A10 /* TogglGoalsTests.xctest */,
				6329575E1DBA99F000E11A10 /* TogglGoalsUITests.xctest */,
				63AB08201FB77C5100565D87 /* TogglGoals_MacOS.framework */,
			);
			name = Products;
			sourceTree = "<group>";
		};
		632957441DBA99F000E11A10 /* TogglGoals */ = {
			isa = PBXGroup;
			children = (
				6329574E1DBA99F000E11A10 /* Info.plist */,
				63D4FF2E1F5AD839006368A3 /* MainMenu.xib */,
				632957451DBA99F000E11A10 /* AppDelegate.swift */,
				6329574B1DBA99F000E11A10 /* Main.storyboard */,
				631E462F1F9799190012E491 /* Preferences.storyboard */,
				63D4BB951F7D7FF800B87298 /* Window Controllers */,
				637A32331EE16E7600667FC3 /* View Controllers */,
				63D4BB981F7D80FC00B87298 /* Model */,
				632957491DBA99F000E11A10 /* Assets.xcassets */,
			);
			path = TogglGoals;
			sourceTree = "<group>";
		};
		632957561DBA99F000E11A10 /* TogglGoalsTests */ = {
			isa = PBXGroup;
			children = (
				632957591DBA99F000E11A10 /* Info.plist */,
				636687161E6DD7DC0066849C /* CountWeekdaysTests.swift */,
				63EAD8E51E7ECDB10061158C /* DateTimeExtensionsTests.swift */,
				63ED27581FAA45B50041BCA4 /* FindClosestMatchingWeekdayTests.swift */,
				634396891F80456200FDADE3 /* GoalProgressTests.swift */,
				637485601FD9E0F600EC7E87 /* ProjectIDsByGoalsTests.swift */,
				63DC61971FEA4FCA00ABB2DA /* TogglAPIDataRetrieverTest.swift */,
				632309991FEEE07E002F90E1 /* MakeRetrieveProjectsNetworkActionTest.swift */,
				63C329321FEFBA63008AB9F2 /* MakeRetrieveReportsNetworkActionTest.swift */,
			);
			path = TogglGoalsTests;
			sourceTree = "<group>";
		};
		632957611DBA99F000E11A10 /* TogglGoalsUITests */ = {
			isa = PBXGroup;
			children = (
				632957621DBA99F000E11A10 /* TogglGoalsUITests.swift */,
				632957641DBA99F000E11A10 /* Info.plist */,
			);
			path = TogglGoalsUITests;
			sourceTree = "<group>";
		};
		637A32331EE16E7600667FC3 /* View Controllers */ = {
			isa = PBXGroup;
			children = (
				637A323C1EE16FD600667FC3 /* ProjectsMasterDetailController.swift */,
				63B42E201FF54E1500BEA529 /* ProjectsListActivitySplitViewController.swift */,
				637A323B1EE16FD600667FC3 /* ProjectsListViewController.swift */,
				637DA208202B814D000D7EB8 /* ProjectCollectionViewItems */,
				63FEAF59200009E300CA23F5 /* ActivityViewController.swift */,
				63FEAF401FFB831800CA23F5 /* ActivityCollectionViewItems */,
				637A323D1EE16FD600667FC3 /* SelectionDetailViewController.swift */,
				637A32351EE16FD600667FC3 /* EmptySelectionViewController.swift */,
				637A323A1EE16FD600667FC3 /* ProjectDetailsViewController.swift */,
				637A32391EE16FD600667FC3 /* GoalViewController.swift */,
				637A32371EE16FD600667FC3 /* GoalReportViewController.swift */,
				637A32361EE16FD600667FC3 /* TimeProgressViewController.swift */,
				637A32381EE16FD600667FC3 /* GoalStrategyViewController.swift */,
				637A32341EE16FD600667FC3 /* DayProgressViewController.swift */,
				637DA202202797AF000D7EB8 /* CollectionViewLayout */,
				631E46411F97CB980012E491 /* PreferencesViewController.swift */,
				631E463E1F97CB730012E491 /* LoginViewController.swift */,
				63AB08161FB630DE00565D87 /* GoalPeriodsPreferencesViewController.swift */,
				637DA20120279230000D7EB8 /* Util */,
			);
			name = "View Controllers";
			sourceTree = "<group>";
		};
		637DA20120279230000D7EB8 /* Util */ = {
			isa = PBXGroup;
			children = (
				637A325E1EE1761C00667FC3 /* ContainmentSegue.swift */,
				637DA1FD202766C7000D7EB8 /* EnforceOnce.swift */,
			);
			path = Util;
			sourceTree = "<group>";
		};
		637DA202202797AF000D7EB8 /* CollectionViewLayout */ = {
			isa = PBXGroup;
			children = (
				6333B6C91F974348002CF189 /* ListLayout.swift */,
			);
			path = CollectionViewLayout;
			sourceTree = "<group>";
		};
		637DA208202B814D000D7EB8 /* ProjectCollectionViewItems */ = {
			isa = PBXGroup;
			children = (
				637A32531EE1727600667FC3 /* ProjectCollectionViewHeader.xib */,
				637A32521EE1727600667FC3 /* ProjectCollectionViewHeader.swift */,
				637A32551EE1727600667FC3 /* ProjectCollectionViewItem.xib */,
				637A32541EE1727600667FC3 /* ProjectCollectionViewItem.swift */,
			);
			path = ProjectCollectionViewItems;
			sourceTree = "<group>";
		};
		63A67F2E1FCD9A35004BEFC6 /* APIAccess */ = {
			isa = PBXGroup;
			children = (
				63D4BBA41F7D80FC00B87298 /* TogglAPICredential.swift */,
				63A67F441FCD9C77004BEFC6 /* URLSessionExtensions.swift */,
				63A67F491FCD9D42004BEFC6 /* APIAccessError.swift */,
				63A67F2F1FCD9A5D004BEFC6 /* NetworkActions */,
				63A67F4E1FCDA18F004BEFC6 /* OfflineCache */,
			);
			path = APIAccess;
			sourceTree = "<group>";
		};
		63A67F2F1FCD9A5D004BEFC6 /* NetworkActions */ = {
			isa = PBXGroup;
			children = (
				63DC61991FED068B00ABB2DA /* TogglAPINetworkRetriever.swift */,
				63A67F301FCD9A97004BEFC6 /* RetrieveProfileNetworkAction.swift */,
				63A67F351FCD9B16004BEFC6 /* RetrieveProjectsNetworkAction.swift */,
				63A67F3A1FCD9B60004BEFC6 /* RetrieveReportsNetworkAction.swift */,
				63A67F3F1FCD9BE4004BEFC6 /* RetrieveRunningEntryNetworkAction.swift */,
			);
			path = NetworkActions;
			sourceTree = "<group>";
		};
		63A67F4E1FCDA18F004BEFC6 /* OfflineCache */ = {
			isa = PBXGroup;
			children = (
				63A67F4F1FCDA1A0004BEFC6 /* CacheActions */,
			);
			path = OfflineCache;
			sourceTree = "<group>";
		};
		63A67F4F1FCDA1A0004BEFC6 /* CacheActions */ = {
			isa = PBXGroup;
			children = (
				63A67F501FCDA1CF004BEFC6 /* RetrieveProfileCacheAction.swift */,
				63A67F551FCDA1E1004BEFC6 /* StoreProfileCacheAction.swift */,
			);
			path = CacheActions;
			sourceTree = "<group>";
		};
		63AB08211FB77C5100565D87 /* TogglGoals-MacOS */ = {
			isa = PBXGroup;
			children = (
				63AB08221FB77C5100565D87 /* TogglGoals_MacOS.h */,
				63AB08231FB77C5100565D87 /* Info.plist */,
			);
			path = "TogglGoals-MacOS";
			sourceTree = "<group>";
		};
		63D4BB951F7D7FF800B87298 /* Window Controllers */ = {
			isa = PBXGroup;
			children = (
				63D4BB961F7D7FF800B87298 /* ProjectsMasterDetailWindowController.swift */,
			);
			path = "Window Controllers";
			sourceTree = "<group>";
		};
		63D4BB981F7D80FC00B87298 /* Model */ = {
			isa = PBXGroup;
			children = (
				6333B6CD1F974690002CF189 /* Profile.swift */,
				6333B6D11F9746E6002CF189 /* Project.swift */,
				6333B6D51F9746FD002CF189 /* WeekdaySelection.swift */,
				6333B6DD1F974741002CF189 /* TimeReport.swift */,
				6333B6E11F974763002CF189 /* Goal.swift */,
				6333B6E51F974791002CF189 /* RunningEntry.swift */,
				63A67F2E1FCD9A35004BEFC6 /* APIAccess */,
				63D4BBA01F7D80FC00B87298 /* ModelCoordinator.swift */,
				6355C5BB1FE13232003F4DDC /* TogglAPIDataRetriever.swift */,
				63D4BB9D1F7D80FC00B87298 /* GoalsStore.swift */,
				635DCE191FD68F7D006FED93 /* ProjectIDsByGoals.swift */,
				63D4BB9C1F7D80FC00B87298 /* GoalProgress.swift */,
				63D4BB9B1F7D80FC00B87298 /* DateTimeExtensions.swift */,
				63D4BBA21F7D80FC00B87298 /* PropertyExtensions.swift */,
				63D4BBA31F7D80FC00B87298 /* SignalProducerExtensions.swift */,
				635DCE141FD326ED006FED93 /* ActionExtensions.swift */,
				639E94A71F812223009B27CB /* TimeIntervalExtensions.swift */,
				6310EFCA1FAC6D3700B42C44 /* Period.swift */,
				6310EFCE1FAC6E8700B42C44 /* PeriodPreference.swift */,
				63AB08121FB6305200565D87 /* PreferenceStore.swift */,
				63B1BBE61FBE2570001E9FBE /* ReportPeriodsProducer.swift */,
				6355C5B61FDF3A26003F4DDC /* CurrentDateGenerator.swift */,
			);
			path = Model;
			sourceTree = "<group>";
		};
		63EAD8DA1DC6A97C001E7889 /* Frameworks */ = {
			isa = PBXGroup;
			children = (
				63D7EA9F2008C2BB00635AD1 /* ReactiveCocoa.framework */,
				63D7EAA02008C2BB00635AD1 /* ReactiveSwift.framework */,
				63D7EAA12008C2BB00635AD1 /* Result.framework */,
				63D7EAA22008C2BB00635AD1 /* SQLite.framework */,
			);
			name = Frameworks;
			sourceTree = "<group>";
		};
		63FEAF401FFB831800CA23F5 /* ActivityCollectionViewItems */ = {
			isa = PBXGroup;
			children = (
				63FEAF471FFB835F00CA23F5 /* ActivityCollectionViewProgressItem.swift */,
				63FEAF481FFB835F00CA23F5 /* ActivityCollectionViewProgressItem.xib */,
				63FEAF4D1FFB838100CA23F5 /* ActivityCollectionViewErrorItem.swift */,
				63FEAF4E1FFB838100CA23F5 /* ActivityCollectionViewErrorItem.xib */,
				63FEAF531FFB83A200CA23F5 /* ActivityCollectionViewSuccessItem.swift */,
				63FEAF541FFB83A200CA23F5 /* ActivityCollectionViewSuccessItem.xib */,
			);
			name = ActivityCollectionViewItems;
			path = ViewControllers/ActivityCollectionViewItems;
			sourceTree = "<group>";
		};
/* End PBXGroup section */

/* Begin PBXHeadersBuildPhase section */
		63AB081D1FB77C5100565D87 /* Headers */ = {
			isa = PBXHeadersBuildPhase;
			buildActionMask = 2147483647;
			files = (
				63AB08241FB77C5100565D87 /* TogglGoals_MacOS.h in Headers */,
			);
			runOnlyForDeploymentPostprocessing = 0;
		};
/* End PBXHeadersBuildPhase section */

/* Begin PBXNativeTarget section */
		632957411DBA99F000E11A10 /* TogglGoals */ = {
			isa = PBXNativeTarget;
			buildConfigurationList = 632957671DBA99F000E11A10 /* Build configuration list for PBXNativeTarget "TogglGoals" */;
			buildPhases = (
				6329573E1DBA99F000E11A10 /* Sources */,
				6329573F1DBA99F000E11A10 /* Frameworks */,
				632957401DBA99F000E11A10 /* Resources */,
				632EEBEF1E42789100608D01 /* Embed Frameworks */,
				632EEBF01E4278CD00608D01 /* CopyFiles */,
			);
			buildRules = (
			);
			dependencies = (
				63AB08261FB77C5100565D87 /* PBXTargetDependency */,
			);
			name = TogglGoals;
			productName = TogglGoals;
			productReference = 632957421DBA99F000E11A10 /* TogglGoals.app */;
			productType = "com.apple.product-type.application";
		};
		632957521DBA99F000E11A10 /* TogglGoalsTests */ = {
			isa = PBXNativeTarget;
			buildConfigurationList = 6329576A1DBA99F000E11A10 /* Build configuration list for PBXNativeTarget "TogglGoalsTests" */;
			buildPhases = (
				6329574F1DBA99F000E11A10 /* Sources */,
				632957501DBA99F000E11A10 /* Frameworks */,
				632957511DBA99F000E11A10 /* Resources */,
			);
			buildRules = (
			);
			dependencies = (
				632957551DBA99F000E11A10 /* PBXTargetDependency */,
			);
			name = TogglGoalsTests;
			productName = TogglGoalsTests;
			productReference = 632957531DBA99F000E11A10 /* TogglGoalsTests.xctest */;
			productType = "com.apple.product-type.bundle.unit-test";
		};
		6329575D1DBA99F000E11A10 /* TogglGoalsUITests */ = {
			isa = PBXNativeTarget;
			buildConfigurationList = 6329576D1DBA99F000E11A10 /* Build configuration list for PBXNativeTarget "TogglGoalsUITests" */;
			buildPhases = (
				6329575A1DBA99F000E11A10 /* Sources */,
				6329575B1DBA99F000E11A10 /* Frameworks */,
				6329575C1DBA99F000E11A10 /* Resources */,
			);
			buildRules = (
			);
			dependencies = (
				632957601DBA99F000E11A10 /* PBXTargetDependency */,
			);
			name = TogglGoalsUITests;
			productName = TogglGoalsUITests;
			productReference = 6329575E1DBA99F000E11A10 /* TogglGoalsUITests.xctest */;
			productType = "com.apple.product-type.bundle.ui-testing";
		};
		63AB081F1FB77C5100565D87 /* TogglGoals-MacOS */ = {
			isa = PBXNativeTarget;
			buildConfigurationList = 63AB08291FB77C5100565D87 /* Build configuration list for PBXNativeTarget "TogglGoals-MacOS" */;
			buildPhases = (
				63AB081B1FB77C5100565D87 /* Sources */,
				63AB081C1FB77C5100565D87 /* Frameworks */,
				63AB081D1FB77C5100565D87 /* Headers */,
				63AB081E1FB77C5100565D87 /* Resources */,
			);
			buildRules = (
			);
			dependencies = (
			);
			name = "TogglGoals-MacOS";
			productName = "TogglGoals-MacOS";
			productReference = 63AB08201FB77C5100565D87 /* TogglGoals_MacOS.framework */;
			productType = "com.apple.product-type.framework";
		};
/* End PBXNativeTarget section */

/* Begin PBXProject section */
		6329573A1DBA99F000E11A10 /* Project object */ = {
			isa = PBXProject;
			attributes = {
				LastSwiftUpdateCheck = 0800;
				LastUpgradeCheck = 0900;
				ORGANIZATIONNAME = davi;
				TargetAttributes = {
					632957411DBA99F000E11A10 = {
						CreatedOnToolsVersion = 8.0;
						DevelopmentTeam = 7ZT9GY93K7;
						LastSwiftMigration = 0900;
						ProvisioningStyle = Automatic;
					};
					632957521DBA99F000E11A10 = {
						CreatedOnToolsVersion = 8.0;
						DevelopmentTeam = 7ZT9GY93K7;
						LastSwiftMigration = 0900;
						ProvisioningStyle = Automatic;
						TestTargetID = 632957411DBA99F000E11A10;
					};
					6329575D1DBA99F000E11A10 = {
						CreatedOnToolsVersion = 8.0;
						DevelopmentTeam = 7ZT9GY93K7;
						LastSwiftMigration = 0900;
						ProvisioningStyle = Automatic;
						TestTargetID = 632957411DBA99F000E11A10;
					};
					63AB081F1FB77C5100565D87 = {
						CreatedOnToolsVersion = 9.1;
						DevelopmentTeam = 7ZT9GY93K7;
						ProvisioningStyle = Automatic;
					};
				};
			};
			buildConfigurationList = 6329573D1DBA99F000E11A10 /* Build configuration list for PBXProject "TogglGoals" */;
			compatibilityVersion = "Xcode 3.2";
			developmentRegion = English;
			hasScannedForEncodings = 0;
			knownRegions = (
				en,
				Base,
			);
			mainGroup = 632957391DBA99F000E11A10;
			productRefGroup = 632957431DBA99F000E11A10 /* Products */;
			projectDirPath = "";
			projectRoot = "";
			targets = (
				632957411DBA99F000E11A10 /* TogglGoals */,
				632957521DBA99F000E11A10 /* TogglGoalsTests */,
				6329575D1DBA99F000E11A10 /* TogglGoalsUITests */,
				63AB081F1FB77C5100565D87 /* TogglGoals-MacOS */,
			);
		};
/* End PBXProject section */

/* Begin PBXResourcesBuildPhase section */
		632957401DBA99F000E11A10 /* Resources */ = {
			isa = PBXResourcesBuildPhase;
			buildActionMask = 2147483647;
			files = (
				63FEAF4B1FFB835F00CA23F5 /* ActivityCollectionViewProgressItem.xib in Resources */,
				637A32581EE1727600667FC3 /* ProjectCollectionViewHeader.xib in Resources */,
				63D4FF2F1F5AD839006368A3 /* MainMenu.xib in Resources */,
				63FEAF571FFB83A200CA23F5 /* ActivityCollectionViewSuccessItem.xib in Resources */,
				6329574A1DBA99F000E11A10 /* Assets.xcassets in Resources */,
				631E46301F9799190012E491 /* Preferences.storyboard in Resources */,
				63FEAF511FFB838100CA23F5 /* ActivityCollectionViewErrorItem.xib in Resources */,
				6329574D1DBA99F000E11A10 /* Main.storyboard in Resources */,
				637A325C1EE1727600667FC3 /* ProjectCollectionViewItem.xib in Resources */,
			);
			runOnlyForDeploymentPostprocessing = 0;
		};
		632957511DBA99F000E11A10 /* Resources */ = {
			isa = PBXResourcesBuildPhase;
			buildActionMask = 2147483647;
			files = (
				63D4FF301F5AD839006368A3 /* MainMenu.xib in Resources */,
			);
			runOnlyForDeploymentPostprocessing = 0;
		};
		6329575C1DBA99F000E11A10 /* Resources */ = {
			isa = PBXResourcesBuildPhase;
			buildActionMask = 2147483647;
			files = (
				637A32591EE1727600667FC3 /* ProjectCollectionViewHeader.xib in Resources */,
				63FEAF521FFB838100CA23F5 /* ActivityCollectionViewErrorItem.xib in Resources */,
				63FEAF581FFB83A200CA23F5 /* ActivityCollectionViewSuccessItem.xib in Resources */,
				637A325D1EE1727600667FC3 /* ProjectCollectionViewItem.xib in Resources */,
				63D4FF311F5AD839006368A3 /* MainMenu.xib in Resources */,
				63FEAF4C1FFB835F00CA23F5 /* ActivityCollectionViewProgressItem.xib in Resources */,
				631E46311F9799190012E491 /* Preferences.storyboard in Resources */,
			);
			runOnlyForDeploymentPostprocessing = 0;
		};
		63AB081E1FB77C5100565D87 /* Resources */ = {
			isa = PBXResourcesBuildPhase;
			buildActionMask = 2147483647;
			files = (
			);
			runOnlyForDeploymentPostprocessing = 0;
		};
/* End PBXResourcesBuildPhase section */

/* Begin PBXSourcesBuildPhase section */
		6329573E1DBA99F000E11A10 /* Sources */ = {
			isa = PBXSourcesBuildPhase;
			buildActionMask = 2147483647;
			files = (
				631E463F1F97CB730012E491 /* LoginViewController.swift in Sources */,
				63D4BBA81F7D821800B87298 /* GoalProgress.swift in Sources */,
				63B42E211FF54E1500BEA529 /* ProjectsListActivitySplitViewController.swift in Sources */,
				63A67F3B1FCD9B60004BEFC6 /* RetrieveReportsNetworkAction.swift in Sources */,
				63A67F361FCD9B16004BEFC6 /* RetrieveProjectsNetworkAction.swift in Sources */,
				63A67F4A1FCD9D42004BEFC6 /* APIAccessError.swift in Sources */,
				63A67F311FCD9A97004BEFC6 /* RetrieveProfileNetworkAction.swift in Sources */,
				6333B6CA1F974348002CF189 /* ListLayout.swift in Sources */,
				635DCE1A1FD68F7D006FED93 /* ProjectIDsByGoals.swift in Sources */,
				6333B6CE1F974690002CF189 /* Profile.swift in Sources */,
				63A67F561FCDA1E1004BEFC6 /* StoreProfileCacheAction.swift in Sources */,
				637DA1FE202766C7000D7EB8 /* EnforceOnce.swift in Sources */,
				63DC619A1FED068B00ABB2DA /* TogglAPINetworkRetriever.swift in Sources */,
				63B1BBE71FBE2570001E9FBE /* ReportPeriodsProducer.swift in Sources */,
				637A324E1EE16FD600667FC3 /* ProjectsMasterDetailController.swift in Sources */,
				63FEAF4F1FFB838100CA23F5 /* ActivityCollectionViewErrorItem.swift in Sources */,
				63FEAF491FFB835F00CA23F5 /* ActivityCollectionViewProgressItem.swift in Sources */,
				6333B6DE1F974741002CF189 /* TimeReport.swift in Sources */,
				637A323E1EE16FD600667FC3 /* DayProgressViewController.swift in Sources */,
				631E46421F97CB980012E491 /* PreferencesViewController.swift in Sources */,
				632957461DBA99F000E11A10 /* AppDelegate.swift in Sources */,
				6333B6D61F9746FD002CF189 /* WeekdaySelection.swift in Sources */,
				63D4BBD71F7D84A500B87298 /* ProjectsMasterDetailWindowController.swift in Sources */,
				6310EFCF1FAC6E8700B42C44 /* PeriodPreference.swift in Sources */,
				63A67F451FCD9C77004BEFC6 /* URLSessionExtensions.swift in Sources */,
				637A32441EE16FD600667FC3 /* GoalReportViewController.swift in Sources */,
				63D4BBA71F7D821800B87298 /* DateTimeExtensions.swift in Sources */,
				637A32421EE16FD600667FC3 /* TimeProgressViewController.swift in Sources */,
				63D4BBB01F7D821800B87298 /* TogglAPICredential.swift in Sources */,
				63FEAF551FFB83A200CA23F5 /* ActivityCollectionViewSuccessItem.swift in Sources */,
				637A32481EE16FD600667FC3 /* GoalViewController.swift in Sources */,
				639E94A81F812223009B27CB /* TimeIntervalExtensions.swift in Sources */,
				6355C5B71FDF3A26003F4DDC /* CurrentDateGenerator.swift in Sources */,
				63A67F511FCDA1CF004BEFC6 /* RetrieveProfileCacheAction.swift in Sources */,
				63D4BBAE1F7D821800B87298 /* PropertyExtensions.swift in Sources */,
				635DCE151FD326ED006FED93 /* ActionExtensions.swift in Sources */,
				637A32461EE16FD600667FC3 /* GoalStrategyViewController.swift in Sources */,
				63AB08171FB630DE00565D87 /* GoalPeriodsPreferencesViewController.swift in Sources */,
				63D4BBAC1F7D821800B87298 /* ModelCoordinator.swift in Sources */,
				637A325A1EE1727600667FC3 /* ProjectCollectionViewItem.swift in Sources */,
				6310EFCB1FAC6D3700B42C44 /* Period.swift in Sources */,
				63D4BBAF1F7D821800B87298 /* SignalProducerExtensions.swift in Sources */,
				63A67F401FCD9BE4004BEFC6 /* RetrieveRunningEntryNetworkAction.swift in Sources */,
				63AB08131FB6305200565D87 /* PreferenceStore.swift in Sources */,
				63FEAF5A200009E300CA23F5 /* ActivityViewController.swift in Sources */,
				637A325F1EE1761C00667FC3 /* ContainmentSegue.swift in Sources */,
				6355C5BC1FE13233003F4DDC /* TogglAPIDataRetriever.swift in Sources */,
				637A32401EE16FD600667FC3 /* EmptySelectionViewController.swift in Sources */,
				637A324A1EE16FD600667FC3 /* ProjectDetailsViewController.swift in Sources */,
				6333B6D21F9746E6002CF189 /* Project.swift in Sources */,
				637A32501EE16FD600667FC3 /* SelectionDetailViewController.swift in Sources */,
				6333B6E61F974791002CF189 /* RunningEntry.swift in Sources */,
				6333B6E21F974763002CF189 /* Goal.swift in Sources */,
				637A324C1EE16FD600667FC3 /* ProjectsListViewController.swift in Sources */,
				63D4BBA91F7D821800B87298 /* GoalsStore.swift in Sources */,
				637A32561EE1727600667FC3 /* ProjectCollectionViewHeader.swift in Sources */,
			);
			runOnlyForDeploymentPostprocessing = 0;
		};
		6329574F1DBA99F000E11A10 /* Sources */ = {
			isa = PBXSourcesBuildPhase;
			buildActionMask = 2147483647;
			files = (
				63AB08141FB6305200565D87 /* PreferenceStore.swift in Sources */,
				6333B6CF1F974690002CF189 /* Profile.swift in Sources */,
				636687171E6DD7DC0066849C /* CountWeekdaysTests.swift in Sources */,
				63DC61981FEA4FCA00ABB2DA /* TogglAPIDataRetrieverTest.swift in Sources */,
				63A67F411FCD9BE4004BEFC6 /* RetrieveRunningEntryNetworkAction.swift in Sources */,
				63A67F321FCD9A97004BEFC6 /* RetrieveProfileNetworkAction.swift in Sources */,
				63B1BBE81FBE2570001E9FBE /* ReportPeriodsProducer.swift in Sources */,
				635DCE1B1FD68F7D006FED93 /* ProjectIDsByGoals.swift in Sources */,
				63A67F571FCDA1E1004BEFC6 /* StoreProfileCacheAction.swift in Sources */,
				6310EFD01FAC6E8700B42C44 /* PeriodPreference.swift in Sources */,
				63D4BBB81F7D821800B87298 /* ModelCoordinator.swift in Sources */,
				637485611FD9E0F600EC7E87 /* ProjectIDsByGoalsTests.swift in Sources */,
				6310EFCC1FAC6D3700B42C44 /* Period.swift in Sources */,
				6333B6DF1F974741002CF189 /* TimeReport.swift in Sources */,
				6355C5BD1FE13233003F4DDC /* TogglAPIDataRetriever.swift in Sources */,
				63D4BBBA1F7D821800B87298 /* PropertyExtensions.swift in Sources */,
				63D4BBB41F7D821800B87298 /* GoalProgress.swift in Sources */,
				63ED27591FAA45B50041BCA4 /* FindClosestMatchingWeekdayTests.swift in Sources */,
				6333B6CB1F974348002CF189 /* ListLayout.swift in Sources */,
				639E94A91F812223009B27CB /* TimeIntervalExtensions.swift in Sources */,
				637DA203202797E0000D7EB8 /* ContainmentSegue.swift in Sources */,
				63D4BBB31F7D821800B87298 /* DateTimeExtensions.swift in Sources */,
				6333B6D71F9746FD002CF189 /* WeekdaySelection.swift in Sources */,
				63A67F521FCDA1CF004BEFC6 /* RetrieveProfileCacheAction.swift in Sources */,
				6343968A1F80456200FDADE3 /* GoalProgressTests.swift in Sources */,
				63A67F3C1FCD9B60004BEFC6 /* RetrieveReportsNetworkAction.swift in Sources */,
				635DCE161FD326ED006FED93 /* ActionExtensions.swift in Sources */,
				63C329331FEFBA63008AB9F2 /* MakeRetrieveReportsNetworkActionTest.swift in Sources */,
				6323099A1FEEE07E002F90E1 /* MakeRetrieveProjectsNetworkActionTest.swift in Sources */,
				63A67F371FCD9B16004BEFC6 /* RetrieveProjectsNetworkAction.swift in Sources */,
				6333B6E31F974763002CF189 /* Goal.swift in Sources */,
				6355C5B81FDF3A26003F4DDC /* CurrentDateGenerator.swift in Sources */,
				637DA20020277F86000D7EB8 /* EnforceOnce.swift in Sources */,
				63EAD8E61E7ECDB10061158C /* DateTimeExtensionsTests.swift in Sources */,
				63A67F4B1FCD9D42004BEFC6 /* APIAccessError.swift in Sources */,
				63DC619B1FED068B00ABB2DA /* TogglAPINetworkRetriever.swift in Sources */,
				63D4BBBC1F7D821800B87298 /* TogglAPICredential.swift in Sources */,
				6333B6E71F974791002CF189 /* RunningEntry.swift in Sources */,
				63A67F461FCD9C77004BEFC6 /* URLSessionExtensions.swift in Sources */,
				63D4BBB51F7D821800B87298 /* GoalsStore.swift in Sources */,
				63D4BBBB1F7D821800B87298 /* SignalProducerExtensions.swift in Sources */,
				6333B6D31F9746E6002CF189 /* Project.swift in Sources */,
			);
			runOnlyForDeploymentPostprocessing = 0;
		};
		6329575A1DBA99F000E11A10 /* Sources */ = {
			isa = PBXSourcesBuildPhase;
			buildActionMask = 2147483647;
			files = (
				631E46401F97CB730012E491 /* LoginViewController.swift in Sources */,
				6333B6CC1F974348002CF189 /* ListLayout.swift in Sources */,
				63B42E231FF54E1500BEA529 /* ProjectsListActivitySplitViewController.swift in Sources */,
				63A67F3D1FCD9B60004BEFC6 /* RetrieveReportsNetworkAction.swift in Sources */,
				63A67F381FCD9B16004BEFC6 /* RetrieveProjectsNetworkAction.swift in Sources */,
				63A67F4C1FCD9D42004BEFC6 /* APIAccessError.swift in Sources */,
				63A67F331FCD9A97004BEFC6 /* RetrieveProfileNetworkAction.swift in Sources */,
				6333B6D01F974690002CF189 /* Profile.swift in Sources */,
				635DCE1C1FD68F7D006FED93 /* ProjectIDsByGoals.swift in Sources */,
				637A324F1EE16FD600667FC3 /* ProjectsMasterDetailController.swift in Sources */,
				63A67F581FCDA1E1004BEFC6 /* StoreProfileCacheAction.swift in Sources */,
				637DA1FF202766C7000D7EB8 /* EnforceOnce.swift in Sources */,
				63DC619C1FED068B00ABB2DA /* TogglAPINetworkRetriever.swift in Sources */,
				63B1BBE91FBE2570001E9FBE /* ReportPeriodsProducer.swift in Sources */,
				6333B6E01F974741002CF189 /* TimeReport.swift in Sources */,
				63FEAF501FFB838100CA23F5 /* ActivityCollectionViewErrorItem.swift in Sources */,
				63FEAF4A1FFB835F00CA23F5 /* ActivityCollectionViewProgressItem.swift in Sources */,
				637A32571EE1727600667FC3 /* ProjectCollectionViewHeader.swift in Sources */,
				639E94AA1F812223009B27CB /* TimeIntervalExtensions.swift in Sources */,
				631E46431F97CB980012E491 /* PreferencesViewController.swift in Sources */,
				637A32471EE16FD600667FC3 /* GoalStrategyViewController.swift in Sources */,
				6333B6D81F9746FD002CF189 /* WeekdaySelection.swift in Sources */,
				63D4BBD81F7D84A600B87298 /* ProjectsMasterDetailWindowController.swift in Sources */,
				637A323F1EE16FD600667FC3 /* DayProgressViewController.swift in Sources */,
				6310EFD11FAC6E8700B42C44 /* PeriodPreference.swift in Sources */,
				63A67F471FCD9C77004BEFC6 /* URLSessionExtensions.swift in Sources */,
				637A325B1EE1727600667FC3 /* ProjectCollectionViewItem.swift in Sources */,
				63D4BBBF1F7D821900B87298 /* DateTimeExtensions.swift in Sources */,
				63D4BBC41F7D821900B87298 /* ModelCoordinator.swift in Sources */,
				63FEAF561FFB83A200CA23F5 /* ActivityCollectionViewSuccessItem.swift in Sources */,
				632957631DBA99F000E11A10 /* TogglGoalsUITests.swift in Sources */,
				637A32411EE16FD600667FC3 /* EmptySelectionViewController.swift in Sources */,
				6355C5B91FDF3A26003F4DDC /* CurrentDateGenerator.swift in Sources */,
				637A32431EE16FD600667FC3 /* TimeProgressViewController.swift in Sources */,
				63A67F531FCDA1CF004BEFC6 /* RetrieveProfileCacheAction.swift in Sources */,
				635DCE171FD326ED006FED93 /* ActionExtensions.swift in Sources */,
				63AB08191FB630DE00565D87 /* GoalPeriodsPreferencesViewController.swift in Sources */,
				63D4BBC71F7D821900B87298 /* SignalProducerExtensions.swift in Sources */,
				6310EFCD1FAC6D3700B42C44 /* Period.swift in Sources */,
				637A32491EE16FD600667FC3 /* GoalViewController.swift in Sources */,
				63A67F421FCD9BE4004BEFC6 /* RetrieveRunningEntryNetworkAction.swift in Sources */,
				63AB08151FB6305200565D87 /* PreferenceStore.swift in Sources */,
				63D4BBC61F7D821900B87298 /* PropertyExtensions.swift in Sources */,
				63D4BBC01F7D821900B87298 /* GoalProgress.swift in Sources */,
				63FEAF5B200009E300CA23F5 /* ActivityViewController.swift in Sources */,
				63D4BBC81F7D821900B87298 /* TogglAPICredential.swift in Sources */,
				6355C5BE1FE13233003F4DDC /* TogglAPIDataRetriever.swift in Sources */,
				6333B6D41F9746E6002CF189 /* Project.swift in Sources */,
				63D4BBC11F7D821900B87298 /* GoalsStore.swift in Sources */,
				637A32511EE16FD600667FC3 /* SelectionDetailViewController.swift in Sources */,
				6333B6E81F974791002CF189 /* RunningEntry.swift in Sources */,
				6333B6E41F974763002CF189 /* Goal.swift in Sources */,
				637A32451EE16FD600667FC3 /* GoalReportViewController.swift in Sources */,
				637A324D1EE16FD600667FC3 /* ProjectsListViewController.swift in Sources */,
				637A324B1EE16FD600667FC3 /* ProjectDetailsViewController.swift in Sources */,
				637A32601EE1761C00667FC3 /* ContainmentSegue.swift in Sources */,
			);
			runOnlyForDeploymentPostprocessing = 0;
		};
		63AB081B1FB77C5100565D87 /* Sources */ = {
			isa = PBXSourcesBuildPhase;
			buildActionMask = 2147483647;
			files = (
				63A67F591FCDA1E1004BEFC6 /* StoreProfileCacheAction.swift in Sources */,
				63A67F341FCD9A97004BEFC6 /* RetrieveProfileNetworkAction.swift in Sources */,
				63AB082C1FB77CB500565D87 /* Profile.swift in Sources */,
				6355C5BF1FE13233003F4DDC /* TogglAPIDataRetriever.swift in Sources */,
				63AB082D1FB77CB500565D87 /* Project.swift in Sources */,
				63B1BBEA1FBE2570001E9FBE /* ReportPeriodsProducer.swift in Sources */,
				63AB082F1FB77CB500565D87 /* TimeReport.swift in Sources */,
				6355C5BA1FDF3A26003F4DDC /* CurrentDateGenerator.swift in Sources */,
				63AB08301FB77CB500565D87 /* Goal.swift in Sources */,
				63A67F481FCD9C77004BEFC6 /* URLSessionExtensions.swift in Sources */,
				635DCE181FD326ED006FED93 /* ActionExtensions.swift in Sources */,
				63A67F541FCDA1CF004BEFC6 /* RetrieveProfileCacheAction.swift in Sources */,
				63AB08311FB77CB500565D87 /* RunningEntry.swift in Sources */,
				63AB083C1FB77CB500565D87 /* Period.swift in Sources */,
				63AB08321FB77CB500565D87 /* ModelCoordinator.swift in Sources */,
				63AB083D1FB77CB500565D87 /* PeriodPreference.swift in Sources */,
				63AB08361FB77CB500565D87 /* TogglAPICredential.swift in Sources */,
				63AB08331FB77CB500565D87 /* GoalsStore.swift in Sources */,
				63DC619D1FED068B00ABB2DA /* TogglAPINetworkRetriever.swift in Sources */,
				63AB08391FB77CB500565D87 /* PropertyExtensions.swift in Sources */,
				63AB083B1FB77CB500565D87 /* TimeIntervalExtensions.swift in Sources */,
				63A67F431FCD9BE4004BEFC6 /* RetrieveRunningEntryNetworkAction.swift in Sources */,
				63AB083E1FB77CB500565D87 /* PreferenceStore.swift in Sources */,
				63A67F391FCD9B16004BEFC6 /* RetrieveProjectsNetworkAction.swift in Sources */,
				63A67F3E1FCD9B60004BEFC6 /* RetrieveReportsNetworkAction.swift in Sources */,
				63AB08381FB77CB500565D87 /* DateTimeExtensions.swift in Sources */,
				63AB082E1FB77CB500565D87 /* WeekdaySelection.swift in Sources */,
				63A67F4D1FCD9D42004BEFC6 /* APIAccessError.swift in Sources */,
				63AB083A1FB77CB500565D87 /* SignalProducerExtensions.swift in Sources */,
				63AB08351FB77CB500565D87 /* GoalProgress.swift in Sources */,
				635DCE1D1FD68F7D006FED93 /* ProjectIDsByGoals.swift in Sources */,
			);
			runOnlyForDeploymentPostprocessing = 0;
		};
/* End PBXSourcesBuildPhase section */

/* Begin PBXTargetDependency section */
		632957551DBA99F000E11A10 /* PBXTargetDependency */ = {
			isa = PBXTargetDependency;
			target = 632957411DBA99F000E11A10 /* TogglGoals */;
			targetProxy = 632957541DBA99F000E11A10 /* PBXContainerItemProxy */;
		};
		632957601DBA99F000E11A10 /* PBXTargetDependency */ = {
			isa = PBXTargetDependency;
			target = 632957411DBA99F000E11A10 /* TogglGoals */;
			targetProxy = 6329575F1DBA99F000E11A10 /* PBXContainerItemProxy */;
		};
		63AB08261FB77C5100565D87 /* PBXTargetDependency */ = {
			isa = PBXTargetDependency;
			target = 63AB081F1FB77C5100565D87 /* TogglGoals-MacOS */;
			targetProxy = 63AB08251FB77C5100565D87 /* PBXContainerItemProxy */;
		};
/* End PBXTargetDependency section */

/* Begin PBXVariantGroup section */
		6329574B1DBA99F000E11A10 /* Main.storyboard */ = {
			isa = PBXVariantGroup;
			children = (
				6329574C1DBA99F000E11A10 /* Base */,
			);
			name = Main.storyboard;
			sourceTree = "<group>";
		};
/* End PBXVariantGroup section */

/* Begin XCBuildConfiguration section */
		632957651DBA99F000E11A10 /* Debug */ = {
			isa = XCBuildConfiguration;
			buildSettings = {
				ALWAYS_SEARCH_USER_PATHS = NO;
				CLANG_ANALYZER_NONNULL = YES;
				CLANG_CXX_LANGUAGE_STANDARD = "gnu++0x";
				CLANG_CXX_LIBRARY = "libc++";
				CLANG_ENABLE_MODULES = YES;
				CLANG_ENABLE_OBJC_ARC = YES;
				CLANG_WARN_BLOCK_CAPTURE_AUTORELEASING = YES;
				CLANG_WARN_BOOL_CONVERSION = YES;
				CLANG_WARN_COMMA = YES;
				CLANG_WARN_CONSTANT_CONVERSION = YES;
				CLANG_WARN_DIRECT_OBJC_ISA_USAGE = YES_ERROR;
				CLANG_WARN_DOCUMENTATION_COMMENTS = YES;
				CLANG_WARN_EMPTY_BODY = YES;
				CLANG_WARN_ENUM_CONVERSION = YES;
				CLANG_WARN_INFINITE_RECURSION = YES;
				CLANG_WARN_INT_CONVERSION = YES;
				CLANG_WARN_NON_LITERAL_NULL_CONVERSION = YES;
				CLANG_WARN_OBJC_LITERAL_CONVERSION = YES;
				CLANG_WARN_OBJC_ROOT_CLASS = YES_ERROR;
				CLANG_WARN_RANGE_LOOP_ANALYSIS = YES;
				CLANG_WARN_STRICT_PROTOTYPES = YES;
				CLANG_WARN_SUSPICIOUS_MOVE = YES;
				CLANG_WARN_SUSPICIOUS_MOVES = YES;
				CLANG_WARN_UNREACHABLE_CODE = YES;
				CLANG_WARN__DUPLICATE_METHOD_MATCH = YES;
				CODE_SIGN_IDENTITY = "-";
				COPY_PHASE_STRIP = NO;
				DEBUG_INFORMATION_FORMAT = dwarf;
				ENABLE_STRICT_OBJC_MSGSEND = YES;
				ENABLE_TESTABILITY = YES;
				GCC_C_LANGUAGE_STANDARD = gnu99;
				GCC_DYNAMIC_NO_PIC = NO;
				GCC_NO_COMMON_BLOCKS = YES;
				GCC_OPTIMIZATION_LEVEL = 0;
				GCC_PREPROCESSOR_DEFINITIONS = (
					"DEBUG=1",
					"$(inherited)",
				);
				GCC_WARN_64_TO_32_BIT_CONVERSION = YES;
				GCC_WARN_ABOUT_RETURN_TYPE = YES_ERROR;
				GCC_WARN_UNDECLARED_SELECTOR = YES;
				GCC_WARN_UNINITIALIZED_AUTOS = YES_AGGRESSIVE;
				GCC_WARN_UNUSED_FUNCTION = YES;
				GCC_WARN_UNUSED_VARIABLE = YES;
				MACOSX_DEPLOYMENT_TARGET = 10.12;
				MTL_ENABLE_DEBUG_INFO = YES;
				ONLY_ACTIVE_ARCH = YES;
				SDKROOT = macosx;
				SWIFT_ACTIVE_COMPILATION_CONDITIONS = DEBUG;
				SWIFT_OPTIMIZATION_LEVEL = "-Onone";
				SWIFT_SWIFT3_OBJC_INFERENCE = Off;
			};
			name = Debug;
		};
		632957661DBA99F000E11A10 /* Release */ = {
			isa = XCBuildConfiguration;
			buildSettings = {
				ALWAYS_SEARCH_USER_PATHS = NO;
				CLANG_ANALYZER_NONNULL = YES;
				CLANG_CXX_LANGUAGE_STANDARD = "gnu++0x";
				CLANG_CXX_LIBRARY = "libc++";
				CLANG_ENABLE_MODULES = YES;
				CLANG_ENABLE_OBJC_ARC = YES;
				CLANG_WARN_BLOCK_CAPTURE_AUTORELEASING = YES;
				CLANG_WARN_BOOL_CONVERSION = YES;
				CLANG_WARN_COMMA = YES;
				CLANG_WARN_CONSTANT_CONVERSION = YES;
				CLANG_WARN_DIRECT_OBJC_ISA_USAGE = YES_ERROR;
				CLANG_WARN_DOCUMENTATION_COMMENTS = YES;
				CLANG_WARN_EMPTY_BODY = YES;
				CLANG_WARN_ENUM_CONVERSION = YES;
				CLANG_WARN_INFINITE_RECURSION = YES;
				CLANG_WARN_INT_CONVERSION = YES;
				CLANG_WARN_NON_LITERAL_NULL_CONVERSION = YES;
				CLANG_WARN_OBJC_LITERAL_CONVERSION = YES;
				CLANG_WARN_OBJC_ROOT_CLASS = YES_ERROR;
				CLANG_WARN_RANGE_LOOP_ANALYSIS = YES;
				CLANG_WARN_STRICT_PROTOTYPES = YES;
				CLANG_WARN_SUSPICIOUS_MOVE = YES;
				CLANG_WARN_SUSPICIOUS_MOVES = YES;
				CLANG_WARN_UNREACHABLE_CODE = YES;
				CLANG_WARN__DUPLICATE_METHOD_MATCH = YES;
				CODE_SIGN_IDENTITY = "-";
				COPY_PHASE_STRIP = NO;
				DEBUG_INFORMATION_FORMAT = "dwarf-with-dsym";
				ENABLE_NS_ASSERTIONS = NO;
				ENABLE_STRICT_OBJC_MSGSEND = YES;
				GCC_C_LANGUAGE_STANDARD = gnu99;
				GCC_NO_COMMON_BLOCKS = YES;
				GCC_WARN_64_TO_32_BIT_CONVERSION = YES;
				GCC_WARN_ABOUT_RETURN_TYPE = YES_ERROR;
				GCC_WARN_UNDECLARED_SELECTOR = YES;
				GCC_WARN_UNINITIALIZED_AUTOS = YES_AGGRESSIVE;
				GCC_WARN_UNUSED_FUNCTION = YES;
				GCC_WARN_UNUSED_VARIABLE = YES;
				MACOSX_DEPLOYMENT_TARGET = 10.12;
				MTL_ENABLE_DEBUG_INFO = NO;
				SDKROOT = macosx;
				SWIFT_OPTIMIZATION_LEVEL = "-Owholemodule";
				SWIFT_SWIFT3_OBJC_INFERENCE = Off;
			};
			name = Release;
		};
		632957681DBA99F000E11A10 /* Debug */ = {
			isa = XCBuildConfiguration;
			buildSettings = {
				ALWAYS_EMBED_SWIFT_STANDARD_LIBRARIES = YES;
				ASSETCATALOG_COMPILER_APPICON_NAME = AppIcon;
				COMBINE_HIDPI_IMAGES = YES;
				DEVELOPMENT_TEAM = 7ZT9GY93K7;
				FRAMEWORK_SEARCH_PATHS = (
					"$(inherited)",
					"$(PROJECT_DIR)/Carthage/Build/Mac",
				);
				INFOPLIST_FILE = TogglGoals/Info.plist;
				LD_RUNPATH_SEARCH_PATHS = "$(inherited) @executable_path/../Frameworks";
				PRODUCT_BUNDLE_IDENTIFIER = la.davi.TogglGoals;
				PRODUCT_NAME = "$(TARGET_NAME)";
				SWIFT_SWIFT3_OBJC_INFERENCE = Off;
				SWIFT_VERSION = 4.0;
			};
			name = Debug;
		};
		632957691DBA99F000E11A10 /* Release */ = {
			isa = XCBuildConfiguration;
			buildSettings = {
				ALWAYS_EMBED_SWIFT_STANDARD_LIBRARIES = YES;
				ASSETCATALOG_COMPILER_APPICON_NAME = AppIcon;
				COMBINE_HIDPI_IMAGES = YES;
				DEVELOPMENT_TEAM = 7ZT9GY93K7;
				FRAMEWORK_SEARCH_PATHS = (
					"$(inherited)",
					"$(PROJECT_DIR)/Carthage/Build/Mac",
				);
				INFOPLIST_FILE = TogglGoals/Info.plist;
				LD_RUNPATH_SEARCH_PATHS = "$(inherited) @executable_path/../Frameworks";
				PRODUCT_BUNDLE_IDENTIFIER = la.davi.TogglGoals;
				PRODUCT_NAME = "$(TARGET_NAME)";
				SWIFT_SWIFT3_OBJC_INFERENCE = Off;
				SWIFT_VERSION = 4.0;
			};
			name = Release;
		};
		6329576B1DBA99F000E11A10 /* Debug */ = {
			isa = XCBuildConfiguration;
			buildSettings = {
				ALWAYS_EMBED_SWIFT_STANDARD_LIBRARIES = YES;
				BUNDLE_LOADER = "$(TEST_HOST)";
				COMBINE_HIDPI_IMAGES = YES;
				DEVELOPMENT_TEAM = 7ZT9GY93K7;
				FRAMEWORK_SEARCH_PATHS = (
					"$(inherited)",
					"$(PROJECT_DIR)/Carthage/Build/Mac",
				);
				INFOPLIST_FILE = TogglGoalsTests/Info.plist;
				LD_RUNPATH_SEARCH_PATHS = "$(inherited) @executable_path/../Frameworks @loader_path/../Frameworks";
				PRODUCT_BUNDLE_IDENTIFIER = la.davi.TogglGoalsTests;
				PRODUCT_NAME = "$(TARGET_NAME)";
				SWIFT_SWIFT3_OBJC_INFERENCE = Off;
				SWIFT_VERSION = 4.0;
				TEST_HOST = "$(BUILT_PRODUCTS_DIR)/TogglGoals.app/Contents/MacOS/TogglGoals";
			};
			name = Debug;
		};
		6329576C1DBA99F000E11A10 /* Release */ = {
			isa = XCBuildConfiguration;
			buildSettings = {
				ALWAYS_EMBED_SWIFT_STANDARD_LIBRARIES = YES;
				BUNDLE_LOADER = "$(TEST_HOST)";
				COMBINE_HIDPI_IMAGES = YES;
				DEVELOPMENT_TEAM = 7ZT9GY93K7;
				FRAMEWORK_SEARCH_PATHS = (
					"$(inherited)",
					"$(PROJECT_DIR)/Carthage/Build/Mac",
				);
				INFOPLIST_FILE = TogglGoalsTests/Info.plist;
				LD_RUNPATH_SEARCH_PATHS = "$(inherited) @executable_path/../Frameworks @loader_path/../Frameworks";
				PRODUCT_BUNDLE_IDENTIFIER = la.davi.TogglGoalsTests;
				PRODUCT_NAME = "$(TARGET_NAME)";
				SWIFT_SWIFT3_OBJC_INFERENCE = Off;
				SWIFT_VERSION = 4.0;
				TEST_HOST = "$(BUILT_PRODUCTS_DIR)/TogglGoals.app/Contents/MacOS/TogglGoals";
			};
			name = Release;
		};
		6329576E1DBA99F000E11A10 /* Debug */ = {
			isa = XCBuildConfiguration;
			buildSettings = {
				ALWAYS_EMBED_SWIFT_STANDARD_LIBRARIES = YES;
				COMBINE_HIDPI_IMAGES = YES;
				DEVELOPMENT_TEAM = 7ZT9GY93K7;
				INFOPLIST_FILE = TogglGoalsUITests/Info.plist;
				LD_RUNPATH_SEARCH_PATHS = "$(inherited) @executable_path/../Frameworks @loader_path/../Frameworks";
				PRODUCT_BUNDLE_IDENTIFIER = la.davi.TogglGoalsUITests;
				PRODUCT_NAME = "$(TARGET_NAME)";
				SWIFT_SWIFT3_OBJC_INFERENCE = Off;
				SWIFT_VERSION = 4.0;
				TEST_TARGET_NAME = TogglGoals;
			};
			name = Debug;
		};
		6329576F1DBA99F000E11A10 /* Release */ = {
			isa = XCBuildConfiguration;
			buildSettings = {
				ALWAYS_EMBED_SWIFT_STANDARD_LIBRARIES = YES;
				COMBINE_HIDPI_IMAGES = YES;
				DEVELOPMENT_TEAM = 7ZT9GY93K7;
				INFOPLIST_FILE = TogglGoalsUITests/Info.plist;
				LD_RUNPATH_SEARCH_PATHS = "$(inherited) @executable_path/../Frameworks @loader_path/../Frameworks";
				PRODUCT_BUNDLE_IDENTIFIER = la.davi.TogglGoalsUITests;
				PRODUCT_NAME = "$(TARGET_NAME)";
				SWIFT_SWIFT3_OBJC_INFERENCE = Off;
				SWIFT_VERSION = 4.0;
				TEST_TARGET_NAME = TogglGoals;
			};
			name = Release;
		};
		63AB082A1FB77C5100565D87 /* Debug */ = {
			isa = XCBuildConfiguration;
			buildSettings = {
				CLANG_ANALYZER_NUMBER_OBJECT_CONVERSION = YES_AGGRESSIVE;
				CLANG_CXX_LANGUAGE_STANDARD = "gnu++14";
				CLANG_WARN_UNGUARDED_AVAILABILITY = YES_AGGRESSIVE;
				CODE_SIGN_IDENTITY = "-";
				CODE_SIGN_STYLE = Automatic;
				COMBINE_HIDPI_IMAGES = YES;
				CURRENT_PROJECT_VERSION = 1;
				DEFINES_MODULE = YES;
				DEVELOPMENT_TEAM = 7ZT9GY93K7;
				DYLIB_COMPATIBILITY_VERSION = 1;
				DYLIB_CURRENT_VERSION = 1;
				DYLIB_INSTALL_NAME_BASE = "@rpath";
				FRAMEWORK_VERSION = A;
				GCC_C_LANGUAGE_STANDARD = gnu11;
				INFOPLIST_FILE = "TogglGoals-MacOS/Info.plist";
				INSTALL_PATH = "$(LOCAL_LIBRARY_DIR)/Frameworks";
				LD_RUNPATH_SEARCH_PATHS = "$(inherited) @executable_path/../Frameworks @loader_path/Frameworks";
				MACOSX_DEPLOYMENT_TARGET = 10.13;
				PRODUCT_BUNDLE_IDENTIFIER = "la.davi.TogglGoals-MacOS";
				PRODUCT_NAME = "$(TARGET_NAME:c99extidentifier)";
				SKIP_INSTALL = YES;
				SWIFT_VERSION = 4.0;
				VERSIONING_SYSTEM = "apple-generic";
				VERSION_INFO_PREFIX = "";
			};
			name = Debug;
		};
		63AB082B1FB77C5100565D87 /* Release */ = {
			isa = XCBuildConfiguration;
			buildSettings = {
				CLANG_ANALYZER_NUMBER_OBJECT_CONVERSION = YES_AGGRESSIVE;
				CLANG_CXX_LANGUAGE_STANDARD = "gnu++14";
				CLANG_WARN_UNGUARDED_AVAILABILITY = YES_AGGRESSIVE;
				CODE_SIGN_IDENTITY = "-";
				CODE_SIGN_STYLE = Automatic;
				COMBINE_HIDPI_IMAGES = YES;
				CURRENT_PROJECT_VERSION = 1;
				DEFINES_MODULE = YES;
				DEVELOPMENT_TEAM = 7ZT9GY93K7;
				DYLIB_COMPATIBILITY_VERSION = 1;
				DYLIB_CURRENT_VERSION = 1;
				DYLIB_INSTALL_NAME_BASE = "@rpath";
				FRAMEWORK_VERSION = A;
				GCC_C_LANGUAGE_STANDARD = gnu11;
				INFOPLIST_FILE = "TogglGoals-MacOS/Info.plist";
				INSTALL_PATH = "$(LOCAL_LIBRARY_DIR)/Frameworks";
				LD_RUNPATH_SEARCH_PATHS = "$(inherited) @executable_path/../Frameworks @loader_path/Frameworks";
				MACOSX_DEPLOYMENT_TARGET = 10.13;
				PRODUCT_BUNDLE_IDENTIFIER = "la.davi.TogglGoals-MacOS";
				PRODUCT_NAME = "$(TARGET_NAME:c99extidentifier)";
				SKIP_INSTALL = YES;
				SWIFT_VERSION = 4.0;
				VERSIONING_SYSTEM = "apple-generic";
				VERSION_INFO_PREFIX = "";
			};
			name = Release;
		};
/* End XCBuildConfiguration section */

/* Begin XCConfigurationList section */
		6329573D1DBA99F000E11A10 /* Build configuration list for PBXProject "TogglGoals" */ = {
			isa = XCConfigurationList;
			buildConfigurations = (
				632957651DBA99F000E11A10 /* Debug */,
				632957661DBA99F000E11A10 /* Release */,
			);
			defaultConfigurationIsVisible = 0;
			defaultConfigurationName = Release;
		};
		632957671DBA99F000E11A10 /* Build configuration list for PBXNativeTarget "TogglGoals" */ = {
			isa = XCConfigurationList;
			buildConfigurations = (
				632957681DBA99F000E11A10 /* Debug */,
				632957691DBA99F000E11A10 /* Release */,
			);
			defaultConfigurationIsVisible = 0;
			defaultConfigurationName = Release;
		};
		6329576A1DBA99F000E11A10 /* Build configuration list for PBXNativeTarget "TogglGoalsTests" */ = {
			isa = XCConfigurationList;
			buildConfigurations = (
				6329576B1DBA99F000E11A10 /* Debug */,
				6329576C1DBA99F000E11A10 /* Release */,
			);
			defaultConfigurationIsVisible = 0;
			defaultConfigurationName = Release;
		};
		6329576D1DBA99F000E11A10 /* Build configuration list for PBXNativeTarget "TogglGoalsUITests" */ = {
			isa = XCConfigurationList;
			buildConfigurations = (
				6329576E1DBA99F000E11A10 /* Debug */,
				6329576F1DBA99F000E11A10 /* Release */,
			);
			defaultConfigurationIsVisible = 0;
			defaultConfigurationName = Release;
		};
		63AB08291FB77C5100565D87 /* Build configuration list for PBXNativeTarget "TogglGoals-MacOS" */ = {
			isa = XCConfigurationList;
			buildConfigurations = (
				63AB082A1FB77C5100565D87 /* Debug */,
				63AB082B1FB77C5100565D87 /* Release */,
			);
			defaultConfigurationIsVisible = 0;
			defaultConfigurationName = Release;
		};
/* End XCConfigurationList section */
	};
	rootObject = 6329573A1DBA99F000E11A10 /* Project object */;
}
