// !$*UTF8*$!
{
	archiveVersion = 1;
	classes = {
	};
	objectVersion = 48;
	objects = {

/* Begin PBXBuildFile section */
		63DEA929205C52CB004AD6D7 /* AppDelegate.swift in Sources */ = {isa = PBXBuildFile; fileRef = 63DEA928205C52CB004AD6D7 /* AppDelegate.swift */; };
		63DEA92D205C52CB004AD6D7 /* Assets.xcassets in Resources */ = {isa = PBXBuildFile; fileRef = 63DEA92C205C52CB004AD6D7 /* Assets.xcassets */; };
		63DEA930205C52CB004AD6D7 /* Main.storyboard in Resources */ = {isa = PBXBuildFile; fileRef = 63DEA92E205C52CB004AD6D7 /* Main.storyboard */; };
		63DEA93A205C5458004AD6D7 /* ViewController.swift in Sources */ = {isa = PBXBuildFile; fileRef = 63DEA938205C5458004AD6D7 /* ViewController.swift */; };
		63DEA93B205C5458004AD6D7 /* ViewController.xib in Resources */ = {isa = PBXBuildFile; fileRef = 63DEA939205C5458004AD6D7 /* ViewController.xib */; };
		63DEA93D205C597B004AD6D7 /* ReactiveCocoa.framework in Frameworks */ = {isa = PBXBuildFile; fileRef = 63DEA940205C597B004AD6D7 /* ReactiveCocoa.framework */; };
		63DEA93E205C597B004AD6D7 /* ReactiveSwift.framework in Frameworks */ = {isa = PBXBuildFile; fileRef = 63DEA941205C597B004AD6D7 /* ReactiveSwift.framework */; };
		63DEA93F205C597B004AD6D7 /* Result.framework in Frameworks */ = {isa = PBXBuildFile; fileRef = 63DEA942205C597B004AD6D7 /* Result.framework */; };
/* End PBXBuildFile section */

/* Begin PBXFileReference section */
		63DEA925205C52CB004AD6D7 /* ToggleCollectionView.app */ = {isa = PBXFileReference; explicitFileType = wrapper.application; includeInIndex = 0; path = ToggleCollectionView.app; sourceTree = BUILT_PRODUCTS_DIR; };
		63DEA928205C52CB004AD6D7 /* AppDelegate.swift */ = {isa = PBXFileReference; lastKnownFileType = sourcecode.swift; path = AppDelegate.swift; sourceTree = "<group>"; };
		63DEA92C205C52CB004AD6D7 /* Assets.xcassets */ = {isa = PBXFileReference; lastKnownFileType = folder.assetcatalog; path = Assets.xcassets; sourceTree = "<group>"; };
		63DEA92F205C52CB004AD6D7 /* Base */ = {isa = PBXFileReference; lastKnownFileType = file.storyboard; name = Base; path = Base.lproj/Main.storyboard; sourceTree = "<group>"; };
		63DEA931205C52CB004AD6D7 /* Info.plist */ = {isa = PBXFileReference; lastKnownFileType = text.plist.xml; path = Info.plist; sourceTree = "<group>"; };
		63DEA932205C52CB004AD6D7 /* ToggleCollectionView.entitlements */ = {isa = PBXFileReference; lastKnownFileType = text.plist.entitlements; path = ToggleCollectionView.entitlements; sourceTree = "<group>"; };
		63DEA938205C5458004AD6D7 /* ViewController.swift */ = {isa = PBXFileReference; lastKnownFileType = sourcecode.swift; path = ViewController.swift; sourceTree = "<group>"; };
		63DEA939205C5458004AD6D7 /* ViewController.xib */ = {isa = PBXFileReference; lastKnownFileType = file.xib; path = ViewController.xib; sourceTree = "<group>"; };
		63DEA940205C597B004AD6D7 /* ReactiveCocoa.framework */ = {isa = PBXFileReference; explicitFileType = wrapper.framework; path = ReactiveCocoa.framework; sourceTree = BUILT_PRODUCTS_DIR; };
		63DEA941205C597B004AD6D7 /* ReactiveSwift.framework */ = {isa = PBXFileReference; explicitFileType = wrapper.framework; path = ReactiveSwift.framework; sourceTree = BUILT_PRODUCTS_DIR; };
		63DEA942205C597B004AD6D7 /* Result.framework */ = {isa = PBXFileReference; explicitFileType = wrapper.framework; path = Result.framework; sourceTree = BUILT_PRODUCTS_DIR; };
/* End PBXFileReference section */

/* Begin PBXFrameworksBuildPhase section */
		63DEA922205C52CB004AD6D7 /* Frameworks */ = {
			isa = PBXFrameworksBuildPhase;
			buildActionMask = 2147483647;
			files = (
				63DEA93D205C597B004AD6D7 /* ReactiveCocoa.framework in Frameworks */,
				63DEA93E205C597B004AD6D7 /* ReactiveSwift.framework in Frameworks */,
				63DEA93F205C597B004AD6D7 /* Result.framework in Frameworks */,
			);
			runOnlyForDeploymentPostprocessing = 0;
		};
/* End PBXFrameworksBuildPhase section */

/* Begin PBXGroup section */
		63DEA91C205C52CB004AD6D7 = {
			isa = PBXGroup;
			children = (
				63DEA927205C52CB004AD6D7 /* ToggleCollectionView */,
				63DEA926205C52CB004AD6D7 /* Products */,
				63DEA93C205C597B004AD6D7 /* Frameworks */,
			);
			sourceTree = "<group>";
		};
		63DEA926205C52CB004AD6D7 /* Products */ = {
			isa = PBXGroup;
			children = (
				63DEA925205C52CB004AD6D7 /* ToggleCollectionView.app */,
			);
			name = Products;
			sourceTree = "<group>";
		};
		63DEA927205C52CB004AD6D7 /* ToggleCollectionView */ = {
			isa = PBXGroup;
			children = (
				63DEA928205C52CB004AD6D7 /* AppDelegate.swift */,
				63DEA92C205C52CB004AD6D7 /* Assets.xcassets */,
				63DEA92E205C52CB004AD6D7 /* Main.storyboard */,
				63DEA931205C52CB004AD6D7 /* Info.plist */,
				63DEA932205C52CB004AD6D7 /* ToggleCollectionView.entitlements */,
				63DEA938205C5458004AD6D7 /* ViewController.swift */,
				63DEA939205C5458004AD6D7 /* ViewController.xib */,
			);
			path = ToggleCollectionView;
			sourceTree = "<group>";
		};
		63DEA93C205C597B004AD6D7 /* Frameworks */ = {
			isa = PBXGroup;
			children = (
				63DEA940205C597B004AD6D7 /* ReactiveCocoa.framework */,
				63DEA941205C597B004AD6D7 /* ReactiveSwift.framework */,
				63DEA942205C597B004AD6D7 /* Result.framework */,
			);
			name = Frameworks;
			sourceTree = "<group>";
		};
/* End PBXGroup section */

/* Begin PBXNativeTarget section */
		63DEA924205C52CB004AD6D7 /* ToggleCollectionView */ = {
			isa = PBXNativeTarget;
			buildConfigurationList = 63DEA935205C52CB004AD6D7 /* Build configuration list for PBXNativeTarget "ToggleCollectionView" */;
			buildPhases = (
				63DEA921205C52CB004AD6D7 /* Sources */,
				63DEA922205C52CB004AD6D7 /* Frameworks */,
				63DEA923205C52CB004AD6D7 /* Resources */,
			);
			buildRules = (
			);
			dependencies = (
			);
			name = ToggleCollectionView;
			productName = ToggleCollectionView;
			productReference = 63DEA925205C52CB004AD6D7 /* ToggleCollectionView.app */;
			productType = "com.apple.product-type.application";
		};
/* End PBXNativeTarget section */

/* Begin PBXProject section */
		63DEA91D205C52CB004AD6D7 /* Project object */ = {
			isa = PBXProject;
			attributes = {
				LastSwiftUpdateCheck = 0920;
				LastUpgradeCheck = 0940;
				ORGANIZATIONNAME = davi.la;
				TargetAttributes = {
					63DEA924205C52CB004AD6D7 = {
						CreatedOnToolsVersion = 9.2;
						ProvisioningStyle = Automatic;
						SystemCapabilities = {
							com.apple.Sandbox = {
								enabled = 0;
							};
						};
					};
				};
			};
			buildConfigurationList = 63DEA920205C52CB004AD6D7 /* Build configuration list for PBXProject "ToggleCollectionView" */;
			compatibilityVersion = "Xcode 8.0";
			developmentRegion = en;
			hasScannedForEncodings = 0;
			knownRegions = (
				en,
				Base,
			);
			mainGroup = 63DEA91C205C52CB004AD6D7;
			productRefGroup = 63DEA926205C52CB004AD6D7 /* Products */;
			projectDirPath = "";
			projectRoot = "";
			targets = (
				63DEA924205C52CB004AD6D7 /* ToggleCollectionView */,
			);
		};
/* End PBXProject section */

/* Begin PBXResourcesBuildPhase section */
		63DEA923205C52CB004AD6D7 /* Resources */ = {
			isa = PBXResourcesBuildPhase;
			buildActionMask = 2147483647;
			files = (
				63DEA92D205C52CB004AD6D7 /* Assets.xcassets in Resources */,
				63DEA93B205C5458004AD6D7 /* ViewController.xib in Resources */,
				63DEA930205C52CB004AD6D7 /* Main.storyboard in Resources */,
			);
			runOnlyForDeploymentPostprocessing = 0;
		};
/* End PBXResourcesBuildPhase section */

/* Begin PBXSourcesBuildPhase section */
		63DEA921205C52CB004AD6D7 /* Sources */ = {
			isa = PBXSourcesBuildPhase;
			buildActionMask = 2147483647;
			files = (
				63DEA93A205C5458004AD6D7 /* ViewController.swift in Sources */,
				63DEA929205C52CB004AD6D7 /* AppDelegate.swift in Sources */,
			);
			runOnlyForDeploymentPostprocessing = 0;
		};
/* End PBXSourcesBuildPhase section */

/* Begin PBXVariantGroup section */
		63DEA92E205C52CB004AD6D7 /* Main.storyboard */ = {
			isa = PBXVariantGroup;
			children = (
				63DEA92F205C52CB004AD6D7 /* Base */,
			);
			name = Main.storyboard;
			sourceTree = "<group>";
		};
/* End PBXVariantGroup section */

/* Begin XCBuildConfiguration section */
		63DEA933205C52CB004AD6D7 /* Debug */ = {
			isa = XCBuildConfiguration;
			buildSettings = {
				ALWAYS_SEARCH_USER_PATHS = NO;
				CLANG_ANALYZER_NONNULL = YES;
				CLANG_ANALYZER_NUMBER_OBJECT_CONVERSION = YES_AGGRESSIVE;
				CLANG_CXX_LANGUAGE_STANDARD = "gnu++14";
				CLANG_CXX_LIBRARY = "libc++";
				CLANG_ENABLE_MODULES = YES;
				CLANG_ENABLE_OBJC_ARC = YES;
				CLANG_WARN_BLOCK_CAPTURE_AUTORELEASING = YES;
				CLANG_WARN_BOOL_CONVERSION = YES;
				CLANG_WARN_COMMA = YES;
				CLANG_WARN_CONSTANT_CONVERSION = YES;
				CLANG_WARN_DEPRECATED_OBJC_IMPLEMENTATIONS = YES;
				CLANG_WARN_DIRECT_OBJC_ISA_USAGE = YES_ERROR;
				CLANG_WARN_DOCUMENTATION_COMMENTS = YES;
				CLANG_WARN_EMPTY_BODY = YES;
				CLANG_WARN_ENUM_CONVERSION = YES;
				CLANG_WARN_INFINITE_RECURSION = YES;
				CLANG_WARN_INT_CONVERSION = YES;
				CLANG_WARN_NON_LITERAL_NULL_CONVERSION = YES;
				CLANG_WARN_OBJC_IMPLICIT_RETAIN_SELF = YES;
				CLANG_WARN_OBJC_LITERAL_CONVERSION = YES;
				CLANG_WARN_OBJC_ROOT_CLASS = YES_ERROR;
				CLANG_WARN_RANGE_LOOP_ANALYSIS = YES;
				CLANG_WARN_STRICT_PROTOTYPES = YES;
				CLANG_WARN_SUSPICIOUS_MOVE = YES;
				CLANG_WARN_UNGUARDED_AVAILABILITY = YES_AGGRESSIVE;
				CLANG_WARN_UNREACHABLE_CODE = YES;
				CLANG_WARN__DUPLICATE_METHOD_MATCH = YES;
				CODE_SIGN_IDENTITY = "Mac Developer";
				COPY_PHASE_STRIP = NO;
				DEBUG_INFORMATION_FORMAT = dwarf;
				ENABLE_STRICT_OBJC_MSGSEND = YES;
				ENABLE_TESTABILITY = YES;
				GCC_C_LANGUAGE_STANDARD = gnu11;
				GCC_DYNAMIC_NO_PIC = NO;
				GCC_NO_COMMON_BLOCKS = YES;
				GCC_OPTIMIZATION_LEVEL = 0;
				GCC_PREPROCESSOR_DEFINITIONS = (
					"DEBUG=1",
					"$(inherited)",
				);
				GCC_WARN_64_TO_32_BIT_CONVERSION = YES;
				GCC_WARN_ABOUT_RETURN_TYPE = YES_ERROR;
				GCC_WARN_UNDECLARED_SELECTOR = YES;
				GCC_WARN_UNINITIALIZED_AUTOS = YES_AGGRESSIVE;
				GCC_WARN_UNUSED_FUNCTION = YES;
				GCC_WARN_UNUSED_VARIABLE = YES;
				MACOSX_DEPLOYMENT_TARGET = 10.13;
				MTL_ENABLE_DEBUG_INFO = YES;
				ONLY_ACTIVE_ARCH = YES;
				SDKROOT = macosx;
				SWIFT_ACTIVE_COMPILATION_CONDITIONS = DEBUG;
				SWIFT_OPTIMIZATION_LEVEL = "-Onone";
			};
			name = Debug;
		};
		63DEA934205C52CB004AD6D7 /* Release */ = {
			isa = XCBuildConfiguration;
			buildSettings = {
				ALWAYS_SEARCH_USER_PATHS = NO;
				CLANG_ANALYZER_NONNULL = YES;
				CLANG_ANALYZER_NUMBER_OBJECT_CONVERSION = YES_AGGRESSIVE;
				CLANG_CXX_LANGUAGE_STANDARD = "gnu++14";
				CLANG_CXX_LIBRARY = "libc++";
				CLANG_ENABLE_MODULES = YES;
				CLANG_ENABLE_OBJC_ARC = YES;
				CLANG_WARN_BLOCK_CAPTURE_AUTORELEASING = YES;
				CLANG_WARN_BOOL_CONVERSION = YES;
				CLANG_WARN_COMMA = YES;
				CLANG_WARN_CONSTANT_CONVERSION = YES;
				CLANG_WARN_DEPRECATED_OBJC_IMPLEMENTATIONS = YES;
				CLANG_WARN_DIRECT_OBJC_ISA_USAGE = YES_ERROR;
				CLANG_WARN_DOCUMENTATION_COMMENTS = YES;
				CLANG_WARN_EMPTY_BODY = YES;
				CLANG_WARN_ENUM_CONVERSION = YES;
				CLANG_WARN_INFINITE_RECURSION = YES;
				CLANG_WARN_INT_CONVERSION = YES;
				CLANG_WARN_NON_LITERAL_NULL_CONVERSION = YES;
				CLANG_WARN_OBJC_IMPLICIT_RETAIN_SELF = YES;
				CLANG_WARN_OBJC_LITERAL_CONVERSION = YES;
				CLANG_WARN_OBJC_ROOT_CLASS = YES_ERROR;
				CLANG_WARN_RANGE_LOOP_ANALYSIS = YES;
				CLANG_WARN_STRICT_PROTOTYPES = YES;
				CLANG_WARN_SUSPICIOUS_MOVE = YES;
				CLANG_WARN_UNGUARDED_AVAILABILITY = YES_AGGRESSIVE;
				CLANG_WARN_UNREACHABLE_CODE = YES;
				CLANG_WARN__DUPLICATE_METHOD_MATCH = YES;
				CODE_SIGN_IDENTITY = "Mac Developer";
				COPY_PHASE_STRIP = NO;
				DEBUG_INFORMATION_FORMAT = "dwarf-with-dsym";
				ENABLE_NS_ASSERTIONS = NO;
				ENABLE_STRICT_OBJC_MSGSEND = YES;
				GCC_C_LANGUAGE_STANDARD = gnu11;
				GCC_NO_COMMON_BLOCKS = YES;
				GCC_WARN_64_TO_32_BIT_CONVERSION = YES;
				GCC_WARN_ABOUT_RETURN_TYPE = YES_ERROR;
				GCC_WARN_UNDECLARED_SELECTOR = YES;
				GCC_WARN_UNINITIALIZED_AUTOS = YES_AGGRESSIVE;
				GCC_WARN_UNUSED_FUNCTION = YES;
				GCC_WARN_UNUSED_VARIABLE = YES;
				MACOSX_DEPLOYMENT_TARGET = 10.13;
				MTL_ENABLE_DEBUG_INFO = NO;
				SDKROOT = macosx;
				SWIFT_OPTIMIZATION_LEVEL = "-Owholemodule";
			};
			name = Release;
		};
		63DEA936205C52CB004AD6D7 /* Debug */ = {
			isa = XCBuildConfiguration;
			buildSettings = {
				ASSETCATALOG_COMPILER_APPICON_NAME = AppIcon;
				CODE_SIGN_STYLE = Automatic;
				COMBINE_HIDPI_IMAGES = YES;
				DEVELOPMENT_TEAM = 7ZT9GY93K7;
				INFOPLIST_FILE = ToggleCollectionView/Info.plist;
				LD_RUNPATH_SEARCH_PATHS = "$(inherited) @executable_path/../Frameworks";
				PRODUCT_BUNDLE_IDENTIFIER = la.davi.ToggleCollectionView;
				PRODUCT_NAME = "$(TARGET_NAME)";
				SWIFT_VERSION = 4.0;
			};
			name = Debug;
		};
		63DEA937205C52CB004AD6D7 /* Release */ = {
			isa = XCBuildConfiguration;
			buildSettings = {
				ASSETCATALOG_COMPILER_APPICON_NAME = AppIcon;
				CODE_SIGN_STYLE = Automatic;
				COMBINE_HIDPI_IMAGES = YES;
				DEVELOPMENT_TEAM = 7ZT9GY93K7;
				INFOPLIST_FILE = ToggleCollectionView/Info.plist;
				LD_RUNPATH_SEARCH_PATHS = "$(inherited) @executable_path/../Frameworks";
				PRODUCT_BUNDLE_IDENTIFIER = la.davi.ToggleCollectionView;
				PRODUCT_NAME = "$(TARGET_NAME)";
				SWIFT_VERSION = 4.0;
			};
			name = Release;
		};
/* End XCBuildConfiguration section */

/* Begin XCConfigurationList section */
		63DEA920205C52CB004AD6D7 /* Build configuration list for PBXProject "ToggleCollectionView" */ = {
			isa = XCConfigurationList;
			buildConfigurations = (
				63DEA933205C52CB004AD6D7 /* Debug */,
				63DEA934205C52CB004AD6D7 /* Release */,
			);
			defaultConfigurationIsVisible = 0;
			defaultConfigurationName = Release;
		};
		63DEA935205C52CB004AD6D7 /* Build configuration list for PBXNativeTarget "ToggleCollectionView" */ = {
			isa = XCConfigurationList;
			buildConfigurations = (
				63DEA936205C52CB004AD6D7 /* Debug */,
				63DEA937205C52CB004AD6D7 /* Release */,
			);
			defaultConfigurationIsVisible = 0;
			defaultConfigurationName = Release;
		};
/* End XCConfigurationList section */
	};
	rootObject = 63DEA91D205C52CB004AD6D7 /* Project object */;
}
